{
  "version": 4,
  "terraform_version": "1.4.6",
  "serial": 600,
  "lineage": "61522e5d-9edc-34bd-efbd-f1f2f5fe18eb",
  "outputs": {
    "application_teams_configure_kubectl": {
      "value": "aws eks --region us-east-2 update-kubeconfig --name demo  --role-arn arn:aws:iam::129637475757:role/demo-team-riker-access",
      "type": "string"
    },
    "configure_kubectl": {
      "value": "aws eks --region us-east-2 update-kubeconfig --name demo",
      "type": "string"
    },
    "platform_teams_configure_kubectl": {
      "value": "aws eks --region us-east-2 update-kubeconfig --name demo  --role-arn arn:aws:iam::129637475757:role/demo-admin-access",
      "type": "string"
    },
    "vpc_id": {
      "value": "vpc-0904bd51e64985ef2",
      "type": "string"
    }
  },
  "resources": [
    {
      "mode": "data",
      "type": "aws_caller_identity",
      "name": "current",
      "provider": "provider[\"registry.terraform.io/hashicorp/aws\"]",
      "instances": [
        {
          "schema_version": 0,
          "attributes": {
            "account_id": "129637475757",
            "arn": "arn:aws:iam::129637475757:user/admin",
            "id": "129637475757",
            "user_id": "AIDAR4LX64WWTMQCOXY5N"
          },
          "sensitive_attributes": []
        }
      ]
    },
    {
      "mode": "data",
      "type": "aws_ecrpublic_authorization_token",
      "name": "token",
      "provider": "provider[\"registry.terraform.io/hashicorp/aws\"].virginia",
      "instances": [
        {
          "schema_version": 0,
          "attributes": {
            "authorization_token": "QVdTOmV5SndZWGxzYjJGa0lqb2ljak5OZUd4aldWVkVXbWRhVUc5NU1EaFFXRFZoYUROT1owY3pTSGROYzFCeWFYQXpiMDFZYVhkMmMySlRlaXREYURKU1pFSXpWR1ZvT1VnelFtOXNXa3haVm5sT09VdzRiM1Y2YzJkbVVsTTJVRm92TW1aQ1VFNWpjWFI1YlhwYUx6UnhSREJOV0RkTGExWjNWVmxUV205blMxQmFaMVJaVW5acWVFRjJaV2N4YzNvcmQzWnlZalJ0UzB4dWJXZDVWalpTYnk5Qk5EVnJVa3BKTkZZMmFtbFJiSHBsTlVSSE5WVm1hbk4wVDBzclppOXpabWwxU2xsTllYUXhOVmRJWTJ4UmJGUnpZbVJYUjFveWN6VXdOWEZLZUdGSFEyTlBjMnh0ZEcwMlRTdEJTSHBxY0VaR05WUk1iRk5PYzNCNE5IVnllRGhwYm1aMVMyTnhkRGN4Ykd4bVNFeHBPV2RzVldGMlMyMXNXRnBIWTJJMmNYQklSekI1YmpCQ2FsTk1lbG96WXpWUGExQTFabm8zUkV3M2RISlBVa2hzU1RaM09DczBlbkZ0TkdoRVJHTkNjalkzZG5SeU9EbDVlWFZ2Y2xBNWFsVkplSEpZVGtkM2JFNTFTR1p2T1ZGbWJuWlJiVTFvVEhGbVZqbHNMMWhzVG1kWWQxSjFSRGR5V2xwVk1EQk1VM2MyZVRRNGJHa3phVE5XTWxwa1YwaHhRVloyYVZKcVdWa3pkVXhPYjNnNWFIVmtkelZYVUdoMk1sZDFhbXhVZGxkNFUxZExlRVpOWW5nM1RsRTFjVGRJYlVzelVtOUlVbmxyWm1KUlZIVjJiMDl6WldrM2FXaDVjVGhZV2taS2JYaHhUM1ZhV0c0emMyUTBiM2RHV2paQlZqaEZTV3BzYzBVMFNERlljQ3RYUzJ0SWMzaFdWeXRPTjNoV1JWVXlRMVphZGxCR1dGSm9UM0IxTUZseE5FcDVWbWgzVVRsRVVXUlpXa1E0YVZCcGRsUkRibmRCUld0bk56WjBNR1owYUdWcFNXNVRaREFyTnpkVGNYSlpPV05VT0c5alFUVjRhMkZqY0VvcksybEhRMjR5YVNzeFJsQnRibVJZVFZwWE16bHNWM2xwWm5ZNGFsTm9SRk5GWWtvNFJUUjRZMnBZS3pkSE9HNXphVGRaY2xSMVZVWnhlV2hpWWs5T1J6TjBRa1ZsTWpaUlJUYzRlR3R4WlRsSFZua3JaazFvV1RCeVpXdEtNMGsyUzFJeFNrSlNka0phV21rMFYxWmxUaTlUVjFsT2JVaElPR2xCUW5kTVNXdG1NV3MyWm1rM1kzTmpjMFEzTTJabldGUldkMHBtTVcwM0wyZFNhVVo1UmtKV2MyOWtkSE55ZWpndk0yNUJOSEF3YzNJMmVETjJlV1JyVWtndlozcDJaMWx6TVhsVVpHTlNLMWMwUkVGRmRITjNZa1oxWWpka09XUkNWa3d4VlRCeE9XVmxTbUZqVXpOemMxRXZWSEF6Y21KM01HbHpkMUVyV25OWUswSXhaR1ZTUjJsUlpsZFhOMHBaZGxCcGNXSTJVa2wyVG1KdGVUbGFka1J2T0RBMVVDdDVLMDVCVGtoUVNrRmpaRXBwUTA1WE0yeElObmREWVd0WFNGZG1OakZCUWxoSFJtZG1NVzF3TkRZMk1TdGxNbTUyYWpaSFVraFNVRUZoTTFKV1NXWllhbGhEUmxacFJETlhXVUZ5VlVwSlFVUnhlSE5zU0ZORWIyeEVOVXBzY1ROTVlrbzRVRGQyUzI4eU9FRmpaSEJtVERSRWVrZEJaR1Z1VW05NVNVbzJkbkppZUZKVFkwZDVVQ0lzSW1SaGRHRnJaWGtpT2lKQlVVbENRVWhxVjFoM05scFRjMlZEWkVGc0swNXZaRVpaZDJZdmFGSnRjMHhCTW01bllUVkNRbVoyWW10UWJrOWlkMFpNUmxsV2RHcEVjME4xUkRSblYzZFNXV1JRYm1KQlFVRkJabXBDT0VKbmEzRm9hMmxIT1hjd1FrSjNZV2RpZWtKMFFXZEZRVTFIWjBkRFUzRkhVMGxpTTBSUlJVaEJWRUZsUW1kc1oyaHJaMEphVVUxRlFWTTBkMFZSVVUxeVMweEVaazloYkhWdFQzQnBWUzl1UVdkRlVXZEVkVlJKY1ROa05rVnliRGxDVVVGc2RISndRMmg0YW1WMFNIZHFlR1ptYnpsQ2MyVTNObU5rYkRkT1JXSjJRVk5yWmpCcVFVaGxhV0pOU21WU2VtTk1VSGRsTUVab1NVOUJUME5HTlc5TmRWRTlQU0lzSW5abGNuTnBiMjRpT2lJeUlpd2lkSGx3WlNJNklrUkJWRUZmUzBWWklpd2laWGh3YVhKaGRHbHZiaUk2TVRZNE5EUTVNekUwTW4wPQ==",
            "expires_at": "2023-05-19T10:45:42Z",
            "id": "us-east-1",
            "password": "eyJwYXlsb2FkIjoicjNNeGxjWVVEWmdaUG95MDhQWDVhaDNOZ0czSHdNc1ByaXAzb01YaXd2c2JTeitDaDJSZEIzVGVoOUgzQm9sWkxZVnlOOUw4b3V6c2dmUlM2UFovMmZCUE5jcXR5bXpaLzRxRDBNWDdLa1Z3VVlTWm9nS1BaZ1RZUnZqeEF2ZWcxc3ord3ZyYjRtS0xubWd5VjZSby9BNDVrUkpJNFY2amlRbHplNURHNVVmanN0T0srZi9zZml1SllNYXQxNVdIY2xRbFRzYmRXR1oyczUwNXFKeGFHQ2NPc2xtdG02TStBSHpqcEZGNVRMbFNOc3B4NHVyeDhpbmZ1S2NxdDcxbGxmSExpOWdsVWF2S21sWFpHY2I2cXBIRzB5bjBCalNMelozYzVPa1A1Zno3REw3dHJPUkhsSTZ3OCs0enFtNGhERGNCcjY3dnRyODl5eXVvclA5alVJeHJYTkd3bE51SGZvOVFmbnZRbU1oTHFmVjlsL1hsTmdYd1J1RDdyWlpVMDBMU3c2eTQ4bGkzaTNWMlpkV0hxQVZ2aVJqWVkzdUxOb3g5aHVkdzVXUGh2Mld1amxUdld4U1dLeEZNYng3TlE1cTdIbUszUm9IUnlrZmJRVHV2b09zZWk3aWh5cThYWkZKbXhxT3VaWG4zc2Q0b3dGWjZBVjhFSWpsc0U0SDFYcCtXS2tIc3hWVytON3hWRVUyQ1ZadlBGWFJoT3B1MFlxNEp5Vmh3UTlEUWRZWkQ4aVBpdlRDbndBRWtnNzZ0MGZ0aGVpSW5TZDArNzdTcXJZOWNUOG9jQTV4a2FjcEorK2lHQ24yaSsxRlBtbmRYTVpXMzlsV3lpZnY4alNoRFNFYko4RTR4Y2pYKzdHOG5zaTdZclR1VUZxeWhiYk9ORzN0QkVlMjZRRTc4eGtxZTlHVnkrZk1oWTByZWtKM0k2S1IxSkJSdkJaWmk0V1ZlTi9TV1lObUhIOGlBQndMSWtmMWs2Zmk3Y3Njc0Q3M2ZnWFRWd0pmMW03L2dSaUZ5RkJWc29kdHNyejgvM25BNHAwc3I2eDN2eWRrUkgvZ3p2Z1lzMXlUZGNSK1c0REFFdHN3YkZ1YjdkOWRCVkwxVTBxOWVlSmFjUzNzc1EvVHAzcmJ3MGlzd1ErWnNYK0IxZGVSR2lRZldXN0pZdlBpcWI2Ukl2TmJteTladkRvODA1UCt5K05BTkhQSkFjZEppQ05XM2xINndDYWtXSFdmNjFBQlhHRmdmMW1wNDY2MStlMm52ajZHUkhSUEFhM1JWSWZYalhDRlZpRDNXWUFyVUpJQURxeHNsSFNEb2xENUpscTNMYko4UDd2S28yOEFjZHBmTDREekdBZGVuUm95SUo2dnJieFJTY0d5UCIsImRhdGFrZXkiOiJBUUlCQUhqV1h3NlpTc2VDZEFsK05vZEZZd2YvaFJtc0xBMm5nYTVCQmZ2YmtQbk9id0ZMRllWdGpEc0N1RDRnV3dSWWRQbmJBQUFBZmpCOEJna3Foa2lHOXcwQkJ3YWdiekJ0QWdFQU1HZ0dDU3FHU0liM0RRRUhBVEFlQmdsZ2hrZ0JaUU1FQVM0d0VRUU1yS0xEZk9hbHVtT3BpVS9uQWdFUWdEdVRJcTNkNkVybDlCUUFsdHJwQ2h4amV0SHdqeGZmbzlCc2U3NmNkbDdORWJ2QVNrZjBqQUhlaWJNSmVSemNMUHdlMEZoSU9BT0NGNW9NdVE9PSIsInZlcnNpb24iOiIyIiwidHlwZSI6IkRBVEFfS0VZIiwiZXhwaXJhdGlvbiI6MTY4NDQ5MzE0Mn0=",
            "user_name": "AWS"
          },
          "sensitive_attributes": []
        }
      ]
    },
    {
      "mode": "data",
      "type": "aws_eks_cluster",
      "name": "cluster",
      "provider": "provider[\"registry.terraform.io/hashicorp/aws\"]",
      "instances": [
        {
          "schema_version": 0,
          "attributes": {
            "arn": "arn:aws:eks:us-east-2:129637475757:cluster/demo",
            "certificate_authority": [
              {
                "data": "LS0tLS1CRUdJTiBDRVJUSUZJQ0FURS0tLS0tCk1JSUMvakNDQWVhZ0F3SUJBZ0lCQURBTkJna3Foa2lHOXcwQkFRc0ZBREFWTVJNd0VRWURWUVFERXdwcmRXSmwKY201bGRHVnpNQjRYRFRJek1EVXhPREl4TkRBeU1Gb1hEVE16TURVeE5USXhOREF5TUZvd0ZURVRNQkVHQTFVRQpBeE1LYTNWaVpYSnVaWFJsY3pDQ0FTSXdEUVlKS29aSWh2Y05BUUVCQlFBRGdnRVBBRENDQVFvQ2dnRUJBTkp0CjBTOGpkeE42M2wxL2hXYUswc2FNT01UcXdrUGhBOVF2UEhsTUY2MldSVE9KTWlZZVdZQWZ1c2wvd3loYndvaXgKZFpNSXJIMlJNcmQvbFVjcUZnQUN5eFgveUdNQkFqcUNSUUFkajVuZlhLZ3hxenZXQ3FleS9jalpBTTZTdFNBNQp3VHpJOVRud2RNNHQyUXZLekwyU0IxQjRzT1V0RUFTMkRKQkh1RExsY1VSR0Q2dm1YMU1JMnBXbmxseHhVSTYrClRHRWRJZTNvUldObUN0cmNaRE5GMFRybDJiZmY5enI2eHFMMUpRcVJWY3cwSDZlRWo5dFd5MDEvVVZHOXNqdzcKdmk0SDF2ekszR0xFNkx3Z1J3cW9Fb2g0ZEdhN0hLNGZaelAvUmJPVjNZOW1ObVhIWnVEWjkxMzRVMVFKV01INgpTaDVQV2V5d1VseS9iQUU1bHRFQ0F3RUFBYU5aTUZjd0RnWURWUjBQQVFIL0JBUURBZ0trTUE4R0ExVWRFd0VCCi93UUZNQU1CQWY4d0hRWURWUjBPQkJZRUZLZnNWRHN1TXZES2RmcS8vQ3lqNTZoWWFyanZNQlVHQTFVZEVRUU8KTUF5Q0NtdDFZbVZ5Ym1WMFpYTXdEUVlKS29aSWh2Y05BUUVMQlFBRGdnRUJBR2hZTmtVeXZhVFIxUm9EV0R2bApNMG5ZR0lSVGpKUUJ5SUlEb2REcmI4eHJFSVRqWW80enZyZFRvWS9OYXkrcDNpT1ZFaDZoNHY3VWxCQUFDdk82Ckd5L2FJazEvZTdZVlVWZFFraG82Z1ZCdnlVcGdmWDdGMC9ZSWw0d0lGdUdjWEM3aXdJVTNJblVTTXZlQmxFczQKcWpTM01XeEpkZUdSY21HM2dJNTJDcENHNE03ZkZsVm81MGFpYW05dk16d0tNRU05ZTZuMnNod1ptMlBNeGFuRQoxMXdDT291RXBkRk5rNWc0a0dIMzQ4bEZsOEc0SkEvYUhrMFBMRElBZWVvUW9RRGpRb3ExeWhINkNCZWJlWm5tCkRvazBZN1FFRjI0c3p0bmFERUFDSXZSclRsUnlYVnRQSG5xQmdyRDJ5QjZmd2NFd29HRnZDQ3dVbzk0dWxETjQKWW0wPQotLS0tLUVORCBDRVJUSUZJQ0FURS0tLS0tCg=="
              }
            ],
            "cluster_id": null,
            "created_at": "2023-05-18 21:35:37.057 +0000 UTC",
            "enabled_cluster_log_types": [
              "api",
              "audit",
              "authenticator",
              "controllerManager",
              "scheduler"
            ],
            "endpoint": "https://197B377A1EE7BEC2B12B2FC0FE3A61B5.gr7.us-east-2.eks.amazonaws.com",
            "id": "demo",
            "identity": [
              {
                "oidc": [
                  {
                    "issuer": "https://oidc.eks.us-east-2.amazonaws.com/id/197B377A1EE7BEC2B12B2FC0FE3A61B5"
                  }
                ]
              }
            ],
            "kubernetes_network_config": [
              {
                "ip_family": "ipv4",
                "service_ipv4_cidr": "172.20.0.0/16",
                "service_ipv6_cidr": ""
              }
            ],
            "name": "demo",
            "outpost_config": [],
            "platform_version": "eks.2",
            "role_arn": "arn:aws:iam::129637475757:role/demo-cluster-role",
            "status": "ACTIVE",
            "tags": {},
            "version": "1.26",
            "vpc_config": [
              {
                "cluster_security_group_id": "sg-0849c2d106d2002af",
                "endpoint_private_access": false,
                "endpoint_public_access": true,
                "public_access_cidrs": [
                  "0.0.0.0/0"
                ],
                "security_group_ids": [
                  "sg-0b8a8c7a289a581be"
                ],
                "subnet_ids": [
                  "subnet-008231e027b7dfa2b",
                  "subnet-020245063b6f8b3ed",
                  "subnet-061e4bd63b10b1b23"
                ],
                "vpc_id": "vpc-0904bd51e64985ef2"
              }
            ]
          },
          "sensitive_attributes": []
        }
      ]
    },
    {
      "mode": "data",
      "type": "aws_eks_cluster_auth",
      "name": "this",
      "provider": "provider[\"registry.terraform.io/hashicorp/aws\"]",
      "instances": [
        {
          "schema_version": 0,
          "attributes": {
            "id": "demo",
            "name": "demo",
            "token": "k8s-aws-v1.aHR0cHM6Ly9zdHMuYW1hem9uYXdzLmNvbS8_QWN0aW9uPUdldENhbGxlcklkZW50aXR5JlZlcnNpb249MjAxMS0wNi0xNSZYLUFtei1BbGdvcml0aG09QVdTNC1ITUFDLVNIQTI1NiZYLUFtei1DcmVkZW50aWFsPUFLSUFSNExYNjRXV1hBMkRJMllUJTJGMjAyMzA1MTglMkZ1cy1lYXN0LTElMkZzdHMlMkZhd3M0X3JlcXVlc3QmWC1BbXotRGF0ZT0yMDIzMDUxOFQyMjQ1NDRaJlgtQW16LUV4cGlyZXM9MCZYLUFtei1TaWduZWRIZWFkZXJzPWhvc3QlM0J4LWs4cy1hd3MtaWQmWC1BbXotU2lnbmF0dXJlPTg1ZmE2NmNjNWE3MjhjM2YwYmQ5MjhjYTY0OTE3NzI3YmI2ZjRiZGU0NTU5NmMzN2QyMjAzMDE3NGQwYmQ1NmU"
          },
          "sensitive_attributes": []
        }
      ]
    },
    {
      "module": "module.eks_blueprints",
      "mode": "data",
      "type": "aws_caller_identity",
      "name": "current",
      "provider": "provider[\"registry.terraform.io/hashicorp/aws\"]",
      "instances": [
        {
          "schema_version": 0,
          "attributes": {
            "account_id": "129637475757",
            "arn": "arn:aws:iam::129637475757:user/admin",
            "id": "129637475757",
            "user_id": "AIDAR4LX64WWTMQCOXY5N"
          },
          "sensitive_attributes": []
        }
      ]
    },
    {
      "module": "module.eks_blueprints",
      "mode": "data",
      "type": "aws_eks_cluster",
      "name": "cluster",
      "provider": "provider[\"registry.terraform.io/hashicorp/aws\"]",
      "instances": [
        {
          "index_key": 0,
          "schema_version": 0,
          "attributes": {
            "arn": "arn:aws:eks:us-east-2:129637475757:cluster/demo",
            "certificate_authority": [
              {
                "data": "LS0tLS1CRUdJTiBDRVJUSUZJQ0FURS0tLS0tCk1JSUMvakNDQWVhZ0F3SUJBZ0lCQURBTkJna3Foa2lHOXcwQkFRc0ZBREFWTVJNd0VRWURWUVFERXdwcmRXSmwKY201bGRHVnpNQjRYRFRJek1EVXhPREl4TkRBeU1Gb1hEVE16TURVeE5USXhOREF5TUZvd0ZURVRNQkVHQTFVRQpBeE1LYTNWaVpYSnVaWFJsY3pDQ0FTSXdEUVlKS29aSWh2Y05BUUVCQlFBRGdnRVBBRENDQVFvQ2dnRUJBTkp0CjBTOGpkeE42M2wxL2hXYUswc2FNT01UcXdrUGhBOVF2UEhsTUY2MldSVE9KTWlZZVdZQWZ1c2wvd3loYndvaXgKZFpNSXJIMlJNcmQvbFVjcUZnQUN5eFgveUdNQkFqcUNSUUFkajVuZlhLZ3hxenZXQ3FleS9jalpBTTZTdFNBNQp3VHpJOVRud2RNNHQyUXZLekwyU0IxQjRzT1V0RUFTMkRKQkh1RExsY1VSR0Q2dm1YMU1JMnBXbmxseHhVSTYrClRHRWRJZTNvUldObUN0cmNaRE5GMFRybDJiZmY5enI2eHFMMUpRcVJWY3cwSDZlRWo5dFd5MDEvVVZHOXNqdzcKdmk0SDF2ekszR0xFNkx3Z1J3cW9Fb2g0ZEdhN0hLNGZaelAvUmJPVjNZOW1ObVhIWnVEWjkxMzRVMVFKV01INgpTaDVQV2V5d1VseS9iQUU1bHRFQ0F3RUFBYU5aTUZjd0RnWURWUjBQQVFIL0JBUURBZ0trTUE4R0ExVWRFd0VCCi93UUZNQU1CQWY4d0hRWURWUjBPQkJZRUZLZnNWRHN1TXZES2RmcS8vQ3lqNTZoWWFyanZNQlVHQTFVZEVRUU8KTUF5Q0NtdDFZbVZ5Ym1WMFpYTXdEUVlKS29aSWh2Y05BUUVMQlFBRGdnRUJBR2hZTmtVeXZhVFIxUm9EV0R2bApNMG5ZR0lSVGpKUUJ5SUlEb2REcmI4eHJFSVRqWW80enZyZFRvWS9OYXkrcDNpT1ZFaDZoNHY3VWxCQUFDdk82Ckd5L2FJazEvZTdZVlVWZFFraG82Z1ZCdnlVcGdmWDdGMC9ZSWw0d0lGdUdjWEM3aXdJVTNJblVTTXZlQmxFczQKcWpTM01XeEpkZUdSY21HM2dJNTJDcENHNE03ZkZsVm81MGFpYW05dk16d0tNRU05ZTZuMnNod1ptMlBNeGFuRQoxMXdDT291RXBkRk5rNWc0a0dIMzQ4bEZsOEc0SkEvYUhrMFBMRElBZWVvUW9RRGpRb3ExeWhINkNCZWJlWm5tCkRvazBZN1FFRjI0c3p0bmFERUFDSXZSclRsUnlYVnRQSG5xQmdyRDJ5QjZmd2NFd29HRnZDQ3dVbzk0dWxETjQKWW0wPQotLS0tLUVORCBDRVJUSUZJQ0FURS0tLS0tCg=="
              }
            ],
            "cluster_id": null,
            "created_at": "2023-05-18 21:35:37.057 +0000 UTC",
            "enabled_cluster_log_types": [
              "api",
              "audit",
              "authenticator",
              "controllerManager",
              "scheduler"
            ],
            "endpoint": "https://197B377A1EE7BEC2B12B2FC0FE3A61B5.gr7.us-east-2.eks.amazonaws.com",
            "id": "demo",
            "identity": [
              {
                "oidc": [
                  {
                    "issuer": "https://oidc.eks.us-east-2.amazonaws.com/id/197B377A1EE7BEC2B12B2FC0FE3A61B5"
                  }
                ]
              }
            ],
            "kubernetes_network_config": [
              {
                "ip_family": "ipv4",
                "service_ipv4_cidr": "172.20.0.0/16",
                "service_ipv6_cidr": ""
              }
            ],
            "name": "demo",
            "outpost_config": [],
            "platform_version": "eks.2",
            "role_arn": "arn:aws:iam::129637475757:role/demo-cluster-role",
            "status": "ACTIVE",
            "tags": {},
            "version": "1.26",
            "vpc_config": [
              {
                "cluster_security_group_id": "sg-0849c2d106d2002af",
                "endpoint_private_access": false,
                "endpoint_public_access": true,
                "public_access_cidrs": [
                  "0.0.0.0/0"
                ],
                "security_group_ids": [
                  "sg-0b8a8c7a289a581be"
                ],
                "subnet_ids": [
                  "subnet-008231e027b7dfa2b",
                  "subnet-020245063b6f8b3ed",
                  "subnet-061e4bd63b10b1b23"
                ],
                "vpc_id": "vpc-0904bd51e64985ef2"
              }
            ]
          },
          "sensitive_attributes": []
        }
      ]
    },
    {
      "module": "module.eks_blueprints",
      "mode": "data",
      "type": "aws_iam_policy_document",
      "name": "eks_key",
      "provider": "provider[\"registry.terraform.io/hashicorp/aws\"]",
      "instances": [
        {
          "schema_version": 0,
          "attributes": {
            "id": "402476957",
            "json": "{\n  \"Version\": \"2012-10-17\",\n  \"Statement\": [\n    {\n      \"Sid\": \"Allow access for all principals in the account that are authorized\",\n      \"Effect\": \"Allow\",\n      \"Action\": [\n        \"kms:ReEncrypt*\",\n        \"kms:GenerateDataKey*\",\n        \"kms:Encrypt\",\n        \"kms:DescribeKey\",\n        \"kms:Decrypt\",\n        \"kms:CreateGrant\"\n      ],\n      \"Resource\": \"*\",\n      \"Principal\": {\n        \"AWS\": \"arn:aws:iam::129637475757:root\"\n      },\n      \"Condition\": {\n        \"StringEquals\": {\n          \"kms:CallerAccount\": \"129637475757\",\n          \"kms:ViaService\": \"eks.us-east-2.amazonaws.com\"\n        }\n      }\n    },\n    {\n      \"Sid\": \"Allow direct access to key metadata to the account\",\n      \"Effect\": \"Allow\",\n      \"Action\": [\n        \"kms:RevokeGrant\",\n        \"kms:List*\",\n        \"kms:Get*\",\n        \"kms:Describe*\"\n      ],\n      \"Resource\": \"*\",\n      \"Principal\": {\n        \"AWS\": \"arn:aws:iam::129637475757:root\"\n      }\n    },\n    {\n      \"Sid\": \"Allow access for Key Administrators\",\n      \"Effect\": \"Allow\",\n      \"Action\": \"kms:*\",\n      \"Resource\": \"*\",\n      \"Principal\": {\n        \"AWS\": \"arn:aws:iam::129637475757:user/admin\"\n      }\n    },\n    {\n      \"Sid\": \"Allow use of the key\",\n      \"Effect\": \"Allow\",\n      \"Action\": [\n        \"kms:ReEncrypt*\",\n        \"kms:GenerateDataKey*\",\n        \"kms:Encrypt\",\n        \"kms:DescribeKey\",\n        \"kms:Decrypt\"\n      ],\n      \"Resource\": \"*\",\n      \"Principal\": {\n        \"AWS\": \"arn:aws:iam::129637475757:role/demo-cluster-role\"\n      }\n    },\n    {\n      \"Sid\": \"Allow attachment of persistent resources\",\n      \"Effect\": \"Allow\",\n      \"Action\": [\n        \"kms:RevokeGrant\",\n        \"kms:ListGrants\",\n        \"kms:CreateGrant\"\n      ],\n      \"Resource\": \"*\",\n      \"Principal\": {\n        \"AWS\": \"arn:aws:iam::129637475757:role/demo-cluster-role\"\n      },\n      \"Condition\": {\n        \"Bool\": {\n          \"kms:GrantIsForAWSResource\": \"true\"\n        }\n      }\n    }\n  ]\n}",
            "override_json": null,
            "override_policy_documents": null,
            "policy_id": null,
            "source_json": null,
            "source_policy_documents": null,
            "statement": [
              {
                "actions": [
                  "kms:CreateGrant",
                  "kms:Decrypt",
                  "kms:DescribeKey",
                  "kms:Encrypt",
                  "kms:GenerateDataKey*",
                  "kms:ReEncrypt*"
                ],
                "condition": [
                  {
                    "test": "StringEquals",
                    "values": [
                      "129637475757"
                    ],
                    "variable": "kms:CallerAccount"
                  },
                  {
                    "test": "StringEquals",
                    "values": [
                      "eks.us-east-2.amazonaws.com"
                    ],
                    "variable": "kms:ViaService"
                  }
                ],
                "effect": "Allow",
                "not_actions": [],
                "not_principals": [],
                "not_resources": [],
                "principals": [
                  {
                    "identifiers": [
                      "arn:aws:iam::129637475757:root"
                    ],
                    "type": "AWS"
                  }
                ],
                "resources": [
                  "*"
                ],
                "sid": "Allow access for all principals in the account that are authorized"
              },
              {
                "actions": [
                  "kms:Describe*",
                  "kms:Get*",
                  "kms:List*",
                  "kms:RevokeGrant"
                ],
                "condition": [],
                "effect": "Allow",
                "not_actions": [],
                "not_principals": [],
                "not_resources": [],
                "principals": [
                  {
                    "identifiers": [
                      "arn:aws:iam::129637475757:root"
                    ],
                    "type": "AWS"
                  }
                ],
                "resources": [
                  "*"
                ],
                "sid": "Allow direct access to key metadata to the account"
              },
              {
                "actions": [
                  "kms:*"
                ],
                "condition": [],
                "effect": "Allow",
                "not_actions": [],
                "not_principals": [],
                "not_resources": [],
                "principals": [
                  {
                    "identifiers": [
                      "arn:aws:iam::129637475757:user/admin"
                    ],
                    "type": "AWS"
                  }
                ],
                "resources": [
                  "*"
                ],
                "sid": "Allow access for Key Administrators"
              },
              {
                "actions": [
                  "kms:Decrypt",
                  "kms:DescribeKey",
                  "kms:Encrypt",
                  "kms:GenerateDataKey*",
                  "kms:ReEncrypt*"
                ],
                "condition": [],
                "effect": "Allow",
                "not_actions": [],
                "not_principals": [],
                "not_resources": [],
                "principals": [
                  {
                    "identifiers": [
                      "arn:aws:iam::129637475757:role/demo-cluster-role"
                    ],
                    "type": "AWS"
                  }
                ],
                "resources": [
                  "*"
                ],
                "sid": "Allow use of the key"
              },
              {
                "actions": [
                  "kms:CreateGrant",
                  "kms:ListGrants",
                  "kms:RevokeGrant"
                ],
                "condition": [
                  {
                    "test": "Bool",
                    "values": [
                      "true"
                    ],
                    "variable": "kms:GrantIsForAWSResource"
                  }
                ],
                "effect": "Allow",
                "not_actions": [],
                "not_principals": [],
                "not_resources": [],
                "principals": [
                  {
                    "identifiers": [
                      "arn:aws:iam::129637475757:role/demo-cluster-role"
                    ],
                    "type": "AWS"
                  }
                ],
                "resources": [
                  "*"
                ],
                "sid": "Allow attachment of persistent resources"
              }
            ],
            "version": "2012-10-17"
          },
          "sensitive_attributes": []
        }
      ]
    },
    {
      "module": "module.eks_blueprints",
      "mode": "data",
      "type": "aws_iam_session_context",
      "name": "current",
      "provider": "provider[\"registry.terraform.io/hashicorp/aws\"]",
      "instances": [
        {
          "schema_version": 0,
          "attributes": {
            "arn": "arn:aws:iam::129637475757:user/admin",
            "id": "arn:aws:iam::129637475757:user/admin",
            "issuer_arn": "arn:aws:iam::129637475757:user/admin",
            "issuer_id": "",
            "issuer_name": "",
            "session_name": ""
          },
          "sensitive_attributes": []
        }
      ]
    },
    {
      "module": "module.eks_blueprints",
      "mode": "data",
      "type": "aws_partition",
      "name": "current",
      "provider": "provider[\"registry.terraform.io/hashicorp/aws\"]",
      "instances": [
        {
          "schema_version": 0,
          "attributes": {
            "dns_suffix": "amazonaws.com",
            "id": "aws",
            "partition": "aws",
            "reverse_dns_prefix": "com.amazonaws"
          },
          "sensitive_attributes": []
        }
      ]
    },
    {
      "module": "module.eks_blueprints",
      "mode": "data",
      "type": "aws_region",
      "name": "current",
      "provider": "provider[\"registry.terraform.io/hashicorp/aws\"]",
      "instances": [
        {
          "schema_version": 0,
          "attributes": {
            "description": "US East (Ohio)",
            "endpoint": "ec2.us-east-2.amazonaws.com",
            "id": "us-east-2",
            "name": "us-east-2"
          },
          "sensitive_attributes": []
        }
      ]
    },
    {
      "module": "module.eks_blueprints",
      "mode": "data",
      "type": "http",
      "name": "eks_cluster_readiness",
      "provider": "provider[\"registry.terraform.io/terraform-aws-modules/http\"]",
      "instances": [
        {
          "index_key": 0,
          "schema_version": 0,
          "attributes": {
            "body": "ok",
            "ca_certificate": "-----BEGIN CERTIFICATE-----\nMIIC/jCCAeagAwIBAgIBADANBgkqhkiG9w0BAQsFADAVMRMwEQYDVQQDEwprdWJl\ncm5ldGVzMB4XDTIzMDUxODIxNDAyMFoXDTMzMDUxNTIxNDAyMFowFTETMBEGA1UE\nAxMKa3ViZXJuZXRlczCCASIwDQYJKoZIhvcNAQEBBQADggEPADCCAQoCggEBANJt\n0S8jdxN63l1/hWaK0saMOMTqwkPhA9QvPHlMF62WRTOJMiYeWYAfusl/wyhbwoix\ndZMIrH2RMrd/lUcqFgACyxX/yGMBAjqCRQAdj5nfXKgxqzvWCqey/cjZAM6StSA5\nwTzI9TnwdM4t2QvKzL2SB1B4sOUtEAS2DJBHuDLlcURGD6vmX1MI2pWnllxxUI6+\nTGEdIe3oRWNmCtrcZDNF0Trl2bff9zr6xqL1JQqRVcw0H6eEj9tWy01/UVG9sjw7\nvi4H1vzK3GLE6LwgRwqoEoh4dGa7HK4fZzP/RbOV3Y9mNmXHZuDZ9134U1QJWMH6\nSh5PWeywUly/bAE5ltECAwEAAaNZMFcwDgYDVR0PAQH/BAQDAgKkMA8GA1UdEwEB\n/wQFMAMBAf8wHQYDVR0OBBYEFKfsVDsuMvDKdfq//Cyj56hYarjvMBUGA1UdEQQO\nMAyCCmt1YmVybmV0ZXMwDQYJKoZIhvcNAQELBQADggEBAGhYNkUyvaTR1RoDWDvl\nM0nYGIRTjJQByIIDodDrb8xrEITjYo4zvrdToY/Nay+p3iOVEh6h4v7UlBAACvO6\nGy/aIk1/e7YVUVdQkho6gVBvyUpgfX7F0/YIl4wIFuGcXC7iwIU3InUSMveBlEs4\nqjS3MWxJdeGRcmG3gI52CpCG4M7fFlVo50aiam9vMzwKMEM9e6n2shwZm2PMxanE\n11wCOouEpdFNk5g4kGH348lFl8G4JA/aHk0PLDIAeeoQoQDjQoq1yhH6CBebeZnm\nDok0Y7QEF24sztnaDEACIvRrTlRyXVtPHnqBgrD2yB6fwcEwoGFvCCwUo94ulDN4\nYm0=\n-----END CERTIFICATE-----\n",
            "id": "https://197B377A1EE7BEC2B12B2FC0FE3A61B5.gr7.us-east-2.eks.amazonaws.com/healthz",
            "insecure": false,
            "request_headers": null,
            "response_headers": {
              "Audit-Id": "a0eb305e-bb93-445d-bdf5-0193f5dcd806",
              "Cache-Control": "no-cache, private",
              "Content-Length": "2",
              "Content-Type": "text/plain; charset=utf-8",
              "Date": "Thu, 18 May 2023 22:45:45 GMT",
              "X-Content-Type-Options": "nosniff",
              "X-Kubernetes-Pf-Flowschema-Uid": "53807157-001a-4773-89e9-1c20e178ef4c",
              "X-Kubernetes-Pf-Prioritylevel-Uid": "e72c0673-3df1-47df-b9fb-def6d4638d88"
            },
            "timeout": 600,
            "url": "https://197B377A1EE7BEC2B12B2FC0FE3A61B5.gr7.us-east-2.eks.amazonaws.com/healthz"
          },
          "sensitive_attributes": []
        }
      ]
    },
    {
      "module": "module.eks_blueprints",
      "mode": "managed",
      "type": "kubernetes_config_map",
      "name": "aws_auth",
      "provider": "provider[\"registry.terraform.io/hashicorp/kubernetes\"]",
      "instances": [
        {
          "index_key": 0,
          "schema_version": 0,
          "attributes": {
            "binary_data": {},
            "data": {
              "mapAccounts": "[]\n",
              "mapRoles": "- \"groups\":\n  - \"system:bootstrappers\"\n  - \"system:nodes\"\n  \"rolearn\": \"arn:aws:iam::129637475757:role/demo-dev\"\n  \"username\": \"system:node:{{EC2PrivateDNSName}}\"\n- \"groups\":\n  - \"team-riker-group\"\n  \"rolearn\": \"arn:aws:iam::129637475757:role/demo-team-riker-access\"\n  \"username\": \"team-riker\"\n- \"groups\":\n  - \"system:masters\"\n  \"rolearn\": \"arn:aws:iam::129637475757:role/demo-admin-access\"\n  \"username\": \"admin\"\n",
              "mapUsers": "[]\n"
            },
            "id": "kube-system/aws-auth",
            "immutable": false,
            "metadata": [
              {
                "annotations": {},
                "generate_name": "",
                "generation": 0,
                "labels": {
                  "app.kubernetes.io/created-by": "terraform-aws-eks-blueprints",
                  "app.kubernetes.io/managed-by": "terraform-aws-eks-blueprints"
                },
                "name": "aws-auth",
                "namespace": "kube-system",
                "resource_version": "713",
                "uid": "ca02ee6b-21d0-4e6c-8565-3d912abf2970"
              }
            ]
          },
          "sensitive_attributes": [],
          "private": "bnVsbA==",
          "dependencies": [
            "data.aws_caller_identity.current",
            "data.aws_eks_cluster_auth.this",
            "module.eks_blueprints.data.aws_caller_identity.current",
            "module.eks_blueprints.data.aws_eks_cluster.cluster",
            "module.eks_blueprints.data.aws_iam_policy_document.eks_key",
            "module.eks_blueprints.data.aws_iam_session_context.current",
            "module.eks_blueprints.data.aws_partition.current",
            "module.eks_blueprints.data.aws_region.current",
            "module.eks_blueprints.data.http.eks_cluster_readiness",
            "module.eks_blueprints.module.aws_eks.aws_cloudwatch_log_group.this",
            "module.eks_blueprints.module.aws_eks.aws_eks_cluster.this",
            "module.eks_blueprints.module.aws_eks.aws_iam_role.this",
            "module.eks_blueprints.module.aws_eks.aws_iam_role_policy_attachment.this",
            "module.eks_blueprints.module.aws_eks.aws_security_group.cluster",
            "module.eks_blueprints.module.aws_eks.aws_security_group.node",
            "module.eks_blueprints.module.aws_eks.aws_security_group_rule.cluster",
            "module.eks_blueprints.module.aws_eks.aws_security_group_rule.node",
            "module.eks_blueprints.module.aws_eks.data.aws_caller_identity.current",
            "module.eks_blueprints.module.aws_eks.data.aws_iam_policy_document.assume_role_policy",
            "module.eks_blueprints.module.aws_eks.data.aws_partition.current",
            "module.eks_blueprints.module.aws_eks.module.kms.aws_kms_external_key.this",
            "module.eks_blueprints.module.aws_eks.module.kms.aws_kms_key.this",
            "module.eks_blueprints.module.aws_eks.module.kms.data.aws_caller_identity.current",
            "module.eks_blueprints.module.aws_eks.module.kms.data.aws_iam_policy_document.this",
            "module.eks_blueprints.module.aws_eks.module.kms.data.aws_partition.current",
            "module.eks_blueprints.module.kms.aws_kms_key.this",
            "module.vpc.aws_subnet.private",
            "module.vpc.aws_vpc.this",
            "module.vpc.aws_vpc_ipv4_cidr_block_association.this"
          ],
          "create_before_destroy": true
        }
      ]
    },
    {
      "module": "module.eks_blueprints.module.aws_eks",
      "mode": "data",
      "type": "aws_caller_identity",
      "name": "current",
      "provider": "provider[\"registry.terraform.io/hashicorp/aws\"]",
      "instances": [
        {
          "schema_version": 0,
          "attributes": {
            "account_id": "129637475757",
            "arn": "arn:aws:iam::129637475757:user/admin",
            "id": "129637475757",
            "user_id": "AIDAR4LX64WWTMQCOXY5N"
          },
          "sensitive_attributes": []
        }
      ]
    },
    {
      "module": "module.eks_blueprints.module.aws_eks",
      "mode": "data",
      "type": "aws_iam_policy_document",
      "name": "assume_role_policy",
      "provider": "provider[\"registry.terraform.io/hashicorp/aws\"]",
      "instances": [
        {
          "index_key": 0,
          "schema_version": 0,
          "attributes": {
            "id": "2764486067",
            "json": "{\n  \"Version\": \"2012-10-17\",\n  \"Statement\": [\n    {\n      \"Sid\": \"EKSClusterAssumeRole\",\n      \"Effect\": \"Allow\",\n      \"Action\": \"sts:AssumeRole\",\n      \"Principal\": {\n        \"Service\": \"eks.amazonaws.com\"\n      }\n    }\n  ]\n}",
            "override_json": null,
            "override_policy_documents": null,
            "policy_id": null,
            "source_json": null,
            "source_policy_documents": null,
            "statement": [
              {
                "actions": [
                  "sts:AssumeRole"
                ],
                "condition": [],
                "effect": "Allow",
                "not_actions": [],
                "not_principals": [],
                "not_resources": [],
                "principals": [
                  {
                    "identifiers": [
                      "eks.amazonaws.com"
                    ],
                    "type": "Service"
                  }
                ],
                "resources": [],
                "sid": "EKSClusterAssumeRole"
              }
            ],
            "version": "2012-10-17"
          },
          "sensitive_attributes": []
        }
      ]
    },
    {
      "module": "module.eks_blueprints.module.aws_eks",
      "mode": "data",
      "type": "aws_partition",
      "name": "current",
      "provider": "provider[\"registry.terraform.io/hashicorp/aws\"]",
      "instances": [
        {
          "schema_version": 0,
          "attributes": {
            "dns_suffix": "amazonaws.com",
            "id": "aws",
            "partition": "aws",
            "reverse_dns_prefix": "com.amazonaws"
          },
          "sensitive_attributes": []
        }
      ]
    },
    {
      "module": "module.eks_blueprints.module.aws_eks",
      "mode": "data",
      "type": "tls_certificate",
      "name": "this",
      "provider": "provider[\"registry.terraform.io/hashicorp/tls\"]",
      "instances": [
        {
          "index_key": 0,
          "schema_version": 0,
          "attributes": {
            "certificates": [
              {
                "cert_pem": "-----BEGIN CERTIFICATE-----\nMIIEdTCCA12gAwIBAgIJAKcOSkw0grd/MA0GCSqGSIb3DQEBCwUAMGgxCzAJBgNV\nBAYTAlVTMSUwIwYDVQQKExxTdGFyZmllbGQgVGVjaG5vbG9naWVzLCBJbmMuMTIw\nMAYDVQQLEylTdGFyZmllbGQgQ2xhc3MgMiBDZXJ0aWZpY2F0aW9uIEF1dGhvcml0\neTAeFw0wOTA5MDIwMDAwMDBaFw0zNDA2MjgxNzM5MTZaMIGYMQswCQYDVQQGEwJV\nUzEQMA4GA1UECBMHQXJpem9uYTETMBEGA1UEBxMKU2NvdHRzZGFsZTElMCMGA1UE\nChMcU3RhcmZpZWxkIFRlY2hub2xvZ2llcywgSW5jLjE7MDkGA1UEAxMyU3RhcmZp\nZWxkIFNlcnZpY2VzIFJvb3QgQ2VydGlmaWNhdGUgQXV0aG9yaXR5IC0gRzIwggEi\nMA0GCSqGSIb3DQEBAQUAA4IBDwAwggEKAoIBAQDVDDrEKvlO4vW+GZdfjohTsR8/\ny8+fIBNtKTrID30892t2OGPZNmCom15cAICyL1l/9of5JUOG52kbUpqQ4XHj2C0N\nTm/2yEnZtvMaVq4rtnQU68/7JuMauh2WLmo7WJSJR1b/JaCTcFOD2oR0FMNnngRo\nOt+OQFodSk7PQ5E751bWAHDLUu57fa4657wx+UX2wmDPE1kCK4DMNEffud6QZW0C\nzyyRpqbn3oUYSXxmTqM6bam17jQuug0DuDPfR+uxa40l2ZvOgdFFRjKWcIfeAg5J\nQ4W2bHO7ZOphQazJ1FTfhy/HIrImzJ9ZVGif/L4qL8RVHHVAYBeFAlU5i38FAgMB\nAAGjgfAwge0wDwYDVR0TAQH/BAUwAwEB/zAOBgNVHQ8BAf8EBAMCAYYwHQYDVR0O\nBBYEFJxfAN+qAdcwKziIorhtSpzyEZGDMB8GA1UdIwQYMBaAFL9ft9HO3R+G9FtV\nrNzXEMIOqYjnME8GCCsGAQUFBwEBBEMwQTAcBggrBgEFBQcwAYYQaHR0cDovL28u\nc3MyLnVzLzAhBggrBgEFBQcwAoYVaHR0cDovL3guc3MyLnVzL3guY2VyMCYGA1Ud\nHwQfMB0wG6AZoBeGFWh0dHA6Ly9zLnNzMi51cy9yLmNybDARBgNVHSAECjAIMAYG\nBFUdIAAwDQYJKoZIhvcNAQELBQADggEBACMd44pXyn3pF3lM8R5V/cxTbj5HD9/G\nVfKyBDbtgB9TxF00KGu+x1X8Z+rLP3+QsjPNG1gQggL4+C/1E2DUBc7xgQjB3ad1\nl08YuW3e95ORCLp+QCztweq7dp4zBncdDQh/U90bZKuCJ/Fp1U1ervShw3WnWEQt\n8jxwmKy6abaVd38PMV4s/KCHOkdp8Hlf9BRUpJVeEXgSYCfOn8J3/yNTd126/+pZ\n59vPr5KW7ySaNRB6nJHGDn2Z9j8Z3/VyVOEVqQdZe4O/Ui5GjLIAZHYcSNPYeehu\nVsyuLAOQ1xk4meTKCRlb/weWsKh/NEnfVqn3sF/tM+2MR7cwA130A4w=\n-----END CERTIFICATE-----\n",
                "is_ca": true,
                "issuer": "OU=Starfield Class 2 Certification Authority,O=Starfield Technologies\\, Inc.,C=US",
                "not_after": "2034-06-28T17:39:16Z",
                "not_before": "2009-09-02T00:00:00Z",
                "public_key_algorithm": "RSA",
                "serial_number": "12037640545166866303",
                "sha1_fingerprint": "9e99a48a9960b14926bb7f3b02e22da2b0ab7280",
                "signature_algorithm": "SHA256-RSA",
                "subject": "CN=Starfield Services Root Certificate Authority - G2,O=Starfield Technologies\\, Inc.,L=Scottsdale,ST=Arizona,C=US",
                "version": 3
              },
              {
                "cert_pem": "-----BEGIN CERTIFICATE-----\nMIIEkjCCA3qgAwIBAgITBn+USionzfP6wq4rAfkI7rnExjANBgkqhkiG9w0BAQsF\nADCBmDELMAkGA1UEBhMCVVMxEDAOBgNVBAgTB0FyaXpvbmExEzARBgNVBAcTClNj\nb3R0c2RhbGUxJTAjBgNVBAoTHFN0YXJmaWVsZCBUZWNobm9sb2dpZXMsIEluYy4x\nOzA5BgNVBAMTMlN0YXJmaWVsZCBTZXJ2aWNlcyBSb290IENlcnRpZmljYXRlIEF1\ndGhvcml0eSAtIEcyMB4XDTE1MDUyNTEyMDAwMFoXDTM3MTIzMTAxMDAwMFowOTEL\nMAkGA1UEBhMCVVMxDzANBgNVBAoTBkFtYXpvbjEZMBcGA1UEAxMQQW1hem9uIFJv\nb3QgQ0EgMTCCASIwDQYJKoZIhvcNAQEBBQADggEPADCCAQoCggEBALJ4gHHKeNXj\nca9HgFB0fW7Y14h29Jlo91ghYPl0hAEvrAIthtOgQ3pOsqTQNroBvo3bSMgHFzZM\n9O6II8c+6zf1tRn4SWiw3te5djgdYZ6k/oI2peVKVuRF4fn9tBb6dNqcmzU5L/qw\nIFAGbHrQgLKm+a/sRxmPUDgH3KKHOVj4utWp+UhnMJbulHheb4mjUcAwhmahRWa6\nVOujw5H5SNz/0egwLX0tdHA114gk957EWW67c4cX8jJGKLhD+rcdqsq08p8kDi1L\n93FcXmn/6pUCyziKrlA4b9v7LWIbxcceVOF34GfID5yHI9Y/QCB/IIDEgEw+OyQm\njgSubJrIqg0CAwEAAaOCATEwggEtMA8GA1UdEwEB/wQFMAMBAf8wDgYDVR0PAQH/\nBAQDAgGGMB0GA1UdDgQWBBSEGMyFNOy8DJSULghZnMeyEE4KCDAfBgNVHSMEGDAW\ngBScXwDfqgHXMCs4iKK4bUqc8hGRgzB4BggrBgEFBQcBAQRsMGowLgYIKwYBBQUH\nMAGGImh0dHA6Ly9vY3NwLnJvb3RnMi5hbWF6b250cnVzdC5jb20wOAYIKwYBBQUH\nMAKGLGh0dHA6Ly9jcnQucm9vdGcyLmFtYXpvbnRydXN0LmNvbS9yb290ZzIuY2Vy\nMD0GA1UdHwQ2MDQwMqAwoC6GLGh0dHA6Ly9jcmwucm9vdGcyLmFtYXpvbnRydXN0\nLmNvbS9yb290ZzIuY3JsMBEGA1UdIAQKMAgwBgYEVR0gADANBgkqhkiG9w0BAQsF\nAAOCAQEAYjdCXLwQtT6LLOkMm2xF4gcAevnFWAu5CIw+7bMlPLVvUOTNNWqnkzSW\nMiGpSESrnO09tKpzbeR/FoCJbM8oAxiDR3mjEH4wW6w7sGDgd9QIpuEdfF7Au/ma\neyKdpwAJfqxGF4PcnCZXmTA5YpaP7dreqsXMGz7KQ2hsVxa81Q4gLv7/wmpdLqBK\nbRRYh5TmOTFffHPLkIhqhBGWJ6bt2YFGpn6jcgAKUj6DiAdjd4lpFw85hdKrCEVN\n0FE6/V1dN2RMfjCyVSRCnTawXZwXgWHxyvkQAiSr6w10kY17RSlQOYiypok1JR4U\nakcjMS9cmvqtmg5iUaQqqcT5NJ0hGA==\n-----END CERTIFICATE-----\n",
                "is_ca": true,
                "issuer": "CN=Starfield Services Root Certificate Authority - G2,O=Starfield Technologies\\, Inc.,L=Scottsdale,ST=Arizona,C=US",
                "not_after": "2037-12-31T01:00:00Z",
                "not_before": "2015-05-25T12:00:00Z",
                "public_key_algorithm": "RSA",
                "serial_number": "144918191876577076464031512351042010504348870",
                "sha1_fingerprint": "06b25927c42a721631c1efd9431e648fa62e1e39",
                "signature_algorithm": "SHA256-RSA",
                "subject": "CN=Amazon Root CA 1,O=Amazon,C=US",
                "version": 3
              },
              {
                "cert_pem": "-----BEGIN CERTIFICATE-----\nMIIEXjCCA0agAwIBAgITB3MSSkvL1E7HtTvq8ZSELToPoTANBgkqhkiG9w0BAQsF\nADA5MQswCQYDVQQGEwJVUzEPMA0GA1UEChMGQW1hem9uMRkwFwYDVQQDExBBbWF6\nb24gUm9vdCBDQSAxMB4XDTIyMDgyMzIyMjUzMFoXDTMwMDgyMzIyMjUzMFowPDEL\nMAkGA1UEBhMCVVMxDzANBgNVBAoTBkFtYXpvbjEcMBoGA1UEAxMTQW1hem9uIFJT\nQSAyMDQ4IE0wMjCCASIwDQYJKoZIhvcNAQEBBQADggEPADCCAQoCggEBALtDGMZa\nqHneKei1by6+pUPPLljTB143Si6VpEWPc6mSkFhZb/6qrkZyoHlQLbDYnI2D7hD0\nsdzEqfnuAjIsuXQLG3A8TvX6V3oFNBFVe8NlLJHvBseKY88saLwufxkZVwk74g4n\nWlNMXzla9Y5F3wwRHwMVH443xGz6UtGSZSqQ94eFx5X7Tlqt8whi8qCaKdZ5rNak\n+r9nUThOeClqFd4oXych//Rc7Y0eX1KNWHYSI1Nk31mYgiK3JvH063g+K9tHA63Z\neTgKgndlh+WI+zv7i44HepRZjA1FYwYZ9Vv/9UkC5Yz8/yU65fgjaE+wVHM4e/Yy\nC2osrPWE7gJ+dXMCAwEAAaOCAVowggFWMBIGA1UdEwEB/wQIMAYBAf8CAQAwDgYD\nVR0PAQH/BAQDAgGGMB0GA1UdJQQWMBQGCCsGAQUFBwMBBggrBgEFBQcDAjAdBgNV\nHQ4EFgQUwDFSzVpQw4J8dHHOy+mc+XrrguIwHwYDVR0jBBgwFoAUhBjMhTTsvAyU\nlC4IWZzHshBOCggwewYIKwYBBQUHAQEEbzBtMC8GCCsGAQUFBzABhiNodHRwOi8v\nb2NzcC5yb290Y2ExLmFtYXpvbnRydXN0LmNvbTA6BggrBgEFBQcwAoYuaHR0cDov\nL2NydC5yb290Y2ExLmFtYXpvbnRydXN0LmNvbS9yb290Y2ExLmNlcjA/BgNVHR8E\nODA2MDSgMqAwhi5odHRwOi8vY3JsLnJvb3RjYTEuYW1hem9udHJ1c3QuY29tL3Jv\nb3RjYTEuY3JsMBMGA1UdIAQMMAowCAYGZ4EMAQIBMA0GCSqGSIb3DQEBCwUAA4IB\nAQAtTi6Fs0Azfi+iwm7jrz+CSxHH+uHl7Law3MQSXVtR8RV53PtR6r/6gNpqlzdo\nZq4FKbADi1v9Bun8RY8D51uedRfjsbeodizeBB8nXmeyD33Ep7VATj4ozcd31YFV\nfgRhvTSxNrrTlNpWkUk0m3BMPv8sg381HhA6uEYokE5q9uws/3YkKqRiEz3TsaWm\nJqIRZhMbgAfp7O7FUwFIb7UIspogZSKxPIWJpxiPo3TcBambbVtQOcNRWz5qCQdD\nslI2yayq0n2TXoHyNCLEH8rpsJRVILFsg0jc7BaFrMnF462+ajSehgj12IidNeRN\n4zl+EoNaWdpnWndvSpAEkq2P\n-----END CERTIFICATE-----\n",
                "is_ca": true,
                "issuer": "CN=Amazon Root CA 1,O=Amazon,C=US",
                "not_after": "2030-08-23T22:25:30Z",
                "not_before": "2022-08-23T22:25:30Z",
                "public_key_algorithm": "RSA",
                "serial_number": "166129353110899469622597955040406457904926625",
                "sha1_fingerprint": "414a2060b738c635cc7fc243e052615592830c53",
                "signature_algorithm": "SHA256-RSA",
                "subject": "CN=Amazon RSA 2048 M02,O=Amazon,C=US",
                "version": 3
              },
              {
                "cert_pem": "-----BEGIN CERTIFICATE-----\nMIIF6zCCBNOgAwIBAgIQCW0HKsD5GyURhyXex/rJlDANBgkqhkiG9w0BAQsFADA8\nMQswCQYDVQQGEwJVUzEPMA0GA1UEChMGQW1hem9uMRwwGgYDVQQDExNBbWF6b24g\nUlNBIDIwNDggTTAyMB4XDTIzMDQxMzAwMDAwMFoXDTI0MDUxMTIzNTk1OVowKzEp\nMCcGA1UEAxMgb2lkYy5la3MudXMtZWFzdC0yLmFtYXpvbmF3cy5jb20wggEiMA0G\nCSqGSIb3DQEBAQUAA4IBDwAwggEKAoIBAQDFjpgGGZXhdQjDyOrcdG5smK5hX+5G\ngfT1SmaI+ttfDfYOl6k6SNApnXIKaYTAS6SZkbX14Ikp6/xpdiOIMZnuU08tEihb\nbmRTbBEWvRQtLSW+6QqyGdQYbkMC+S5q5hS8nnQIZXmYG0hldZIOfGE37jj/TKM9\nKisasWNxrIIsDlrmtHbeEoEOBaAOWPU/DWG8jWxbme8JNdEqnFNT76vvZIsY28AH\n8khP9vHpUSW635UgyGJNspd3u8svAN7Mv+vje8cJfaI+K+YtTrMmv49vMjpciu80\ngrjoBvBotIw1ZLsO1XFElIodcC4i2rWJ22xwJwlplFR9ud+X3xLYwSlzAgMBAAGj\nggL4MIIC9DAfBgNVHSMEGDAWgBTAMVLNWlDDgnx0cc7L6Zz5euuC4jAdBgNVHQ4E\nFgQU1DecnBH1rlrQI8PdHaTE45L5DncwKwYDVR0RBCQwIoIgb2lkYy5la3MudXMt\nZWFzdC0yLmFtYXpvbmF3cy5jb20wDgYDVR0PAQH/BAQDAgWgMB0GA1UdJQQWMBQG\nCCsGAQUFBwMBBggrBgEFBQcDAjA7BgNVHR8ENDAyMDCgLqAshipodHRwOi8vY3Js\nLnIybTAyLmFtYXpvbnRydXN0LmNvbS9yMm0wMi5jcmwwEwYDVR0gBAwwCjAIBgZn\ngQwBAgEwdQYIKwYBBQUHAQEEaTBnMC0GCCsGAQUFBzABhiFodHRwOi8vb2NzcC5y\nMm0wMi5hbWF6b250cnVzdC5jb20wNgYIKwYBBQUHMAKGKmh0dHA6Ly9jcnQucjJt\nMDIuYW1hem9udHJ1c3QuY29tL3IybTAyLmNlcjAMBgNVHRMBAf8EAjAAMIIBfQYK\nKwYBBAHWeQIEAgSCAW0EggFpAWcAdgDuzdBk1dsazsVct520zROiModGfLzs3sNR\nSFlGcR+1mwAAAYd3+NcOAAAEAwBHMEUCIQCHlY1qn7DzoNygWAqzugUh3g8dQz1K\nsP7VJmC7KhFkJQIgVhwGTwHSZiGLzOX5CzjcJpyFmyIqUyb3/+XiX3vfQlAAdgBz\n2Z6JG0yWeKAgfUed5rLGHNBRXnEZKoxrgBB6wXdytQAAAYd3+Nd1AAAEAwBHMEUC\nIFHrqAO8h/PdQOJk5qIf1akhiStvW69TTF/aJj6C0UJyAiEAuA22o6QXSrPh5rql\nVoCHsge+mKYDzwJg29+Fy6cpeKAAdQBIsONr2qZHNA/lagL6nTDrHFIBy1bdLIHZ\nu7+rOdiEcwAAAYd3+NdEAAAEAwBGMEQCIAaaInHj+uB4m5+kAMHYOt2+sJE1eZwX\nz4WxsIDzbUUEAiBOFyx457aAais5MtZjTqbykHXcG9W53sTJZL53Cy+P6zANBgkq\nhkiG9w0BAQsFAAOCAQEAN2+1CFNDLKW98g93twLkdqsVtUmJ3vXEw8owl4rjc/V+\nRuBI09tvC3MF1MVB9kT/xXWR2QZuBySV9b5+OcdKyqMVBjIWOgHXHcz4BKqJkANZ\nS09ZZoQMBsh06C3Yk5KsoBxACzE5ckYKlPiWjAwo8TAV6gmcZNictd/EkmsXyouE\nUD8sCokEMwCCpuSXcSlphq4L1DFKLrKGzADJUu0wdRkgYTMGBotGc6MKbO02nHK8\nGB7IVWYcnDGqLCNozwvm3a0UXefvEveEYPd007obW1Ey9QBeP7k7HZbVUJ9atSBq\nftsPG6h15OEALUVj6KfPperD32nSQ0ptbKVQR/9ybQ==\n-----END CERTIFICATE-----\n",
                "is_ca": false,
                "issuer": "CN=Amazon RSA 2048 M02,O=Amazon,C=US",
                "not_after": "2024-05-11T23:59:59Z",
                "not_before": "2023-04-13T00:00:00Z",
                "public_key_algorithm": "RSA",
                "serial_number": "12529157683816862830909118128615770516",
                "sha1_fingerprint": "50879ea7f7c29dd615269e559fb061b46bdd3dbe",
                "signature_algorithm": "SHA256-RSA",
                "subject": "CN=oidc.eks.us-east-2.amazonaws.com",
                "version": 3
              }
            ],
            "content": null,
            "id": "7c72bb110518075cbb071e57d125fc3aa17238d9",
            "url": "https://oidc.eks.us-east-2.amazonaws.com/id/197B377A1EE7BEC2B12B2FC0FE3A61B5",
            "verify_chain": true
          },
          "sensitive_attributes": []
        }
      ]
    },
    {
      "module": "module.eks_blueprints.module.aws_eks",
      "mode": "managed",
      "type": "aws_eks_cluster",
      "name": "this",
      "provider": "provider[\"registry.terraform.io/hashicorp/aws\"]",
      "instances": [
        {
          "index_key": 0,
          "schema_version": 0,
          "attributes": {
            "arn": "arn:aws:eks:us-east-2:129637475757:cluster/demo",
            "certificate_authority": [
              {
                "data": "LS0tLS1CRUdJTiBDRVJUSUZJQ0FURS0tLS0tCk1JSUMvakNDQWVhZ0F3SUJBZ0lCQURBTkJna3Foa2lHOXcwQkFRc0ZBREFWTVJNd0VRWURWUVFERXdwcmRXSmwKY201bGRHVnpNQjRYRFRJek1EVXhPREl4TkRBeU1Gb1hEVE16TURVeE5USXhOREF5TUZvd0ZURVRNQkVHQTFVRQpBeE1LYTNWaVpYSnVaWFJsY3pDQ0FTSXdEUVlKS29aSWh2Y05BUUVCQlFBRGdnRVBBRENDQVFvQ2dnRUJBTkp0CjBTOGpkeE42M2wxL2hXYUswc2FNT01UcXdrUGhBOVF2UEhsTUY2MldSVE9KTWlZZVdZQWZ1c2wvd3loYndvaXgKZFpNSXJIMlJNcmQvbFVjcUZnQUN5eFgveUdNQkFqcUNSUUFkajVuZlhLZ3hxenZXQ3FleS9jalpBTTZTdFNBNQp3VHpJOVRud2RNNHQyUXZLekwyU0IxQjRzT1V0RUFTMkRKQkh1RExsY1VSR0Q2dm1YMU1JMnBXbmxseHhVSTYrClRHRWRJZTNvUldObUN0cmNaRE5GMFRybDJiZmY5enI2eHFMMUpRcVJWY3cwSDZlRWo5dFd5MDEvVVZHOXNqdzcKdmk0SDF2ekszR0xFNkx3Z1J3cW9Fb2g0ZEdhN0hLNGZaelAvUmJPVjNZOW1ObVhIWnVEWjkxMzRVMVFKV01INgpTaDVQV2V5d1VseS9iQUU1bHRFQ0F3RUFBYU5aTUZjd0RnWURWUjBQQVFIL0JBUURBZ0trTUE4R0ExVWRFd0VCCi93UUZNQU1CQWY4d0hRWURWUjBPQkJZRUZLZnNWRHN1TXZES2RmcS8vQ3lqNTZoWWFyanZNQlVHQTFVZEVRUU8KTUF5Q0NtdDFZbVZ5Ym1WMFpYTXdEUVlKS29aSWh2Y05BUUVMQlFBRGdnRUJBR2hZTmtVeXZhVFIxUm9EV0R2bApNMG5ZR0lSVGpKUUJ5SUlEb2REcmI4eHJFSVRqWW80enZyZFRvWS9OYXkrcDNpT1ZFaDZoNHY3VWxCQUFDdk82Ckd5L2FJazEvZTdZVlVWZFFraG82Z1ZCdnlVcGdmWDdGMC9ZSWw0d0lGdUdjWEM3aXdJVTNJblVTTXZlQmxFczQKcWpTM01XeEpkZUdSY21HM2dJNTJDcENHNE03ZkZsVm81MGFpYW05dk16d0tNRU05ZTZuMnNod1ptMlBNeGFuRQoxMXdDT291RXBkRk5rNWc0a0dIMzQ4bEZsOEc0SkEvYUhrMFBMRElBZWVvUW9RRGpRb3ExeWhINkNCZWJlWm5tCkRvazBZN1FFRjI0c3p0bmFERUFDSXZSclRsUnlYVnRQSG5xQmdyRDJ5QjZmd2NFd29HRnZDQ3dVbzk0dWxETjQKWW0wPQotLS0tLUVORCBDRVJUSUZJQ0FURS0tLS0tCg=="
              }
            ],
            "cluster_id": null,
            "created_at": "2023-05-18 21:35:37.057 +0000 UTC",
            "enabled_cluster_log_types": [
              "api",
              "audit",
              "authenticator",
              "controllerManager",
              "scheduler"
            ],
            "encryption_config": [
              {
                "provider": [
                  {
                    "key_arn": "arn:aws:kms:us-east-2:129637475757:key/083e291e-0400-4f8b-a8b0-968595227f6b"
                  }
                ],
                "resources": [
                  "secrets"
                ]
              }
            ],
            "endpoint": "https://197B377A1EE7BEC2B12B2FC0FE3A61B5.gr7.us-east-2.eks.amazonaws.com",
            "id": "demo",
            "identity": [
              {
                "oidc": [
                  {
                    "issuer": "https://oidc.eks.us-east-2.amazonaws.com/id/197B377A1EE7BEC2B12B2FC0FE3A61B5"
                  }
                ]
              }
            ],
            "kubernetes_network_config": [
              {
                "ip_family": "ipv4",
                "service_ipv4_cidr": "172.20.0.0/16",
                "service_ipv6_cidr": ""
              }
            ],
            "name": "demo",
            "outpost_config": [],
            "platform_version": "eks.2",
            "role_arn": "arn:aws:iam::129637475757:role/demo-cluster-role",
            "status": "ACTIVE",
            "tags": {},
            "tags_all": {},
            "timeouts": {
              "create": null,
              "delete": null,
              "update": null
            },
            "version": "1.26",
            "vpc_config": [
              {
                "cluster_security_group_id": "sg-0849c2d106d2002af",
                "endpoint_private_access": false,
                "endpoint_public_access": true,
                "public_access_cidrs": [
                  "0.0.0.0/0"
                ],
                "security_group_ids": [
                  "sg-0b8a8c7a289a581be"
                ],
                "subnet_ids": [
                  "subnet-008231e027b7dfa2b",
                  "subnet-020245063b6f8b3ed",
                  "subnet-061e4bd63b10b1b23"
                ],
                "vpc_id": "vpc-0904bd51e64985ef2"
              }
            ]
          },
          "sensitive_attributes": [],
          "private": "eyJlMmJmYjczMC1lY2FhLTExZTYtOGY4OC0zNDM2M2JjN2M0YzAiOnsiY3JlYXRlIjoxODAwMDAwMDAwMDAwLCJkZWxldGUiOjkwMDAwMDAwMDAwMCwidXBkYXRlIjozNjAwMDAwMDAwMDAwfX0=",
          "dependencies": [
            "module.eks_blueprints.data.aws_caller_identity.current",
            "module.eks_blueprints.data.aws_iam_policy_document.eks_key",
            "module.eks_blueprints.data.aws_iam_session_context.current",
            "module.eks_blueprints.data.aws_partition.current",
            "module.eks_blueprints.data.aws_region.current",
            "module.eks_blueprints.module.aws_eks.aws_cloudwatch_log_group.this",
            "module.eks_blueprints.module.aws_eks.aws_iam_role.this",
            "module.eks_blueprints.module.aws_eks.aws_iam_role_policy_attachment.this",
            "module.eks_blueprints.module.aws_eks.aws_security_group.cluster",
            "module.eks_blueprints.module.aws_eks.aws_security_group.node",
            "module.eks_blueprints.module.aws_eks.aws_security_group_rule.cluster",
            "module.eks_blueprints.module.aws_eks.aws_security_group_rule.node",
            "module.eks_blueprints.module.aws_eks.data.aws_caller_identity.current",
            "module.eks_blueprints.module.aws_eks.data.aws_iam_policy_document.assume_role_policy",
            "module.eks_blueprints.module.aws_eks.data.aws_partition.current",
            "module.eks_blueprints.module.aws_eks.module.kms.aws_kms_external_key.this",
            "module.eks_blueprints.module.aws_eks.module.kms.aws_kms_key.this",
            "module.eks_blueprints.module.aws_eks.module.kms.data.aws_caller_identity.current",
            "module.eks_blueprints.module.aws_eks.module.kms.data.aws_iam_policy_document.this",
            "module.eks_blueprints.module.aws_eks.module.kms.data.aws_partition.current",
            "module.eks_blueprints.module.kms.aws_kms_key.this",
            "module.vpc.aws_subnet.private",
            "module.vpc.aws_vpc.this",
            "module.vpc.aws_vpc_ipv4_cidr_block_association.this"
          ],
          "create_before_destroy": true
        }
      ]
    },
    {
      "module": "module.eks_blueprints.module.aws_eks",
      "mode": "managed",
      "type": "aws_iam_openid_connect_provider",
      "name": "oidc_provider",
      "provider": "provider[\"registry.terraform.io/hashicorp/aws\"]",
      "instances": [
        {
          "index_key": 0,
          "schema_version": 0,
          "attributes": {
            "arn": "arn:aws:iam::129637475757:oidc-provider/oidc.eks.us-east-2.amazonaws.com/id/197B377A1EE7BEC2B12B2FC0FE3A61B5",
            "client_id_list": [
              "sts.amazonaws.com"
            ],
            "id": "arn:aws:iam::129637475757:oidc-provider/oidc.eks.us-east-2.amazonaws.com/id/197B377A1EE7BEC2B12B2FC0FE3A61B5",
            "tags": {
              "Name": "demo-eks-irsa"
            },
            "tags_all": {
              "Name": "demo-eks-irsa"
            },
            "thumbprint_list": [
              "9e99a48a9960b14926bb7f3b02e22da2b0ab7280"
            ],
            "url": "oidc.eks.us-east-2.amazonaws.com/id/197B377A1EE7BEC2B12B2FC0FE3A61B5"
          },
          "sensitive_attributes": [],
          "private": "bnVsbA==",
          "dependencies": [
            "module.eks_blueprints.data.aws_caller_identity.current",
            "module.eks_blueprints.data.aws_iam_policy_document.eks_key",
            "module.eks_blueprints.data.aws_iam_session_context.current",
            "module.eks_blueprints.data.aws_partition.current",
            "module.eks_blueprints.data.aws_region.current",
            "module.eks_blueprints.module.aws_eks.aws_cloudwatch_log_group.this",
            "module.eks_blueprints.module.aws_eks.aws_eks_cluster.this",
            "module.eks_blueprints.module.aws_eks.aws_iam_role.this",
            "module.eks_blueprints.module.aws_eks.aws_iam_role_policy_attachment.this",
            "module.eks_blueprints.module.aws_eks.aws_security_group.cluster",
            "module.eks_blueprints.module.aws_eks.aws_security_group.node",
            "module.eks_blueprints.module.aws_eks.aws_security_group_rule.cluster",
            "module.eks_blueprints.module.aws_eks.aws_security_group_rule.node",
            "module.eks_blueprints.module.aws_eks.data.aws_caller_identity.current",
            "module.eks_blueprints.module.aws_eks.data.aws_iam_policy_document.assume_role_policy",
            "module.eks_blueprints.module.aws_eks.data.aws_partition.current",
            "module.eks_blueprints.module.aws_eks.data.tls_certificate.this",
            "module.eks_blueprints.module.aws_eks.module.kms.aws_kms_external_key.this",
            "module.eks_blueprints.module.aws_eks.module.kms.aws_kms_key.this",
            "module.eks_blueprints.module.aws_eks.module.kms.data.aws_caller_identity.current",
            "module.eks_blueprints.module.aws_eks.module.kms.data.aws_iam_policy_document.this",
            "module.eks_blueprints.module.aws_eks.module.kms.data.aws_partition.current",
            "module.eks_blueprints.module.kms.aws_kms_key.this",
            "module.vpc.aws_subnet.private",
            "module.vpc.aws_vpc.this",
            "module.vpc.aws_vpc_ipv4_cidr_block_association.this"
          ]
        }
      ]
    },
    {
      "module": "module.eks_blueprints.module.aws_eks",
      "mode": "managed",
      "type": "aws_iam_role",
      "name": "this",
      "provider": "provider[\"registry.terraform.io/hashicorp/aws\"]",
      "instances": [
        {
          "index_key": 0,
          "schema_version": 0,
          "attributes": {
            "arn": "arn:aws:iam::129637475757:role/demo-cluster-role",
            "assume_role_policy": "{\"Statement\":[{\"Action\":\"sts:AssumeRole\",\"Effect\":\"Allow\",\"Principal\":{\"Service\":\"eks.amazonaws.com\"},\"Sid\":\"EKSClusterAssumeRole\"}],\"Version\":\"2012-10-17\"}",
            "create_date": "2023-05-18T21:35:14Z",
            "description": "",
            "force_detach_policies": true,
            "id": "demo-cluster-role",
            "inline_policy": [],
            "managed_policy_arns": [
              "arn:aws:iam::aws:policy/AmazonEKSClusterPolicy",
              "arn:aws:iam::aws:policy/AmazonEKSVPCResourceController"
            ],
            "max_session_duration": 3600,
            "name": "demo-cluster-role",
            "name_prefix": "",
            "path": "/",
            "permissions_boundary": null,
            "role_last_used": [
              {
                "last_used_date": "2023-05-18T22:21:08Z",
                "region": "us-east-2"
              }
            ],
            "tags": {},
            "tags_all": {},
            "unique_id": "AROAR4LX64WW7AO3ERXWG"
          },
          "sensitive_attributes": [],
          "private": "bnVsbA==",
          "dependencies": [
            "module.eks_blueprints.module.aws_eks.aws_cloudwatch_log_group.this",
            "module.eks_blueprints.module.aws_eks.data.aws_iam_policy_document.assume_role_policy",
            "module.eks_blueprints.module.aws_eks.data.aws_partition.current"
          ],
          "create_before_destroy": true
        }
      ]
    },
    {
      "module": "module.eks_blueprints.module.aws_eks",
      "mode": "managed",
      "type": "aws_iam_role_policy_attachment",
      "name": "this",
      "provider": "provider[\"registry.terraform.io/hashicorp/aws\"]",
      "instances": [
        {
          "index_key": "arn:aws:iam::aws:policy/AmazonEKSClusterPolicy",
          "schema_version": 0,
          "attributes": {
            "id": "demo-cluster-role-20230518213515177100000001",
            "policy_arn": "arn:aws:iam::aws:policy/AmazonEKSClusterPolicy",
            "role": "demo-cluster-role"
          },
          "sensitive_attributes": [],
          "private": "bnVsbA==",
          "dependencies": [
            "module.eks_blueprints.module.aws_eks.aws_cloudwatch_log_group.this",
            "module.eks_blueprints.module.aws_eks.aws_iam_role.this",
            "module.eks_blueprints.module.aws_eks.data.aws_iam_policy_document.assume_role_policy",
            "module.eks_blueprints.module.aws_eks.data.aws_partition.current"
          ],
          "create_before_destroy": true
        },
        {
          "index_key": "arn:aws:iam::aws:policy/AmazonEKSVPCResourceController",
          "schema_version": 0,
          "attributes": {
            "id": "demo-cluster-role-20230518213515270300000002",
            "policy_arn": "arn:aws:iam::aws:policy/AmazonEKSVPCResourceController",
            "role": "demo-cluster-role"
          },
          "sensitive_attributes": [],
          "private": "bnVsbA==",
          "dependencies": [
            "module.eks_blueprints.module.aws_eks.aws_cloudwatch_log_group.this",
            "module.eks_blueprints.module.aws_eks.aws_iam_role.this",
            "module.eks_blueprints.module.aws_eks.data.aws_iam_policy_document.assume_role_policy",
            "module.eks_blueprints.module.aws_eks.data.aws_partition.current"
          ],
          "create_before_destroy": true
        }
      ]
    },
    {
      "module": "module.eks_blueprints.module.aws_eks",
      "mode": "managed",
      "type": "aws_security_group",
      "name": "cluster",
      "provider": "provider[\"registry.terraform.io/hashicorp/aws\"]",
      "instances": [
        {
          "index_key": 0,
          "schema_version": 1,
          "attributes": {
            "arn": "arn:aws:ec2:us-east-2:129637475757:security-group/sg-0b8a8c7a289a581be",
            "description": "EKS cluster security group",
            "egress": [
              {
                "cidr_blocks": [],
                "description": "Cluster API to node groups",
                "from_port": 443,
                "ipv6_cidr_blocks": [],
                "prefix_list_ids": [],
                "protocol": "tcp",
                "security_groups": [
                  "sg-06d8795197089f737"
                ],
                "self": false,
                "to_port": 443
              },
              {
                "cidr_blocks": [],
                "description": "Cluster API to node kubelets",
                "from_port": 10250,
                "ipv6_cidr_blocks": [],
                "prefix_list_ids": [],
                "protocol": "tcp",
                "security_groups": [
                  "sg-06d8795197089f737"
                ],
                "self": false,
                "to_port": 10250
              }
            ],
            "id": "sg-0b8a8c7a289a581be",
            "ingress": [
              {
                "cidr_blocks": [],
                "description": "Node groups to cluster API",
                "from_port": 443,
                "ipv6_cidr_blocks": [],
                "prefix_list_ids": [],
                "protocol": "tcp",
                "security_groups": [
                  "sg-06d8795197089f737"
                ],
                "self": false,
                "to_port": 443
              }
            ],
            "name": "demo-cluster-20230518213527721300000003",
            "name_prefix": "demo-cluster-",
            "owner_id": "129637475757",
            "revoke_rules_on_delete": false,
            "tags": {
              "Name": "demo-cluster"
            },
            "tags_all": {
              "Name": "demo-cluster"
            },
            "timeouts": null,
            "vpc_id": "vpc-0904bd51e64985ef2"
          },
          "sensitive_attributes": [],
          "private": "eyJlMmJmYjczMC1lY2FhLTExZTYtOGY4OC0zNDM2M2JjN2M0YzAiOnsiY3JlYXRlIjo2MDAwMDAwMDAwMDAsImRlbGV0ZSI6OTAwMDAwMDAwMDAwfSwic2NoZW1hX3ZlcnNpb24iOiIxIn0=",
          "dependencies": [
            "module.vpc.aws_vpc.this"
          ],
          "create_before_destroy": true
        }
      ]
    },
    {
      "module": "module.eks_blueprints.module.aws_eks",
      "mode": "managed",
      "type": "aws_security_group",
      "name": "node",
      "provider": "provider[\"registry.terraform.io/hashicorp/aws\"]",
      "instances": [
        {
          "index_key": 0,
          "schema_version": 1,
          "attributes": {
            "arn": "arn:aws:ec2:us-east-2:129637475757:security-group/sg-06d8795197089f737",
            "description": "EKS node shared security group",
            "egress": [
              {
                "cidr_blocks": [
                  "0.0.0.0/0"
                ],
                "description": "Egress NTP/TCP to internet",
                "from_port": 123,
                "ipv6_cidr_blocks": [],
                "prefix_list_ids": [],
                "protocol": "tcp",
                "security_groups": [],
                "self": false,
                "to_port": 123
              },
              {
                "cidr_blocks": [
                  "0.0.0.0/0"
                ],
                "description": "Egress NTP/UDP to internet",
                "from_port": 123,
                "ipv6_cidr_blocks": [],
                "prefix_list_ids": [],
                "protocol": "udp",
                "security_groups": [],
                "self": false,
                "to_port": 123
              },
              {
                "cidr_blocks": [
                  "0.0.0.0/0"
                ],
                "description": "Egress all HTTPS to internet",
                "from_port": 443,
                "ipv6_cidr_blocks": [],
                "prefix_list_ids": [],
                "protocol": "tcp",
                "security_groups": [],
                "self": false,
                "to_port": 443
              },
              {
                "cidr_blocks": [],
                "description": "Node groups to cluster API",
                "from_port": 443,
                "ipv6_cidr_blocks": [],
                "prefix_list_ids": [],
                "protocol": "tcp",
                "security_groups": [
                  "sg-0b8a8c7a289a581be"
                ],
                "self": false,
                "to_port": 443
              },
              {
                "cidr_blocks": [],
                "description": "Node to node CoreDNS",
                "from_port": 53,
                "ipv6_cidr_blocks": [],
                "prefix_list_ids": [],
                "protocol": "tcp",
                "security_groups": [],
                "self": true,
                "to_port": 53
              },
              {
                "cidr_blocks": [],
                "description": "Node to node CoreDNS",
                "from_port": 53,
                "ipv6_cidr_blocks": [],
                "prefix_list_ids": [],
                "protocol": "udp",
                "security_groups": [],
                "self": true,
                "to_port": 53
              }
            ],
            "id": "sg-06d8795197089f737",
            "ingress": [
              {
                "cidr_blocks": [],
                "description": "Cluster API to node groups",
                "from_port": 443,
                "ipv6_cidr_blocks": [],
                "prefix_list_ids": [],
                "protocol": "tcp",
                "security_groups": [
                  "sg-0b8a8c7a289a581be"
                ],
                "self": false,
                "to_port": 443
              },
              {
                "cidr_blocks": [],
                "description": "Cluster API to node kubelets",
                "from_port": 10250,
                "ipv6_cidr_blocks": [],
                "prefix_list_ids": [],
                "protocol": "tcp",
                "security_groups": [
                  "sg-0b8a8c7a289a581be"
                ],
                "self": false,
                "to_port": 10250
              },
              {
                "cidr_blocks": [],
                "description": "Node to node CoreDNS",
                "from_port": 53,
                "ipv6_cidr_blocks": [],
                "prefix_list_ids": [],
                "protocol": "tcp",
                "security_groups": [],
                "self": true,
                "to_port": 53
              },
              {
                "cidr_blocks": [],
                "description": "Node to node CoreDNS",
                "from_port": 53,
                "ipv6_cidr_blocks": [],
                "prefix_list_ids": [],
                "protocol": "udp",
                "security_groups": [],
                "self": true,
                "to_port": 53
              }
            ],
            "name": "demo-node-20230518213527825100000004",
            "name_prefix": "demo-node-",
            "owner_id": "129637475757",
            "revoke_rules_on_delete": false,
            "tags": {
              "Name": "demo-node",
              "kubernetes.io/cluster/demo": "owned"
            },
            "tags_all": {
              "Name": "demo-node",
              "kubernetes.io/cluster/demo": "owned"
            },
            "timeouts": null,
            "vpc_id": "vpc-0904bd51e64985ef2"
          },
          "sensitive_attributes": [],
          "private": "eyJlMmJmYjczMC1lY2FhLTExZTYtOGY4OC0zNDM2M2JjN2M0YzAiOnsiY3JlYXRlIjo2MDAwMDAwMDAwMDAsImRlbGV0ZSI6OTAwMDAwMDAwMDAwfSwic2NoZW1hX3ZlcnNpb24iOiIxIn0=",
          "dependencies": [
            "module.vpc.aws_vpc.this"
          ],
          "create_before_destroy": true
        }
      ]
    },
    {
      "module": "module.eks_blueprints.module.aws_eks",
      "mode": "managed",
      "type": "aws_security_group_rule",
      "name": "cluster",
      "provider": "provider[\"registry.terraform.io/hashicorp/aws\"]",
      "instances": [
        {
          "index_key": "egress_nodes_443",
          "schema_version": 2,
          "attributes": {
            "cidr_blocks": null,
            "description": "Cluster API to node groups",
            "from_port": 443,
            "id": "sgrule-2022900533",
            "ipv6_cidr_blocks": null,
            "prefix_list_ids": [],
            "protocol": "tcp",
            "security_group_id": "sg-0b8a8c7a289a581be",
            "security_group_rule_id": "sgr-04405fdfb3160dcf0",
            "self": false,
            "source_security_group_id": "sg-06d8795197089f737",
            "timeouts": null,
            "to_port": 443,
            "type": "egress"
          },
          "sensitive_attributes": [],
          "private": "eyJlMmJmYjczMC1lY2FhLTExZTYtOGY4OC0zNDM2M2JjN2M0YzAiOnsiY3JlYXRlIjozMDAwMDAwMDAwMDB9LCJzY2hlbWFfdmVyc2lvbiI6IjIifQ==",
          "dependencies": [
            "module.eks_blueprints.module.aws_eks.aws_security_group.cluster",
            "module.eks_blueprints.module.aws_eks.aws_security_group.node",
            "module.vpc.aws_vpc.this"
          ],
          "create_before_destroy": true
        },
        {
          "index_key": "egress_nodes_kubelet",
          "schema_version": 2,
          "attributes": {
            "cidr_blocks": null,
            "description": "Cluster API to node kubelets",
            "from_port": 10250,
            "id": "sgrule-202560666",
            "ipv6_cidr_blocks": null,
            "prefix_list_ids": [],
            "protocol": "tcp",
            "security_group_id": "sg-0b8a8c7a289a581be",
            "security_group_rule_id": "sgr-0e9c2f15b0c572596",
            "self": false,
            "source_security_group_id": "sg-06d8795197089f737",
            "timeouts": null,
            "to_port": 10250,
            "type": "egress"
          },
          "sensitive_attributes": [],
          "private": "eyJlMmJmYjczMC1lY2FhLTExZTYtOGY4OC0zNDM2M2JjN2M0YzAiOnsiY3JlYXRlIjozMDAwMDAwMDAwMDB9LCJzY2hlbWFfdmVyc2lvbiI6IjIifQ==",
          "dependencies": [
            "module.eks_blueprints.module.aws_eks.aws_security_group.cluster",
            "module.eks_blueprints.module.aws_eks.aws_security_group.node",
            "module.vpc.aws_vpc.this"
          ],
          "create_before_destroy": true
        },
        {
          "index_key": "ingress_nodes_443",
          "schema_version": 2,
          "attributes": {
            "cidr_blocks": null,
            "description": "Node groups to cluster API",
            "from_port": 443,
            "id": "sgrule-1715880023",
            "ipv6_cidr_blocks": null,
            "prefix_list_ids": [],
            "protocol": "tcp",
            "security_group_id": "sg-0b8a8c7a289a581be",
            "security_group_rule_id": "sgr-029a669c1817eb26d",
            "self": false,
            "source_security_group_id": "sg-06d8795197089f737",
            "timeouts": null,
            "to_port": 443,
            "type": "ingress"
          },
          "sensitive_attributes": [],
          "private": "eyJlMmJmYjczMC1lY2FhLTExZTYtOGY4OC0zNDM2M2JjN2M0YzAiOnsiY3JlYXRlIjozMDAwMDAwMDAwMDB9LCJzY2hlbWFfdmVyc2lvbiI6IjIifQ==",
          "dependencies": [
            "module.eks_blueprints.module.aws_eks.aws_security_group.cluster",
            "module.eks_blueprints.module.aws_eks.aws_security_group.node",
            "module.vpc.aws_vpc.this"
          ],
          "create_before_destroy": true
        }
      ]
    },
    {
      "module": "module.eks_blueprints.module.aws_eks",
      "mode": "managed",
      "type": "aws_security_group_rule",
      "name": "node",
      "provider": "provider[\"registry.terraform.io/hashicorp/aws\"]",
      "instances": [
        {
          "index_key": "egress_cluster_443",
          "schema_version": 2,
          "attributes": {
            "cidr_blocks": null,
            "description": "Node groups to cluster API",
            "from_port": 443,
            "id": "sgrule-2123646300",
            "ipv6_cidr_blocks": null,
            "prefix_list_ids": [],
            "protocol": "tcp",
            "security_group_id": "sg-06d8795197089f737",
            "security_group_rule_id": "sgr-034247804c45899d7",
            "self": false,
            "source_security_group_id": "sg-0b8a8c7a289a581be",
            "timeouts": null,
            "to_port": 443,
            "type": "egress"
          },
          "sensitive_attributes": [],
          "private": "eyJlMmJmYjczMC1lY2FhLTExZTYtOGY4OC0zNDM2M2JjN2M0YzAiOnsiY3JlYXRlIjozMDAwMDAwMDAwMDB9LCJzY2hlbWFfdmVyc2lvbiI6IjIifQ==",
          "dependencies": [
            "module.eks_blueprints.module.aws_eks.aws_security_group.cluster",
            "module.eks_blueprints.module.aws_eks.aws_security_group.node",
            "module.vpc.aws_vpc.this"
          ],
          "create_before_destroy": true
        },
        {
          "index_key": "egress_https",
          "schema_version": 2,
          "attributes": {
            "cidr_blocks": [
              "0.0.0.0/0"
            ],
            "description": "Egress all HTTPS to internet",
            "from_port": 443,
            "id": "sgrule-3234278876",
            "ipv6_cidr_blocks": null,
            "prefix_list_ids": [],
            "protocol": "tcp",
            "security_group_id": "sg-06d8795197089f737",
            "security_group_rule_id": "sgr-0c41557a87c14c921",
            "self": false,
            "source_security_group_id": null,
            "timeouts": null,
            "to_port": 443,
            "type": "egress"
          },
          "sensitive_attributes": [],
          "private": "eyJlMmJmYjczMC1lY2FhLTExZTYtOGY4OC0zNDM2M2JjN2M0YzAiOnsiY3JlYXRlIjozMDAwMDAwMDAwMDB9LCJzY2hlbWFfdmVyc2lvbiI6IjIifQ==",
          "dependencies": [
            "module.eks_blueprints.module.aws_eks.aws_security_group.cluster",
            "module.eks_blueprints.module.aws_eks.aws_security_group.node",
            "module.vpc.aws_vpc.this"
          ],
          "create_before_destroy": true
        },
        {
          "index_key": "egress_ntp_tcp",
          "schema_version": 2,
          "attributes": {
            "cidr_blocks": [
              "0.0.0.0/0"
            ],
            "description": "Egress NTP/TCP to internet",
            "from_port": 123,
            "id": "sgrule-521736386",
            "ipv6_cidr_blocks": null,
            "prefix_list_ids": [],
            "protocol": "tcp",
            "security_group_id": "sg-06d8795197089f737",
            "security_group_rule_id": "sgr-02c9a732dea96a015",
            "self": false,
            "source_security_group_id": null,
            "timeouts": null,
            "to_port": 123,
            "type": "egress"
          },
          "sensitive_attributes": [],
          "private": "eyJlMmJmYjczMC1lY2FhLTExZTYtOGY4OC0zNDM2M2JjN2M0YzAiOnsiY3JlYXRlIjozMDAwMDAwMDAwMDB9LCJzY2hlbWFfdmVyc2lvbiI6IjIifQ==",
          "dependencies": [
            "module.eks_blueprints.module.aws_eks.aws_security_group.cluster",
            "module.eks_blueprints.module.aws_eks.aws_security_group.node",
            "module.vpc.aws_vpc.this"
          ],
          "create_before_destroy": true
        },
        {
          "index_key": "egress_ntp_udp",
          "schema_version": 2,
          "attributes": {
            "cidr_blocks": [
              "0.0.0.0/0"
            ],
            "description": "Egress NTP/UDP to internet",
            "from_port": 123,
            "id": "sgrule-1636251087",
            "ipv6_cidr_blocks": null,
            "prefix_list_ids": [],
            "protocol": "udp",
            "security_group_id": "sg-06d8795197089f737",
            "security_group_rule_id": "sgr-0282b060e1832fafb",
            "self": false,
            "source_security_group_id": null,
            "timeouts": null,
            "to_port": 123,
            "type": "egress"
          },
          "sensitive_attributes": [],
          "private": "eyJlMmJmYjczMC1lY2FhLTExZTYtOGY4OC0zNDM2M2JjN2M0YzAiOnsiY3JlYXRlIjozMDAwMDAwMDAwMDB9LCJzY2hlbWFfdmVyc2lvbiI6IjIifQ==",
          "dependencies": [
            "module.eks_blueprints.module.aws_eks.aws_security_group.cluster",
            "module.eks_blueprints.module.aws_eks.aws_security_group.node",
            "module.vpc.aws_vpc.this"
          ],
          "create_before_destroy": true
        },
        {
          "index_key": "egress_self_coredns_tcp",
          "schema_version": 2,
          "attributes": {
            "cidr_blocks": null,
            "description": "Node to node CoreDNS",
            "from_port": 53,
            "id": "sgrule-1165084622",
            "ipv6_cidr_blocks": null,
            "prefix_list_ids": [],
            "protocol": "tcp",
            "security_group_id": "sg-06d8795197089f737",
            "security_group_rule_id": "sgr-0e8008f84bb19d1aa",
            "self": true,
            "source_security_group_id": null,
            "timeouts": null,
            "to_port": 53,
            "type": "egress"
          },
          "sensitive_attributes": [],
          "private": "eyJlMmJmYjczMC1lY2FhLTExZTYtOGY4OC0zNDM2M2JjN2M0YzAiOnsiY3JlYXRlIjozMDAwMDAwMDAwMDB9LCJzY2hlbWFfdmVyc2lvbiI6IjIifQ==",
          "dependencies": [
            "module.eks_blueprints.module.aws_eks.aws_security_group.cluster",
            "module.eks_blueprints.module.aws_eks.aws_security_group.node",
            "module.vpc.aws_vpc.this"
          ],
          "create_before_destroy": true
        },
        {
          "index_key": "egress_self_coredns_udp",
          "schema_version": 2,
          "attributes": {
            "cidr_blocks": null,
            "description": "Node to node CoreDNS",
            "from_port": 53,
            "id": "sgrule-3407234472",
            "ipv6_cidr_blocks": null,
            "prefix_list_ids": [],
            "protocol": "udp",
            "security_group_id": "sg-06d8795197089f737",
            "security_group_rule_id": "sgr-06403571653b401cb",
            "self": true,
            "source_security_group_id": null,
            "timeouts": null,
            "to_port": 53,
            "type": "egress"
          },
          "sensitive_attributes": [],
          "private": "eyJlMmJmYjczMC1lY2FhLTExZTYtOGY4OC0zNDM2M2JjN2M0YzAiOnsiY3JlYXRlIjozMDAwMDAwMDAwMDB9LCJzY2hlbWFfdmVyc2lvbiI6IjIifQ==",
          "dependencies": [
            "module.eks_blueprints.module.aws_eks.aws_security_group.cluster",
            "module.eks_blueprints.module.aws_eks.aws_security_group.node",
            "module.vpc.aws_vpc.this"
          ],
          "create_before_destroy": true
        },
        {
          "index_key": "ingress_cluster_443",
          "schema_version": 2,
          "attributes": {
            "cidr_blocks": null,
            "description": "Cluster API to node groups",
            "from_port": 443,
            "id": "sgrule-1630724089",
            "ipv6_cidr_blocks": null,
            "prefix_list_ids": [],
            "protocol": "tcp",
            "security_group_id": "sg-06d8795197089f737",
            "security_group_rule_id": "sgr-0a899d5da06c17e04",
            "self": false,
            "source_security_group_id": "sg-0b8a8c7a289a581be",
            "timeouts": null,
            "to_port": 443,
            "type": "ingress"
          },
          "sensitive_attributes": [],
          "private": "eyJlMmJmYjczMC1lY2FhLTExZTYtOGY4OC0zNDM2M2JjN2M0YzAiOnsiY3JlYXRlIjozMDAwMDAwMDAwMDB9LCJzY2hlbWFfdmVyc2lvbiI6IjIifQ==",
          "dependencies": [
            "module.eks_blueprints.module.aws_eks.aws_security_group.cluster",
            "module.eks_blueprints.module.aws_eks.aws_security_group.node",
            "module.vpc.aws_vpc.this"
          ],
          "create_before_destroy": true
        },
        {
          "index_key": "ingress_cluster_kubelet",
          "schema_version": 2,
          "attributes": {
            "cidr_blocks": null,
            "description": "Cluster API to node kubelets",
            "from_port": 10250,
            "id": "sgrule-1314648736",
            "ipv6_cidr_blocks": null,
            "prefix_list_ids": [],
            "protocol": "tcp",
            "security_group_id": "sg-06d8795197089f737",
            "security_group_rule_id": "sgr-0693846540e08cc5b",
            "self": false,
            "source_security_group_id": "sg-0b8a8c7a289a581be",
            "timeouts": null,
            "to_port": 10250,
            "type": "ingress"
          },
          "sensitive_attributes": [],
          "private": "eyJlMmJmYjczMC1lY2FhLTExZTYtOGY4OC0zNDM2M2JjN2M0YzAiOnsiY3JlYXRlIjozMDAwMDAwMDAwMDB9LCJzY2hlbWFfdmVyc2lvbiI6IjIifQ==",
          "dependencies": [
            "module.eks_blueprints.module.aws_eks.aws_security_group.cluster",
            "module.eks_blueprints.module.aws_eks.aws_security_group.node",
            "module.vpc.aws_vpc.this"
          ],
          "create_before_destroy": true
        },
        {
          "index_key": "ingress_self_coredns_tcp",
          "schema_version": 2,
          "attributes": {
            "cidr_blocks": null,
            "description": "Node to node CoreDNS",
            "from_port": 53,
            "id": "sgrule-1276414215",
            "ipv6_cidr_blocks": null,
            "prefix_list_ids": [],
            "protocol": "tcp",
            "security_group_id": "sg-06d8795197089f737",
            "security_group_rule_id": "sgr-0c6cf4785144afc40",
            "self": true,
            "source_security_group_id": null,
            "timeouts": null,
            "to_port": 53,
            "type": "ingress"
          },
          "sensitive_attributes": [],
          "private": "eyJlMmJmYjczMC1lY2FhLTExZTYtOGY4OC0zNDM2M2JjN2M0YzAiOnsiY3JlYXRlIjozMDAwMDAwMDAwMDB9LCJzY2hlbWFfdmVyc2lvbiI6IjIifQ==",
          "dependencies": [
            "module.eks_blueprints.module.aws_eks.aws_security_group.cluster",
            "module.eks_blueprints.module.aws_eks.aws_security_group.node",
            "module.vpc.aws_vpc.this"
          ],
          "create_before_destroy": true
        },
        {
          "index_key": "ingress_self_coredns_udp",
          "schema_version": 2,
          "attributes": {
            "cidr_blocks": null,
            "description": "Node to node CoreDNS",
            "from_port": 53,
            "id": "sgrule-3897240296",
            "ipv6_cidr_blocks": null,
            "prefix_list_ids": [],
            "protocol": "udp",
            "security_group_id": "sg-06d8795197089f737",
            "security_group_rule_id": "sgr-06403571653b401cb",
            "self": true,
            "source_security_group_id": null,
            "timeouts": null,
            "to_port": 53,
            "type": "ingress"
          },
          "sensitive_attributes": [],
          "private": "eyJlMmJmYjczMC1lY2FhLTExZTYtOGY4OC0zNDM2M2JjN2M0YzAiOnsiY3JlYXRlIjozMDAwMDAwMDAwMDB9LCJzY2hlbWFfdmVyc2lvbiI6IjIifQ==",
          "dependencies": [
            "module.eks_blueprints.module.aws_eks.aws_security_group.cluster",
            "module.eks_blueprints.module.aws_eks.aws_security_group.node",
            "module.vpc.aws_vpc.this"
          ],
          "create_before_destroy": true
        }
      ]
    },
    {
      "module": "module.eks_blueprints.module.aws_eks.module.kms",
      "mode": "data",
      "type": "aws_caller_identity",
      "name": "current",
      "provider": "provider[\"registry.terraform.io/hashicorp/aws\"]",
      "instances": [
        {
          "schema_version": 0,
          "attributes": {
            "account_id": "129637475757",
            "arn": "arn:aws:iam::129637475757:user/admin",
            "id": "129637475757",
            "user_id": "AIDAR4LX64WWTMQCOXY5N"
          },
          "sensitive_attributes": []
        }
      ]
    },
    {
      "module": "module.eks_blueprints.module.aws_eks.module.kms",
      "mode": "data",
      "type": "aws_partition",
      "name": "current",
      "provider": "provider[\"registry.terraform.io/hashicorp/aws\"]",
      "instances": [
        {
          "schema_version": 0,
          "attributes": {
            "dns_suffix": "amazonaws.com",
            "id": "aws",
            "partition": "aws",
            "reverse_dns_prefix": "com.amazonaws"
          },
          "sensitive_attributes": []
        }
      ]
    },
    {
      "module": "module.eks_blueprints.module.aws_eks_managed_node_groups[\"mg_5\"]",
      "mode": "data",
      "type": "aws_iam_policy_document",
      "name": "managed_ng_assume_role_policy",
      "provider": "provider[\"registry.terraform.io/hashicorp/aws\"]",
      "instances": [
        {
          "schema_version": 0,
          "attributes": {
            "id": "3778018924",
            "json": "{\n  \"Version\": \"2012-10-17\",\n  \"Statement\": [\n    {\n      \"Sid\": \"EKSWorkerAssumeRole\",\n      \"Effect\": \"Allow\",\n      \"Action\": \"sts:AssumeRole\",\n      \"Principal\": {\n        \"Service\": \"ec2.amazonaws.com\"\n      }\n    }\n  ]\n}",
            "override_json": null,
            "override_policy_documents": null,
            "policy_id": null,
            "source_json": null,
            "source_policy_documents": null,
            "statement": [
              {
                "actions": [
                  "sts:AssumeRole"
                ],
                "condition": [],
                "effect": "Allow",
                "not_actions": [],
                "not_principals": [],
                "not_resources": [],
                "principals": [
                  {
                    "identifiers": [
                      "ec2.amazonaws.com"
                    ],
                    "type": "Service"
                  }
                ],
                "resources": [],
                "sid": "EKSWorkerAssumeRole"
              }
            ],
            "version": "2012-10-17"
          },
          "sensitive_attributes": []
        }
      ]
    },
    {
      "module": "module.eks_blueprints.module.aws_eks_managed_node_groups[\"mg_5\"]",
      "mode": "managed",
      "type": "aws_eks_node_group",
      "name": "managed_ng",
      "provider": "provider[\"registry.terraform.io/hashicorp/aws\"]",
      "instances": [
        {
          "schema_version": 0,
          "attributes": {
            "ami_type": "AL2_x86_64",
            "arn": "arn:aws:eks:us-east-2:129637475757:nodegroup/demo/dev-2023051821440032440000000a/7ec41868-ef90-615d-9d37-a903dac55fe0",
            "capacity_type": "ON_DEMAND",
            "cluster_name": "demo",
            "disk_size": 50,
            "force_update_version": null,
            "id": "demo:dev-2023051821440032440000000a",
            "instance_types": [
              "t2.medium"
            ],
            "labels": {},
            "launch_template": [],
            "node_group_name": "dev-2023051821440032440000000a",
            "node_group_name_prefix": "dev-",
            "node_role_arn": "arn:aws:iam::129637475757:role/demo-dev",
            "release_version": "1.26.4-20230513",
            "remote_access": [],
            "resources": [
              {
                "autoscaling_groups": [
                  {
                    "name": "eks-dev-2023051821440032440000000a-7ec41868-ef90-615d-9d37-a903dac55fe0"
                  }
                ],
                "remote_access_security_group_id": ""
              }
            ],
            "scaling_config": [
              {
                "desired_size": 3,
                "max_size": 3,
                "min_size": 1
              }
            ],
            "status": "ACTIVE",
            "subnet_ids": [
              "subnet-008231e027b7dfa2b",
              "subnet-020245063b6f8b3ed",
              "subnet-061e4bd63b10b1b23"
            ],
            "tags": {
              "Name": "demo-dev",
              "k8s.io/cluster-autoscaler/demo": "owned",
              "k8s.io/cluster-autoscaler/enabled": "TRUE",
              "kubernetes.io/cluster/demo": "owned",
              "managed-by": "terraform-aws-eks-blueprints"
            },
            "tags_all": {
              "Name": "demo-dev",
              "k8s.io/cluster-autoscaler/demo": "owned",
              "k8s.io/cluster-autoscaler/enabled": "TRUE",
              "kubernetes.io/cluster/demo": "owned",
              "managed-by": "terraform-aws-eks-blueprints"
            },
            "taint": [],
            "timeouts": {
              "create": "30m",
              "delete": "30m",
              "update": "2h"
            },
            "update_config": [
              {
                "max_unavailable": 1,
                "max_unavailable_percentage": 0
              }
            ],
            "version": "1.26"
          },
          "sensitive_attributes": [],
          "private": "eyJlMmJmYjczMC1lY2FhLTExZTYtOGY4OC0zNDM2M2JjN2M0YzAiOnsiY3JlYXRlIjoxODAwMDAwMDAwMDAwLCJkZWxldGUiOjE4MDAwMDAwMDAwMDAsInVwZGF0ZSI6NzIwMDAwMDAwMDAwMH19",
          "dependencies": [
            "data.aws_caller_identity.current",
            "data.aws_eks_cluster_auth.this",
            "module.eks_blueprints.data.aws_caller_identity.current",
            "module.eks_blueprints.data.aws_eks_cluster.cluster",
            "module.eks_blueprints.data.aws_iam_policy_document.eks_key",
            "module.eks_blueprints.data.aws_iam_session_context.current",
            "module.eks_blueprints.data.aws_partition.current",
            "module.eks_blueprints.data.aws_region.current",
            "module.eks_blueprints.data.http.eks_cluster_readiness",
            "module.eks_blueprints.kubernetes_config_map.aws_auth",
            "module.eks_blueprints.module.aws_eks.aws_cloudwatch_log_group.this",
            "module.eks_blueprints.module.aws_eks.aws_eks_cluster.this",
            "module.eks_blueprints.module.aws_eks.aws_iam_role.this",
            "module.eks_blueprints.module.aws_eks.aws_iam_role_policy_attachment.this",
            "module.eks_blueprints.module.aws_eks.aws_security_group.cluster",
            "module.eks_blueprints.module.aws_eks.aws_security_group.node",
            "module.eks_blueprints.module.aws_eks.aws_security_group_rule.cluster",
            "module.eks_blueprints.module.aws_eks.aws_security_group_rule.node",
            "module.eks_blueprints.module.aws_eks.data.aws_caller_identity.current",
            "module.eks_blueprints.module.aws_eks.data.aws_iam_policy_document.assume_role_policy",
            "module.eks_blueprints.module.aws_eks.data.aws_partition.current",
            "module.eks_blueprints.module.aws_eks.module.kms.aws_kms_external_key.this",
            "module.eks_blueprints.module.aws_eks.module.kms.aws_kms_key.this",
            "module.eks_blueprints.module.aws_eks.module.kms.data.aws_caller_identity.current",
            "module.eks_blueprints.module.aws_eks.module.kms.data.aws_iam_policy_document.this",
            "module.eks_blueprints.module.aws_eks.module.kms.data.aws_partition.current",
            "module.eks_blueprints.module.aws_eks_managed_node_groups.aws_iam_instance_profile.managed_ng",
            "module.eks_blueprints.module.aws_eks_managed_node_groups.aws_iam_role.managed_ng",
            "module.eks_blueprints.module.aws_eks_managed_node_groups.aws_iam_role_policy_attachment.managed_ng",
            "module.eks_blueprints.module.aws_eks_managed_node_groups.aws_launch_template.managed_node_groups",
            "module.eks_blueprints.module.aws_eks_managed_node_groups.data.aws_iam_policy_document.managed_ng_assume_role_policy",
            "module.eks_blueprints.module.kms.aws_kms_key.this",
            "module.vpc.aws_subnet.private",
            "module.vpc.aws_vpc.this",
            "module.vpc.aws_vpc_ipv4_cidr_block_association.this"
          ],
          "create_before_destroy": true
        }
      ]
    },
    {
      "module": "module.eks_blueprints.module.aws_eks_managed_node_groups[\"mg_5\"]",
      "mode": "managed",
      "type": "aws_iam_instance_profile",
      "name": "managed_ng",
      "provider": "provider[\"registry.terraform.io/hashicorp/aws\"]",
      "instances": [
        {
          "index_key": 0,
          "schema_version": 0,
          "attributes": {
            "arn": "arn:aws:iam::129637475757:instance-profile/demo-dev",
            "create_date": "2023-05-18T21:43:59Z",
            "id": "demo-dev",
            "name": "demo-dev",
            "name_prefix": "",
            "path": "/",
            "role": "demo-dev",
            "tags": {},
            "tags_all": {},
            "unique_id": "AIPAR4LX64WW7Z3LXXITQ"
          },
          "sensitive_attributes": [],
          "private": "bnVsbA==",
          "dependencies": [
            "data.aws_caller_identity.current",
            "data.aws_eks_cluster_auth.this",
            "module.eks_blueprints.data.aws_caller_identity.current",
            "module.eks_blueprints.data.aws_eks_cluster.cluster",
            "module.eks_blueprints.data.aws_iam_policy_document.eks_key",
            "module.eks_blueprints.data.aws_iam_session_context.current",
            "module.eks_blueprints.data.aws_partition.current",
            "module.eks_blueprints.data.aws_region.current",
            "module.eks_blueprints.data.http.eks_cluster_readiness",
            "module.eks_blueprints.kubernetes_config_map.aws_auth",
            "module.eks_blueprints.module.aws_eks.aws_cloudwatch_log_group.this",
            "module.eks_blueprints.module.aws_eks.aws_eks_cluster.this",
            "module.eks_blueprints.module.aws_eks.aws_iam_role.this",
            "module.eks_blueprints.module.aws_eks.aws_iam_role_policy_attachment.this",
            "module.eks_blueprints.module.aws_eks.aws_security_group.cluster",
            "module.eks_blueprints.module.aws_eks.aws_security_group.node",
            "module.eks_blueprints.module.aws_eks.aws_security_group_rule.cluster",
            "module.eks_blueprints.module.aws_eks.aws_security_group_rule.node",
            "module.eks_blueprints.module.aws_eks.data.aws_caller_identity.current",
            "module.eks_blueprints.module.aws_eks.data.aws_iam_policy_document.assume_role_policy",
            "module.eks_blueprints.module.aws_eks.data.aws_partition.current",
            "module.eks_blueprints.module.aws_eks.module.kms.aws_kms_external_key.this",
            "module.eks_blueprints.module.aws_eks.module.kms.aws_kms_key.this",
            "module.eks_blueprints.module.aws_eks.module.kms.data.aws_caller_identity.current",
            "module.eks_blueprints.module.aws_eks.module.kms.data.aws_iam_policy_document.this",
            "module.eks_blueprints.module.aws_eks.module.kms.data.aws_partition.current",
            "module.eks_blueprints.module.aws_eks_managed_node_groups.aws_iam_role.managed_ng",
            "module.eks_blueprints.module.aws_eks_managed_node_groups.data.aws_iam_policy_document.managed_ng_assume_role_policy",
            "module.eks_blueprints.module.kms.aws_kms_key.this",
            "module.vpc.aws_subnet.private",
            "module.vpc.aws_vpc.this",
            "module.vpc.aws_vpc_ipv4_cidr_block_association.this"
          ],
          "create_before_destroy": true
        }
      ]
    },
    {
      "module": "module.eks_blueprints.module.aws_eks_managed_node_groups[\"mg_5\"]",
      "mode": "managed",
      "type": "aws_iam_role",
      "name": "managed_ng",
      "provider": "provider[\"registry.terraform.io/hashicorp/aws\"]",
      "instances": [
        {
          "index_key": 0,
          "schema_version": 0,
          "attributes": {
            "arn": "arn:aws:iam::129637475757:role/demo-dev",
            "assume_role_policy": "{\"Statement\":[{\"Action\":\"sts:AssumeRole\",\"Effect\":\"Allow\",\"Principal\":{\"Service\":\"ec2.amazonaws.com\"},\"Sid\":\"EKSWorkerAssumeRole\"}],\"Version\":\"2012-10-17\"}",
            "create_date": "2023-05-18T21:43:59Z",
            "description": "EKS Managed Node group IAM Role",
            "force_detach_policies": true,
            "id": "demo-dev",
            "inline_policy": [],
            "managed_policy_arns": [
              "arn:aws:iam::aws:policy/AmazonEC2ContainerRegistryReadOnly",
              "arn:aws:iam::aws:policy/AmazonEKSWorkerNodePolicy",
              "arn:aws:iam::aws:policy/AmazonEKS_CNI_Policy",
              "arn:aws:iam::aws:policy/AmazonSSMManagedInstanceCore"
            ],
            "max_session_duration": 3600,
            "name": "demo-dev",
            "name_prefix": "",
            "path": "/",
            "permissions_boundary": null,
            "role_last_used": [
              {
                "last_used_date": "2023-05-18T22:31:52Z",
                "region": "us-east-2"
              }
            ],
            "tags": {},
            "tags_all": {},
            "unique_id": "AROAR4LX64WWWDAPBX2YD"
          },
          "sensitive_attributes": [],
          "private": "bnVsbA==",
          "dependencies": [
            "data.aws_caller_identity.current",
            "data.aws_eks_cluster_auth.this",
            "module.eks_blueprints.data.aws_caller_identity.current",
            "module.eks_blueprints.data.aws_eks_cluster.cluster",
            "module.eks_blueprints.data.aws_iam_policy_document.eks_key",
            "module.eks_blueprints.data.aws_iam_session_context.current",
            "module.eks_blueprints.data.aws_partition.current",
            "module.eks_blueprints.data.aws_region.current",
            "module.eks_blueprints.data.http.eks_cluster_readiness",
            "module.eks_blueprints.kubernetes_config_map.aws_auth",
            "module.eks_blueprints.module.aws_eks.aws_cloudwatch_log_group.this",
            "module.eks_blueprints.module.aws_eks.aws_eks_cluster.this",
            "module.eks_blueprints.module.aws_eks.aws_iam_role.this",
            "module.eks_blueprints.module.aws_eks.aws_iam_role_policy_attachment.this",
            "module.eks_blueprints.module.aws_eks.aws_security_group.cluster",
            "module.eks_blueprints.module.aws_eks.aws_security_group.node",
            "module.eks_blueprints.module.aws_eks.aws_security_group_rule.cluster",
            "module.eks_blueprints.module.aws_eks.aws_security_group_rule.node",
            "module.eks_blueprints.module.aws_eks.data.aws_caller_identity.current",
            "module.eks_blueprints.module.aws_eks.data.aws_iam_policy_document.assume_role_policy",
            "module.eks_blueprints.module.aws_eks.data.aws_partition.current",
            "module.eks_blueprints.module.aws_eks.module.kms.aws_kms_external_key.this",
            "module.eks_blueprints.module.aws_eks.module.kms.aws_kms_key.this",
            "module.eks_blueprints.module.aws_eks.module.kms.data.aws_caller_identity.current",
            "module.eks_blueprints.module.aws_eks.module.kms.data.aws_iam_policy_document.this",
            "module.eks_blueprints.module.aws_eks.module.kms.data.aws_partition.current",
            "module.eks_blueprints.module.aws_eks_managed_node_groups.data.aws_iam_policy_document.managed_ng_assume_role_policy",
            "module.eks_blueprints.module.kms.aws_kms_key.this",
            "module.vpc.aws_subnet.private",
            "module.vpc.aws_vpc.this",
            "module.vpc.aws_vpc_ipv4_cidr_block_association.this"
          ],
          "create_before_destroy": true
        }
      ]
    },
    {
      "module": "module.eks_blueprints.module.aws_eks_managed_node_groups[\"mg_5\"]",
      "mode": "managed",
      "type": "aws_iam_role_policy_attachment",
      "name": "managed_ng",
      "provider": "provider[\"registry.terraform.io/hashicorp/aws\"]",
      "instances": [
        {
          "index_key": "arn:aws:iam::aws:policy/AmazonEC2ContainerRegistryReadOnly",
          "schema_version": 0,
          "attributes": {
            "id": "demo-dev-20230518214359935500000009",
            "policy_arn": "arn:aws:iam::aws:policy/AmazonEC2ContainerRegistryReadOnly",
            "role": "demo-dev"
          },
          "sensitive_attributes": [],
          "private": "bnVsbA==",
          "dependencies": [
            "data.aws_caller_identity.current",
            "data.aws_eks_cluster_auth.this",
            "module.eks_blueprints.data.aws_caller_identity.current",
            "module.eks_blueprints.data.aws_eks_cluster.cluster",
            "module.eks_blueprints.data.aws_iam_policy_document.eks_key",
            "module.eks_blueprints.data.aws_iam_session_context.current",
            "module.eks_blueprints.data.aws_partition.current",
            "module.eks_blueprints.data.aws_region.current",
            "module.eks_blueprints.data.http.eks_cluster_readiness",
            "module.eks_blueprints.kubernetes_config_map.aws_auth",
            "module.eks_blueprints.module.aws_eks.aws_cloudwatch_log_group.this",
            "module.eks_blueprints.module.aws_eks.aws_eks_cluster.this",
            "module.eks_blueprints.module.aws_eks.aws_iam_role.this",
            "module.eks_blueprints.module.aws_eks.aws_iam_role_policy_attachment.this",
            "module.eks_blueprints.module.aws_eks.aws_security_group.cluster",
            "module.eks_blueprints.module.aws_eks.aws_security_group.node",
            "module.eks_blueprints.module.aws_eks.aws_security_group_rule.cluster",
            "module.eks_blueprints.module.aws_eks.aws_security_group_rule.node",
            "module.eks_blueprints.module.aws_eks.data.aws_caller_identity.current",
            "module.eks_blueprints.module.aws_eks.data.aws_iam_policy_document.assume_role_policy",
            "module.eks_blueprints.module.aws_eks.data.aws_partition.current",
            "module.eks_blueprints.module.aws_eks.module.kms.aws_kms_external_key.this",
            "module.eks_blueprints.module.aws_eks.module.kms.aws_kms_key.this",
            "module.eks_blueprints.module.aws_eks.module.kms.data.aws_caller_identity.current",
            "module.eks_blueprints.module.aws_eks.module.kms.data.aws_iam_policy_document.this",
            "module.eks_blueprints.module.aws_eks.module.kms.data.aws_partition.current",
            "module.eks_blueprints.module.aws_eks_managed_node_groups.aws_iam_role.managed_ng",
            "module.eks_blueprints.module.aws_eks_managed_node_groups.data.aws_iam_policy_document.managed_ng_assume_role_policy",
            "module.eks_blueprints.module.kms.aws_kms_key.this",
            "module.vpc.aws_subnet.private",
            "module.vpc.aws_vpc.this",
            "module.vpc.aws_vpc_ipv4_cidr_block_association.this"
          ],
          "create_before_destroy": true
        },
        {
          "index_key": "arn:aws:iam::aws:policy/AmazonEKSWorkerNodePolicy",
          "schema_version": 0,
          "attributes": {
            "id": "demo-dev-20230518214359898400000008",
            "policy_arn": "arn:aws:iam::aws:policy/AmazonEKSWorkerNodePolicy",
            "role": "demo-dev"
          },
          "sensitive_attributes": [],
          "private": "bnVsbA==",
          "dependencies": [
            "data.aws_caller_identity.current",
            "data.aws_eks_cluster_auth.this",
            "module.eks_blueprints.data.aws_caller_identity.current",
            "module.eks_blueprints.data.aws_eks_cluster.cluster",
            "module.eks_blueprints.data.aws_iam_policy_document.eks_key",
            "module.eks_blueprints.data.aws_iam_session_context.current",
            "module.eks_blueprints.data.aws_partition.current",
            "module.eks_blueprints.data.aws_region.current",
            "module.eks_blueprints.data.http.eks_cluster_readiness",
            "module.eks_blueprints.kubernetes_config_map.aws_auth",
            "module.eks_blueprints.module.aws_eks.aws_cloudwatch_log_group.this",
            "module.eks_blueprints.module.aws_eks.aws_eks_cluster.this",
            "module.eks_blueprints.module.aws_eks.aws_iam_role.this",
            "module.eks_blueprints.module.aws_eks.aws_iam_role_policy_attachment.this",
            "module.eks_blueprints.module.aws_eks.aws_security_group.cluster",
            "module.eks_blueprints.module.aws_eks.aws_security_group.node",
            "module.eks_blueprints.module.aws_eks.aws_security_group_rule.cluster",
            "module.eks_blueprints.module.aws_eks.aws_security_group_rule.node",
            "module.eks_blueprints.module.aws_eks.data.aws_caller_identity.current",
            "module.eks_blueprints.module.aws_eks.data.aws_iam_policy_document.assume_role_policy",
            "module.eks_blueprints.module.aws_eks.data.aws_partition.current",
            "module.eks_blueprints.module.aws_eks.module.kms.aws_kms_external_key.this",
            "module.eks_blueprints.module.aws_eks.module.kms.aws_kms_key.this",
            "module.eks_blueprints.module.aws_eks.module.kms.data.aws_caller_identity.current",
            "module.eks_blueprints.module.aws_eks.module.kms.data.aws_iam_policy_document.this",
            "module.eks_blueprints.module.aws_eks.module.kms.data.aws_partition.current",
            "module.eks_blueprints.module.aws_eks_managed_node_groups.aws_iam_role.managed_ng",
            "module.eks_blueprints.module.aws_eks_managed_node_groups.data.aws_iam_policy_document.managed_ng_assume_role_policy",
            "module.eks_blueprints.module.kms.aws_kms_key.this",
            "module.vpc.aws_subnet.private",
            "module.vpc.aws_vpc.this",
            "module.vpc.aws_vpc_ipv4_cidr_block_association.this"
          ],
          "create_before_destroy": true
        },
        {
          "index_key": "arn:aws:iam::aws:policy/AmazonEKS_CNI_Policy",
          "schema_version": 0,
          "attributes": {
            "id": "demo-dev-20230518214359882100000006",
            "policy_arn": "arn:aws:iam::aws:policy/AmazonEKS_CNI_Policy",
            "role": "demo-dev"
          },
          "sensitive_attributes": [],
          "private": "bnVsbA==",
          "dependencies": [
            "data.aws_caller_identity.current",
            "data.aws_eks_cluster_auth.this",
            "module.eks_blueprints.data.aws_caller_identity.current",
            "module.eks_blueprints.data.aws_eks_cluster.cluster",
            "module.eks_blueprints.data.aws_iam_policy_document.eks_key",
            "module.eks_blueprints.data.aws_iam_session_context.current",
            "module.eks_blueprints.data.aws_partition.current",
            "module.eks_blueprints.data.aws_region.current",
            "module.eks_blueprints.data.http.eks_cluster_readiness",
            "module.eks_blueprints.kubernetes_config_map.aws_auth",
            "module.eks_blueprints.module.aws_eks.aws_cloudwatch_log_group.this",
            "module.eks_blueprints.module.aws_eks.aws_eks_cluster.this",
            "module.eks_blueprints.module.aws_eks.aws_iam_role.this",
            "module.eks_blueprints.module.aws_eks.aws_iam_role_policy_attachment.this",
            "module.eks_blueprints.module.aws_eks.aws_security_group.cluster",
            "module.eks_blueprints.module.aws_eks.aws_security_group.node",
            "module.eks_blueprints.module.aws_eks.aws_security_group_rule.cluster",
            "module.eks_blueprints.module.aws_eks.aws_security_group_rule.node",
            "module.eks_blueprints.module.aws_eks.data.aws_caller_identity.current",
            "module.eks_blueprints.module.aws_eks.data.aws_iam_policy_document.assume_role_policy",
            "module.eks_blueprints.module.aws_eks.data.aws_partition.current",
            "module.eks_blueprints.module.aws_eks.module.kms.aws_kms_external_key.this",
            "module.eks_blueprints.module.aws_eks.module.kms.aws_kms_key.this",
            "module.eks_blueprints.module.aws_eks.module.kms.data.aws_caller_identity.current",
            "module.eks_blueprints.module.aws_eks.module.kms.data.aws_iam_policy_document.this",
            "module.eks_blueprints.module.aws_eks.module.kms.data.aws_partition.current",
            "module.eks_blueprints.module.aws_eks_managed_node_groups.aws_iam_role.managed_ng",
            "module.eks_blueprints.module.aws_eks_managed_node_groups.data.aws_iam_policy_document.managed_ng_assume_role_policy",
            "module.eks_blueprints.module.kms.aws_kms_key.this",
            "module.vpc.aws_subnet.private",
            "module.vpc.aws_vpc.this",
            "module.vpc.aws_vpc_ipv4_cidr_block_association.this"
          ],
          "create_before_destroy": true
        },
        {
          "index_key": "arn:aws:iam::aws:policy/AmazonSSMManagedInstanceCore",
          "schema_version": 0,
          "attributes": {
            "id": "demo-dev-20230518214359890200000007",
            "policy_arn": "arn:aws:iam::aws:policy/AmazonSSMManagedInstanceCore",
            "role": "demo-dev"
          },
          "sensitive_attributes": [],
          "private": "bnVsbA==",
          "dependencies": [
            "data.aws_caller_identity.current",
            "data.aws_eks_cluster_auth.this",
            "module.eks_blueprints.data.aws_caller_identity.current",
            "module.eks_blueprints.data.aws_eks_cluster.cluster",
            "module.eks_blueprints.data.aws_iam_policy_document.eks_key",
            "module.eks_blueprints.data.aws_iam_session_context.current",
            "module.eks_blueprints.data.aws_partition.current",
            "module.eks_blueprints.data.aws_region.current",
            "module.eks_blueprints.data.http.eks_cluster_readiness",
            "module.eks_blueprints.kubernetes_config_map.aws_auth",
            "module.eks_blueprints.module.aws_eks.aws_cloudwatch_log_group.this",
            "module.eks_blueprints.module.aws_eks.aws_eks_cluster.this",
            "module.eks_blueprints.module.aws_eks.aws_iam_role.this",
            "module.eks_blueprints.module.aws_eks.aws_iam_role_policy_attachment.this",
            "module.eks_blueprints.module.aws_eks.aws_security_group.cluster",
            "module.eks_blueprints.module.aws_eks.aws_security_group.node",
            "module.eks_blueprints.module.aws_eks.aws_security_group_rule.cluster",
            "module.eks_blueprints.module.aws_eks.aws_security_group_rule.node",
            "module.eks_blueprints.module.aws_eks.data.aws_caller_identity.current",
            "module.eks_blueprints.module.aws_eks.data.aws_iam_policy_document.assume_role_policy",
            "module.eks_blueprints.module.aws_eks.data.aws_partition.current",
            "module.eks_blueprints.module.aws_eks.module.kms.aws_kms_external_key.this",
            "module.eks_blueprints.module.aws_eks.module.kms.aws_kms_key.this",
            "module.eks_blueprints.module.aws_eks.module.kms.data.aws_caller_identity.current",
            "module.eks_blueprints.module.aws_eks.module.kms.data.aws_iam_policy_document.this",
            "module.eks_blueprints.module.aws_eks.module.kms.data.aws_partition.current",
            "module.eks_blueprints.module.aws_eks_managed_node_groups.aws_iam_role.managed_ng",
            "module.eks_blueprints.module.aws_eks_managed_node_groups.data.aws_iam_policy_document.managed_ng_assume_role_policy",
            "module.eks_blueprints.module.kms.aws_kms_key.this",
            "module.vpc.aws_subnet.private",
            "module.vpc.aws_vpc.this",
            "module.vpc.aws_vpc_ipv4_cidr_block_association.this"
          ],
          "create_before_destroy": true
        }
      ]
    },
    {
      "module": "module.eks_blueprints.module.aws_eks_teams[0]",
      "mode": "data",
      "type": "aws_caller_identity",
      "name": "current",
      "provider": "provider[\"registry.terraform.io/hashicorp/aws\"]",
      "instances": [
        {
          "schema_version": 0,
          "attributes": {
            "account_id": "129637475757",
            "arn": "arn:aws:iam::129637475757:user/admin",
            "id": "129637475757",
            "user_id": "AIDAR4LX64WWTMQCOXY5N"
          },
          "sensitive_attributes": []
        }
      ]
    },
    {
      "module": "module.eks_blueprints.module.aws_eks_teams[0]",
      "mode": "data",
      "type": "aws_eks_cluster",
      "name": "eks_cluster",
      "provider": "provider[\"registry.terraform.io/hashicorp/aws\"]",
      "instances": [
        {
          "schema_version": 0,
          "attributes": {
            "arn": "arn:aws:eks:us-east-2:129637475757:cluster/demo",
            "certificate_authority": [
              {
                "data": "LS0tLS1CRUdJTiBDRVJUSUZJQ0FURS0tLS0tCk1JSUMvakNDQWVhZ0F3SUJBZ0lCQURBTkJna3Foa2lHOXcwQkFRc0ZBREFWTVJNd0VRWURWUVFERXdwcmRXSmwKY201bGRHVnpNQjRYRFRJek1EVXhPREl4TkRBeU1Gb1hEVE16TURVeE5USXhOREF5TUZvd0ZURVRNQkVHQTFVRQpBeE1LYTNWaVpYSnVaWFJsY3pDQ0FTSXdEUVlKS29aSWh2Y05BUUVCQlFBRGdnRVBBRENDQVFvQ2dnRUJBTkp0CjBTOGpkeE42M2wxL2hXYUswc2FNT01UcXdrUGhBOVF2UEhsTUY2MldSVE9KTWlZZVdZQWZ1c2wvd3loYndvaXgKZFpNSXJIMlJNcmQvbFVjcUZnQUN5eFgveUdNQkFqcUNSUUFkajVuZlhLZ3hxenZXQ3FleS9jalpBTTZTdFNBNQp3VHpJOVRud2RNNHQyUXZLekwyU0IxQjRzT1V0RUFTMkRKQkh1RExsY1VSR0Q2dm1YMU1JMnBXbmxseHhVSTYrClRHRWRJZTNvUldObUN0cmNaRE5GMFRybDJiZmY5enI2eHFMMUpRcVJWY3cwSDZlRWo5dFd5MDEvVVZHOXNqdzcKdmk0SDF2ekszR0xFNkx3Z1J3cW9Fb2g0ZEdhN0hLNGZaelAvUmJPVjNZOW1ObVhIWnVEWjkxMzRVMVFKV01INgpTaDVQV2V5d1VseS9iQUU1bHRFQ0F3RUFBYU5aTUZjd0RnWURWUjBQQVFIL0JBUURBZ0trTUE4R0ExVWRFd0VCCi93UUZNQU1CQWY4d0hRWURWUjBPQkJZRUZLZnNWRHN1TXZES2RmcS8vQ3lqNTZoWWFyanZNQlVHQTFVZEVRUU8KTUF5Q0NtdDFZbVZ5Ym1WMFpYTXdEUVlKS29aSWh2Y05BUUVMQlFBRGdnRUJBR2hZTmtVeXZhVFIxUm9EV0R2bApNMG5ZR0lSVGpKUUJ5SUlEb2REcmI4eHJFSVRqWW80enZyZFRvWS9OYXkrcDNpT1ZFaDZoNHY3VWxCQUFDdk82Ckd5L2FJazEvZTdZVlVWZFFraG82Z1ZCdnlVcGdmWDdGMC9ZSWw0d0lGdUdjWEM3aXdJVTNJblVTTXZlQmxFczQKcWpTM01XeEpkZUdSY21HM2dJNTJDcENHNE03ZkZsVm81MGFpYW05dk16d0tNRU05ZTZuMnNod1ptMlBNeGFuRQoxMXdDT291RXBkRk5rNWc0a0dIMzQ4bEZsOEc0SkEvYUhrMFBMRElBZWVvUW9RRGpRb3ExeWhINkNCZWJlWm5tCkRvazBZN1FFRjI0c3p0bmFERUFDSXZSclRsUnlYVnRQSG5xQmdyRDJ5QjZmd2NFd29HRnZDQ3dVbzk0dWxETjQKWW0wPQotLS0tLUVORCBDRVJUSUZJQ0FURS0tLS0tCg=="
              }
            ],
            "cluster_id": null,
            "created_at": "2023-05-18 21:35:37.057 +0000 UTC",
            "enabled_cluster_log_types": [
              "api",
              "audit",
              "authenticator",
              "controllerManager",
              "scheduler"
            ],
            "endpoint": "https://197B377A1EE7BEC2B12B2FC0FE3A61B5.gr7.us-east-2.eks.amazonaws.com",
            "id": "demo",
            "identity": [
              {
                "oidc": [
                  {
                    "issuer": "https://oidc.eks.us-east-2.amazonaws.com/id/197B377A1EE7BEC2B12B2FC0FE3A61B5"
                  }
                ]
              }
            ],
            "kubernetes_network_config": [
              {
                "ip_family": "ipv4",
                "service_ipv4_cidr": "172.20.0.0/16",
                "service_ipv6_cidr": ""
              }
            ],
            "name": "demo",
            "outpost_config": [],
            "platform_version": "eks.2",
            "role_arn": "arn:aws:iam::129637475757:role/demo-cluster-role",
            "status": "ACTIVE",
            "tags": {},
            "version": "1.26",
            "vpc_config": [
              {
                "cluster_security_group_id": "sg-0849c2d106d2002af",
                "endpoint_private_access": false,
                "endpoint_public_access": true,
                "public_access_cidrs": [
                  "0.0.0.0/0"
                ],
                "security_group_ids": [
                  "sg-0b8a8c7a289a581be"
                ],
                "subnet_ids": [
                  "subnet-008231e027b7dfa2b",
                  "subnet-020245063b6f8b3ed",
                  "subnet-061e4bd63b10b1b23"
                ],
                "vpc_id": "vpc-0904bd51e64985ef2"
              }
            ]
          },
          "sensitive_attributes": []
        }
      ]
    },
    {
      "module": "module.eks_blueprints.module.aws_eks_teams[0]",
      "mode": "data",
      "type": "aws_iam_policy_document",
      "name": "platform_team_eks_access",
      "provider": "provider[\"registry.terraform.io/hashicorp/aws\"]",
      "instances": [
        {
          "index_key": 0,
          "schema_version": 0,
          "attributes": {
            "id": "3583780940",
            "json": "{\n  \"Version\": \"2012-10-17\",\n  \"Statement\": [\n    {\n      \"Sid\": \"AllowPlatformTeamEKSAccess\",\n      \"Effect\": \"Allow\",\n      \"Action\": [\n        \"ssm:GetParameter\",\n        \"eks:ListUpdates\",\n        \"eks:ListNodegroups\",\n        \"eks:ListFargateProfiles\",\n        \"eks:ListClusters\",\n        \"eks:DescribeNodegroup\",\n        \"eks:DescribeCluster\",\n        \"eks:AccessKubernetesApi\"\n      ],\n      \"Resource\": \"arn:aws:eks:us-east-2:129637475757:cluster/demo\"\n    },\n    {\n      \"Sid\": \"AllowListClusters\",\n      \"Effect\": \"Allow\",\n      \"Action\": \"eks:ListClusters\",\n      \"Resource\": \"*\"\n    }\n  ]\n}",
            "override_json": null,
            "override_policy_documents": null,
            "policy_id": null,
            "source_json": null,
            "source_policy_documents": null,
            "statement": [
              {
                "actions": [
                  "eks:AccessKubernetesApi",
                  "eks:DescribeCluster",
                  "eks:DescribeNodegroup",
                  "eks:ListClusters",
                  "eks:ListFargateProfiles",
                  "eks:ListNodegroups",
                  "eks:ListUpdates",
                  "ssm:GetParameter"
                ],
                "condition": [],
                "effect": "Allow",
                "not_actions": [],
                "not_principals": [],
                "not_resources": [],
                "principals": [],
                "resources": [
                  "arn:aws:eks:us-east-2:129637475757:cluster/demo"
                ],
                "sid": "AllowPlatformTeamEKSAccess"
              },
              {
                "actions": [
                  "eks:ListClusters"
                ],
                "condition": [],
                "effect": "Allow",
                "not_actions": [],
                "not_principals": [],
                "not_resources": [],
                "principals": [],
                "resources": [
                  "*"
                ],
                "sid": "AllowListClusters"
              }
            ],
            "version": "2012-10-17"
          },
          "sensitive_attributes": []
        }
      ]
    },
    {
      "module": "module.eks_blueprints.module.aws_eks_teams[0]",
      "mode": "data",
      "type": "aws_partition",
      "name": "current",
      "provider": "provider[\"registry.terraform.io/hashicorp/aws\"]",
      "instances": [
        {
          "schema_version": 0,
          "attributes": {
            "dns_suffix": "amazonaws.com",
            "id": "aws",
            "partition": "aws",
            "reverse_dns_prefix": "com.amazonaws"
          },
          "sensitive_attributes": []
        }
      ]
    },
    {
      "module": "module.eks_blueprints.module.aws_eks_teams[0]",
      "mode": "data",
      "type": "aws_region",
      "name": "current",
      "provider": "provider[\"registry.terraform.io/hashicorp/aws\"]",
      "instances": [
        {
          "schema_version": 0,
          "attributes": {
            "description": "US East (Ohio)",
            "endpoint": "ec2.us-east-2.amazonaws.com",
            "id": "us-east-2",
            "name": "us-east-2"
          },
          "sensitive_attributes": []
        }
      ]
    },
    {
      "module": "module.eks_blueprints.module.aws_eks_teams[0]",
      "mode": "managed",
      "type": "aws_iam_policy",
      "name": "platform_team_eks_access",
      "provider": "provider[\"registry.terraform.io/hashicorp/aws\"]",
      "instances": [
        {
          "index_key": 0,
          "schema_version": 0,
          "attributes": {
            "arn": "arn:aws:iam::129637475757:policy/demo-PlatformTeamEKSAccess",
            "description": "Platform Team EKS Console Access",
            "id": "arn:aws:iam::129637475757:policy/demo-PlatformTeamEKSAccess",
            "name": "demo-PlatformTeamEKSAccess",
            "name_prefix": "",
            "path": "/",
            "policy": "{\"Statement\":[{\"Action\":[\"ssm:GetParameter\",\"eks:ListUpdates\",\"eks:ListNodegroups\",\"eks:ListFargateProfiles\",\"eks:ListClusters\",\"eks:DescribeNodegroup\",\"eks:DescribeCluster\",\"eks:AccessKubernetesApi\"],\"Effect\":\"Allow\",\"Resource\":\"arn:aws:eks:us-east-2:129637475757:cluster/demo\",\"Sid\":\"AllowPlatformTeamEKSAccess\"},{\"Action\":\"eks:ListClusters\",\"Effect\":\"Allow\",\"Resource\":\"*\",\"Sid\":\"AllowListClusters\"}],\"Version\":\"2012-10-17\"}",
            "policy_id": "ANPAR4LX64WWRMNTAHK6H",
            "tags": {},
            "tags_all": {}
          },
          "sensitive_attributes": [],
          "private": "bnVsbA==",
          "dependencies": [
            "data.aws_caller_identity.current",
            "module.eks_blueprints.data.aws_caller_identity.current",
            "module.eks_blueprints.data.aws_eks_cluster.cluster",
            "module.eks_blueprints.data.aws_iam_policy_document.eks_key",
            "module.eks_blueprints.data.aws_iam_session_context.current",
            "module.eks_blueprints.data.aws_partition.current",
            "module.eks_blueprints.data.aws_region.current",
            "module.eks_blueprints.data.http.eks_cluster_readiness",
            "module.eks_blueprints.module.aws_eks.aws_cloudwatch_log_group.this",
            "module.eks_blueprints.module.aws_eks.aws_eks_cluster.this",
            "module.eks_blueprints.module.aws_eks.aws_iam_role.this",
            "module.eks_blueprints.module.aws_eks.aws_iam_role_policy_attachment.this",
            "module.eks_blueprints.module.aws_eks.aws_security_group.cluster",
            "module.eks_blueprints.module.aws_eks.aws_security_group.node",
            "module.eks_blueprints.module.aws_eks.aws_security_group_rule.cluster",
            "module.eks_blueprints.module.aws_eks.aws_security_group_rule.node",
            "module.eks_blueprints.module.aws_eks.data.aws_caller_identity.current",
            "module.eks_blueprints.module.aws_eks.data.aws_iam_policy_document.assume_role_policy",
            "module.eks_blueprints.module.aws_eks.data.aws_partition.current",
            "module.eks_blueprints.module.aws_eks.module.kms.aws_kms_external_key.this",
            "module.eks_blueprints.module.aws_eks.module.kms.aws_kms_key.this",
            "module.eks_blueprints.module.aws_eks.module.kms.data.aws_caller_identity.current",
            "module.eks_blueprints.module.aws_eks.module.kms.data.aws_iam_policy_document.this",
            "module.eks_blueprints.module.aws_eks.module.kms.data.aws_partition.current",
            "module.eks_blueprints.module.aws_eks_teams.data.aws_eks_cluster.eks_cluster",
            "module.eks_blueprints.module.aws_eks_teams.data.aws_iam_policy_document.platform_team_eks_access",
            "module.eks_blueprints.module.kms.aws_kms_key.this",
            "module.vpc.aws_subnet.private",
            "module.vpc.aws_vpc.this",
            "module.vpc.aws_vpc_ipv4_cidr_block_association.this"
          ]
        }
      ]
    },
    {
      "module": "module.eks_blueprints.module.aws_eks_teams[0]",
      "mode": "managed",
      "type": "aws_iam_role",
      "name": "platform_team",
      "provider": "provider[\"registry.terraform.io/hashicorp/aws\"]",
      "instances": [
        {
          "index_key": "admin",
          "schema_version": 0,
          "attributes": {
            "arn": "arn:aws:iam::129637475757:role/demo-admin-access",
            "assume_role_policy": "{\"Statement\":[{\"Action\":\"sts:AssumeRole\",\"Effect\":\"Allow\",\"Principal\":{\"AWS\":[\"arn:aws:iam::129637475757:user/admin\"]}}],\"Version\":\"2012-10-17\"}",
            "create_date": "2023-05-18T21:43:59Z",
            "description": "",
            "force_detach_policies": false,
            "id": "demo-admin-access",
            "inline_policy": [],
            "managed_policy_arns": [
              "arn:aws:iam::129637475757:policy/demo-PlatformTeamEKSAccess"
            ],
            "max_session_duration": 3600,
            "name": "demo-admin-access",
            "name_prefix": "",
            "path": "/",
            "permissions_boundary": null,
            "role_last_used": [
              {
                "last_used_date": "",
                "region": ""
              }
            ],
            "tags": {},
            "tags_all": {},
            "unique_id": "AROAR4LX64WWQ6Y55GHSY"
          },
          "sensitive_attributes": [],
          "private": "bnVsbA==",
          "dependencies": [
            "data.aws_caller_identity.current",
            "module.eks_blueprints.data.aws_caller_identity.current",
            "module.eks_blueprints.data.aws_eks_cluster.cluster",
            "module.eks_blueprints.data.aws_iam_policy_document.eks_key",
            "module.eks_blueprints.data.aws_iam_session_context.current",
            "module.eks_blueprints.data.aws_partition.current",
            "module.eks_blueprints.data.aws_region.current",
            "module.eks_blueprints.data.http.eks_cluster_readiness",
            "module.eks_blueprints.module.aws_eks.aws_cloudwatch_log_group.this",
            "module.eks_blueprints.module.aws_eks.aws_eks_cluster.this",
            "module.eks_blueprints.module.aws_eks.aws_iam_role.this",
            "module.eks_blueprints.module.aws_eks.aws_iam_role_policy_attachment.this",
            "module.eks_blueprints.module.aws_eks.aws_security_group.cluster",
            "module.eks_blueprints.module.aws_eks.aws_security_group.node",
            "module.eks_blueprints.module.aws_eks.aws_security_group_rule.cluster",
            "module.eks_blueprints.module.aws_eks.aws_security_group_rule.node",
            "module.eks_blueprints.module.aws_eks.data.aws_caller_identity.current",
            "module.eks_blueprints.module.aws_eks.data.aws_iam_policy_document.assume_role_policy",
            "module.eks_blueprints.module.aws_eks.data.aws_partition.current",
            "module.eks_blueprints.module.aws_eks.module.kms.aws_kms_external_key.this",
            "module.eks_blueprints.module.aws_eks.module.kms.aws_kms_key.this",
            "module.eks_blueprints.module.aws_eks.module.kms.data.aws_caller_identity.current",
            "module.eks_blueprints.module.aws_eks.module.kms.data.aws_iam_policy_document.this",
            "module.eks_blueprints.module.aws_eks.module.kms.data.aws_partition.current",
            "module.eks_blueprints.module.aws_eks_teams.aws_iam_policy.platform_team_eks_access",
            "module.eks_blueprints.module.aws_eks_teams.data.aws_eks_cluster.eks_cluster",
            "module.eks_blueprints.module.aws_eks_teams.data.aws_iam_policy_document.platform_team_eks_access",
            "module.eks_blueprints.module.kms.aws_kms_key.this",
            "module.vpc.aws_subnet.private",
            "module.vpc.aws_vpc.this",
            "module.vpc.aws_vpc_ipv4_cidr_block_association.this"
          ]
        }
      ]
    },
    {
      "module": "module.eks_blueprints.module.aws_eks_teams[0]",
      "mode": "managed",
      "type": "aws_iam_role",
      "name": "team_access",
      "provider": "provider[\"registry.terraform.io/hashicorp/aws\"]",
      "instances": [
        {
          "index_key": "team-riker",
          "schema_version": 0,
          "attributes": {
            "arn": "arn:aws:iam::129637475757:role/demo-team-riker-access",
            "assume_role_policy": "{\"Statement\":[{\"Action\":\"sts:AssumeRole\",\"Effect\":\"Allow\",\"Principal\":{\"AWS\":[\"arn:aws:iam::129637475757:user/admin\"]}}],\"Version\":\"2012-10-17\"}",
            "create_date": "2023-05-18T21:43:58Z",
            "description": "",
            "force_detach_policies": false,
            "id": "demo-team-riker-access",
            "inline_policy": [],
            "managed_policy_arns": [],
            "max_session_duration": 3600,
            "name": "demo-team-riker-access",
            "name_prefix": "",
            "path": "/",
            "permissions_boundary": null,
            "role_last_used": [
              {
                "last_used_date": "2023-05-18T22:07:51Z",
                "region": "us-east-2"
              }
            ],
            "tags": {},
            "tags_all": {},
            "unique_id": "AROAR4LX64WWRQT7QKF4P"
          },
          "sensitive_attributes": [],
          "private": "bnVsbA==",
          "dependencies": [
            "data.aws_caller_identity.current",
            "module.eks_blueprints.data.aws_caller_identity.current",
            "module.eks_blueprints.data.aws_eks_cluster.cluster",
            "module.eks_blueprints.data.aws_iam_policy_document.eks_key",
            "module.eks_blueprints.data.aws_iam_session_context.current",
            "module.eks_blueprints.data.aws_partition.current",
            "module.eks_blueprints.data.aws_region.current",
            "module.eks_blueprints.data.http.eks_cluster_readiness",
            "module.eks_blueprints.module.aws_eks.aws_cloudwatch_log_group.this",
            "module.eks_blueprints.module.aws_eks.aws_eks_cluster.this",
            "module.eks_blueprints.module.aws_eks.aws_iam_role.this",
            "module.eks_blueprints.module.aws_eks.aws_iam_role_policy_attachment.this",
            "module.eks_blueprints.module.aws_eks.aws_security_group.cluster",
            "module.eks_blueprints.module.aws_eks.aws_security_group.node",
            "module.eks_blueprints.module.aws_eks.aws_security_group_rule.cluster",
            "module.eks_blueprints.module.aws_eks.aws_security_group_rule.node",
            "module.eks_blueprints.module.aws_eks.data.aws_caller_identity.current",
            "module.eks_blueprints.module.aws_eks.data.aws_iam_policy_document.assume_role_policy",
            "module.eks_blueprints.module.aws_eks.data.aws_partition.current",
            "module.eks_blueprints.module.aws_eks.module.kms.aws_kms_external_key.this",
            "module.eks_blueprints.module.aws_eks.module.kms.aws_kms_key.this",
            "module.eks_blueprints.module.aws_eks.module.kms.data.aws_caller_identity.current",
            "module.eks_blueprints.module.aws_eks.module.kms.data.aws_iam_policy_document.this",
            "module.eks_blueprints.module.aws_eks.module.kms.data.aws_partition.current",
            "module.eks_blueprints.module.kms.aws_kms_key.this",
            "module.vpc.aws_subnet.private",
            "module.vpc.aws_vpc.this",
            "module.vpc.aws_vpc_ipv4_cidr_block_association.this"
          ]
        }
      ]
    },
    {
      "module": "module.eks_blueprints.module.aws_eks_teams[0]",
      "mode": "managed",
      "type": "aws_iam_role",
      "name": "team_sa_irsa",
      "provider": "provider[\"registry.terraform.io/hashicorp/aws\"]",
      "instances": [
        {
          "index_key": "team-riker",
          "schema_version": 0,
          "attributes": {
            "arn": "arn:aws:iam::129637475757:role/demo-team-riker-sa-role",
            "assume_role_policy": "{\"Statement\":[{\"Action\":\"sts:AssumeRoleWithWebIdentity\",\"Condition\":{\"StringEquals\":{\"oidc.eks.us-east-2.amazonaws.com/id/197B377A1EE7BEC2B12B2FC0FE3A61B5:aud\":\"sts.amazonaws.com\",\"oidc.eks.us-east-2.amazonaws.com/id/197B377A1EE7BEC2B12B2FC0FE3A61B5:sub\":\"system:serviceaccount:team-riker:team-riker-sa\"}},\"Effect\":\"Allow\",\"Principal\":{\"Federated\":\"arn:aws:iam::129637475757:oidc-provider/oidc.eks.us-east-2.amazonaws.com/id/197B377A1EE7BEC2B12B2FC0FE3A61B5\"}}],\"Version\":\"2012-10-17\"}",
            "create_date": "2023-05-18T21:43:59Z",
            "description": "",
            "force_detach_policies": false,
            "id": "demo-team-riker-sa-role",
            "inline_policy": [],
            "managed_policy_arns": [],
            "max_session_duration": 3600,
            "name": "demo-team-riker-sa-role",
            "name_prefix": "",
            "path": "/",
            "permissions_boundary": null,
            "role_last_used": [
              {
                "last_used_date": "",
                "region": ""
              }
            ],
            "tags": {},
            "tags_all": {},
            "unique_id": "AROAR4LX64WW6KRWB74OQ"
          },
          "sensitive_attributes": [],
          "private": "bnVsbA==",
          "dependencies": [
            "data.aws_caller_identity.current",
            "module.eks_blueprints.data.aws_caller_identity.current",
            "module.eks_blueprints.data.aws_eks_cluster.cluster",
            "module.eks_blueprints.data.aws_iam_policy_document.eks_key",
            "module.eks_blueprints.data.aws_iam_session_context.current",
            "module.eks_blueprints.data.aws_partition.current",
            "module.eks_blueprints.data.aws_region.current",
            "module.eks_blueprints.data.http.eks_cluster_readiness",
            "module.eks_blueprints.module.aws_eks.aws_cloudwatch_log_group.this",
            "module.eks_blueprints.module.aws_eks.aws_eks_cluster.this",
            "module.eks_blueprints.module.aws_eks.aws_iam_role.this",
            "module.eks_blueprints.module.aws_eks.aws_iam_role_policy_attachment.this",
            "module.eks_blueprints.module.aws_eks.aws_security_group.cluster",
            "module.eks_blueprints.module.aws_eks.aws_security_group.node",
            "module.eks_blueprints.module.aws_eks.aws_security_group_rule.cluster",
            "module.eks_blueprints.module.aws_eks.aws_security_group_rule.node",
            "module.eks_blueprints.module.aws_eks.data.aws_caller_identity.current",
            "module.eks_blueprints.module.aws_eks.data.aws_iam_policy_document.assume_role_policy",
            "module.eks_blueprints.module.aws_eks.data.aws_partition.current",
            "module.eks_blueprints.module.aws_eks.module.kms.aws_kms_external_key.this",
            "module.eks_blueprints.module.aws_eks.module.kms.aws_kms_key.this",
            "module.eks_blueprints.module.aws_eks.module.kms.data.aws_caller_identity.current",
            "module.eks_blueprints.module.aws_eks.module.kms.data.aws_iam_policy_document.this",
            "module.eks_blueprints.module.aws_eks.module.kms.data.aws_partition.current",
            "module.eks_blueprints.module.aws_eks_teams.data.aws_caller_identity.current",
            "module.eks_blueprints.module.aws_eks_teams.data.aws_eks_cluster.eks_cluster",
            "module.eks_blueprints.module.aws_eks_teams.data.aws_partition.current",
            "module.eks_blueprints.module.kms.aws_kms_key.this",
            "module.vpc.aws_subnet.private",
            "module.vpc.aws_vpc.this",
            "module.vpc.aws_vpc_ipv4_cidr_block_association.this"
          ]
        }
      ]
    },
    {
      "module": "module.eks_blueprints.module.aws_eks_teams[0]",
      "mode": "managed",
      "type": "kubectl_manifest",
      "name": "team",
      "provider": "provider[\"registry.terraform.io/gavinbunney/kubectl\"]",
      "instances": [
        {
          "index_key": "kubernetes/team-riker/limit-range.yaml",
          "schema_version": 1,
          "attributes": {
            "api_version": "v1",
            "apply_only": false,
            "force_conflicts": false,
            "force_new": false,
            "id": "/api/v1/namespaces/team-riker/limitranges/resource-limits",
            "ignore_fields": null,
            "kind": "LimitRange",
            "live_manifest_incluster": "17692c9d4b460ad94a788e68ee119244ed61b20a360ca561aeed1fef8442908e",
            "live_uid": "f26ab7d6-8106-4455-8d55-71de96d561be",
            "name": "resource-limits",
            "namespace": "team-riker",
            "override_namespace": null,
            "sensitive_fields": null,
            "server_side_apply": false,
            "timeouts": null,
            "uid": "f26ab7d6-8106-4455-8d55-71de96d561be",
            "validate_schema": true,
            "wait": null,
            "wait_for_rollout": true,
            "yaml_body": "apiVersion: 'v1'\nkind: 'LimitRange'\nmetadata:\n  name: 'resource-limits'\n  namespace: team-riker\nspec:\n  limits:\n    - type: 'Container'\n      max:\n        cpu: '2'\n        memory: '1Gi'\n      min:\n        cpu: '50m'\n        memory: '4Mi'\n      default:\n        cpu: '300m'\n        memory: '200Mi'\n      defaultRequest:\n        cpu: '200m'\n        memory: '100Mi'\n      maxLimitRequestRatio:\n        cpu: '10'\n\n",
            "yaml_body_parsed": "apiVersion: v1\nkind: LimitRange\nmetadata:\n  name: resource-limits\n  namespace: team-riker\nspec:\n  limits:\n  - default:\n      cpu: 300m\n      memory: 200Mi\n    defaultRequest:\n      cpu: 200m\n      memory: 100Mi\n    max:\n      cpu: \"2\"\n      memory: 1Gi\n    maxLimitRequestRatio:\n      cpu: \"10\"\n    min:\n      cpu: 50m\n      memory: 4Mi\n    type: Container\n",
            "yaml_incluster": "17692c9d4b460ad94a788e68ee119244ed61b20a360ca561aeed1fef8442908e"
          },
          "sensitive_attributes": [],
          "private": "eyJlMmJmYjczMC1lY2FhLTExZTYtOGY4OC0zNDM2M2JjN2M0YzAiOnsiY3JlYXRlIjo2MDAwMDAwMDAwMDB9LCJzY2hlbWFfdmVyc2lvbiI6IjEifQ==",
          "dependencies": [
            "data.aws_caller_identity.current",
            "data.aws_eks_cluster_auth.this",
            "module.eks_blueprints.data.aws_caller_identity.current",
            "module.eks_blueprints.data.aws_eks_cluster.cluster",
            "module.eks_blueprints.data.aws_iam_policy_document.eks_key",
            "module.eks_blueprints.data.aws_iam_session_context.current",
            "module.eks_blueprints.data.aws_partition.current",
            "module.eks_blueprints.data.aws_region.current",
            "module.eks_blueprints.data.http.eks_cluster_readiness",
            "module.eks_blueprints.module.aws_eks.aws_cloudwatch_log_group.this",
            "module.eks_blueprints.module.aws_eks.aws_eks_cluster.this",
            "module.eks_blueprints.module.aws_eks.aws_iam_role.this",
            "module.eks_blueprints.module.aws_eks.aws_iam_role_policy_attachment.this",
            "module.eks_blueprints.module.aws_eks.aws_security_group.cluster",
            "module.eks_blueprints.module.aws_eks.aws_security_group.node",
            "module.eks_blueprints.module.aws_eks.aws_security_group_rule.cluster",
            "module.eks_blueprints.module.aws_eks.aws_security_group_rule.node",
            "module.eks_blueprints.module.aws_eks.data.aws_caller_identity.current",
            "module.eks_blueprints.module.aws_eks.data.aws_iam_policy_document.assume_role_policy",
            "module.eks_blueprints.module.aws_eks.data.aws_partition.current",
            "module.eks_blueprints.module.aws_eks.module.kms.aws_kms_external_key.this",
            "module.eks_blueprints.module.aws_eks.module.kms.aws_kms_key.this",
            "module.eks_blueprints.module.aws_eks.module.kms.data.aws_caller_identity.current",
            "module.eks_blueprints.module.aws_eks.module.kms.data.aws_iam_policy_document.this",
            "module.eks_blueprints.module.aws_eks.module.kms.data.aws_partition.current",
            "module.eks_blueprints.module.aws_eks_teams.kubernetes_namespace.team",
            "module.eks_blueprints.module.kms.aws_kms_key.this",
            "module.vpc.aws_subnet.private",
            "module.vpc.aws_vpc.this",
            "module.vpc.aws_vpc_ipv4_cidr_block_association.this"
          ]
        }
      ]
    },
    {
      "module": "module.eks_blueprints.module.aws_eks_teams[0]",
      "mode": "managed",
      "type": "kubernetes_cluster_role",
      "name": "team",
      "provider": "provider[\"registry.terraform.io/hashicorp/kubernetes\"]",
      "instances": [
        {
          "index_key": "team-riker",
          "schema_version": 0,
          "attributes": {
            "aggregation_rule": [],
            "id": "team-riker-team-cluster-role",
            "metadata": [
              {
                "annotations": {},
                "generate_name": "",
                "generation": 0,
                "labels": {},
                "name": "team-riker-team-cluster-role",
                "resource_version": "712",
                "uid": "4d7c62d5-1cfc-48fe-98f0-902ffdd847b7"
              }
            ],
            "rule": [
              {
                "api_groups": [
                  ""
                ],
                "non_resource_urls": [],
                "resource_names": [],
                "resources": [
                  "namespaces",
                  "nodes"
                ],
                "verbs": [
                  "get",
                  "list",
                  "watch"
                ]
              }
            ]
          },
          "sensitive_attributes": [],
          "private": "bnVsbA==",
          "dependencies": [
            "data.aws_caller_identity.current",
            "data.aws_eks_cluster_auth.this",
            "module.eks_blueprints.data.aws_caller_identity.current",
            "module.eks_blueprints.data.aws_eks_cluster.cluster",
            "module.eks_blueprints.data.aws_iam_policy_document.eks_key",
            "module.eks_blueprints.data.aws_iam_session_context.current",
            "module.eks_blueprints.data.aws_partition.current",
            "module.eks_blueprints.data.aws_region.current",
            "module.eks_blueprints.data.http.eks_cluster_readiness",
            "module.eks_blueprints.module.aws_eks.aws_cloudwatch_log_group.this",
            "module.eks_blueprints.module.aws_eks.aws_eks_cluster.this",
            "module.eks_blueprints.module.aws_eks.aws_iam_role.this",
            "module.eks_blueprints.module.aws_eks.aws_iam_role_policy_attachment.this",
            "module.eks_blueprints.module.aws_eks.aws_security_group.cluster",
            "module.eks_blueprints.module.aws_eks.aws_security_group.node",
            "module.eks_blueprints.module.aws_eks.aws_security_group_rule.cluster",
            "module.eks_blueprints.module.aws_eks.aws_security_group_rule.node",
            "module.eks_blueprints.module.aws_eks.data.aws_caller_identity.current",
            "module.eks_blueprints.module.aws_eks.data.aws_iam_policy_document.assume_role_policy",
            "module.eks_blueprints.module.aws_eks.data.aws_partition.current",
            "module.eks_blueprints.module.aws_eks.module.kms.aws_kms_external_key.this",
            "module.eks_blueprints.module.aws_eks.module.kms.aws_kms_key.this",
            "module.eks_blueprints.module.aws_eks.module.kms.data.aws_caller_identity.current",
            "module.eks_blueprints.module.aws_eks.module.kms.data.aws_iam_policy_document.this",
            "module.eks_blueprints.module.aws_eks.module.kms.data.aws_partition.current",
            "module.eks_blueprints.module.kms.aws_kms_key.this",
            "module.vpc.aws_subnet.private",
            "module.vpc.aws_vpc.this",
            "module.vpc.aws_vpc_ipv4_cidr_block_association.this"
          ]
        }
      ]
    },
    {
      "module": "module.eks_blueprints.module.aws_eks_teams[0]",
      "mode": "managed",
      "type": "kubernetes_cluster_role_binding",
      "name": "team",
      "provider": "provider[\"registry.terraform.io/hashicorp/kubernetes\"]",
      "instances": [
        {
          "index_key": "team-riker",
          "schema_version": 0,
          "attributes": {
            "id": "team-riker-team-cluster-role-binding",
            "metadata": [
              {
                "annotations": {},
                "generate_name": "",
                "generation": 0,
                "labels": {},
                "name": "team-riker-team-cluster-role-binding",
                "resource_version": "711",
                "uid": "ad4979e5-d540-491a-926c-f55a8fad15dc"
              }
            ],
            "role_ref": [
              {
                "api_group": "rbac.authorization.k8s.io",
                "kind": "ClusterRole",
                "name": "team-riker-team-cluster-role"
              }
            ],
            "subject": [
              {
                "api_group": "rbac.authorization.k8s.io",
                "kind": "Group",
                "name": "team-riker-group",
                "namespace": "default"
              }
            ]
          },
          "sensitive_attributes": [],
          "private": "bnVsbA==",
          "dependencies": [
            "data.aws_caller_identity.current",
            "data.aws_eks_cluster_auth.this",
            "module.eks_blueprints.data.aws_caller_identity.current",
            "module.eks_blueprints.data.aws_eks_cluster.cluster",
            "module.eks_blueprints.data.aws_iam_policy_document.eks_key",
            "module.eks_blueprints.data.aws_iam_session_context.current",
            "module.eks_blueprints.data.aws_partition.current",
            "module.eks_blueprints.data.aws_region.current",
            "module.eks_blueprints.data.http.eks_cluster_readiness",
            "module.eks_blueprints.module.aws_eks.aws_cloudwatch_log_group.this",
            "module.eks_blueprints.module.aws_eks.aws_eks_cluster.this",
            "module.eks_blueprints.module.aws_eks.aws_iam_role.this",
            "module.eks_blueprints.module.aws_eks.aws_iam_role_policy_attachment.this",
            "module.eks_blueprints.module.aws_eks.aws_security_group.cluster",
            "module.eks_blueprints.module.aws_eks.aws_security_group.node",
            "module.eks_blueprints.module.aws_eks.aws_security_group_rule.cluster",
            "module.eks_blueprints.module.aws_eks.aws_security_group_rule.node",
            "module.eks_blueprints.module.aws_eks.data.aws_caller_identity.current",
            "module.eks_blueprints.module.aws_eks.data.aws_iam_policy_document.assume_role_policy",
            "module.eks_blueprints.module.aws_eks.data.aws_partition.current",
            "module.eks_blueprints.module.aws_eks.module.kms.aws_kms_external_key.this",
            "module.eks_blueprints.module.aws_eks.module.kms.aws_kms_key.this",
            "module.eks_blueprints.module.aws_eks.module.kms.data.aws_caller_identity.current",
            "module.eks_blueprints.module.aws_eks.module.kms.data.aws_iam_policy_document.this",
            "module.eks_blueprints.module.aws_eks.module.kms.data.aws_partition.current",
            "module.eks_blueprints.module.kms.aws_kms_key.this",
            "module.vpc.aws_subnet.private",
            "module.vpc.aws_vpc.this",
            "module.vpc.aws_vpc_ipv4_cidr_block_association.this"
          ]
        }
      ]
    },
    {
      "module": "module.eks_blueprints.module.aws_eks_teams[0]",
      "mode": "managed",
      "type": "kubernetes_namespace",
      "name": "team",
      "provider": "provider[\"registry.terraform.io/hashicorp/kubernetes\"]",
      "instances": [
        {
          "index_key": "team-riker",
          "schema_version": 0,
          "attributes": {
            "id": "team-riker",
            "metadata": [
              {
                "annotations": {},
                "generate_name": "",
                "generation": 0,
                "labels": {
                  "appName": "riker-team-app",
                  "billingCode": "example",
                  "branch": "example",
                  "domain": "example",
                  "environment": "dev",
                  "projectName": "project-riker",
                  "uuid": "example"
                },
                "name": "team-riker",
                "resource_version": "714",
                "uid": "d187a538-25dc-4732-bc66-6ac3bed990f2"
              }
            ],
            "timeouts": null
          },
          "sensitive_attributes": [],
          "private": "eyJlMmJmYjczMC1lY2FhLTExZTYtOGY4OC0zNDM2M2JjN2M0YzAiOnsiZGVsZXRlIjozMDAwMDAwMDAwMDB9fQ==",
          "dependencies": [
            "data.aws_caller_identity.current",
            "data.aws_eks_cluster_auth.this",
            "module.eks_blueprints.data.aws_caller_identity.current",
            "module.eks_blueprints.data.aws_eks_cluster.cluster",
            "module.eks_blueprints.data.aws_iam_policy_document.eks_key",
            "module.eks_blueprints.data.aws_iam_session_context.current",
            "module.eks_blueprints.data.aws_partition.current",
            "module.eks_blueprints.data.aws_region.current",
            "module.eks_blueprints.data.http.eks_cluster_readiness",
            "module.eks_blueprints.module.aws_eks.aws_cloudwatch_log_group.this",
            "module.eks_blueprints.module.aws_eks.aws_eks_cluster.this",
            "module.eks_blueprints.module.aws_eks.aws_iam_role.this",
            "module.eks_blueprints.module.aws_eks.aws_iam_role_policy_attachment.this",
            "module.eks_blueprints.module.aws_eks.aws_security_group.cluster",
            "module.eks_blueprints.module.aws_eks.aws_security_group.node",
            "module.eks_blueprints.module.aws_eks.aws_security_group_rule.cluster",
            "module.eks_blueprints.module.aws_eks.aws_security_group_rule.node",
            "module.eks_blueprints.module.aws_eks.data.aws_caller_identity.current",
            "module.eks_blueprints.module.aws_eks.data.aws_iam_policy_document.assume_role_policy",
            "module.eks_blueprints.module.aws_eks.data.aws_partition.current",
            "module.eks_blueprints.module.aws_eks.module.kms.aws_kms_external_key.this",
            "module.eks_blueprints.module.aws_eks.module.kms.aws_kms_key.this",
            "module.eks_blueprints.module.aws_eks.module.kms.data.aws_caller_identity.current",
            "module.eks_blueprints.module.aws_eks.module.kms.data.aws_iam_policy_document.this",
            "module.eks_blueprints.module.aws_eks.module.kms.data.aws_partition.current",
            "module.eks_blueprints.module.kms.aws_kms_key.this",
            "module.vpc.aws_subnet.private",
            "module.vpc.aws_vpc.this",
            "module.vpc.aws_vpc_ipv4_cidr_block_association.this"
          ]
        }
      ]
    },
    {
      "module": "module.eks_blueprints.module.aws_eks_teams[0]",
      "mode": "managed",
      "type": "kubernetes_resource_quota",
      "name": "this",
      "provider": "provider[\"registry.terraform.io/hashicorp/kubernetes\"]",
      "instances": [
        {
          "index_key": "team-riker",
          "schema_version": 0,
          "attributes": {
            "id": "team-riker/quotas",
            "metadata": [
              {
                "annotations": {},
                "generate_name": "",
                "generation": 0,
                "labels": {},
                "name": "quotas",
                "namespace": "team-riker",
                "resource_version": "722",
                "uid": "a667c06b-34d0-41fd-a5b8-535d0c5f3d45"
              }
            ],
            "spec": [
              {
                "hard": {
                  "limits.cpu": "30",
                  "limits.memory": "50Gi",
                  "pods": "15",
                  "requests.cpu": "10",
                  "requests.memory": "20Gi",
                  "secrets": "10",
                  "services": "10"
                },
                "scope_selector": [],
                "scopes": []
              }
            ],
            "timeouts": null
          },
          "sensitive_attributes": [],
          "private": "eyJlMmJmYjczMC1lY2FhLTExZTYtOGY4OC0zNDM2M2JjN2M0YzAiOnsiY3JlYXRlIjo2MDAwMDAwMDAwMCwidXBkYXRlIjo2MDAwMDAwMDAwMH19",
          "dependencies": [
            "data.aws_caller_identity.current",
            "data.aws_eks_cluster_auth.this",
            "module.eks_blueprints.data.aws_caller_identity.current",
            "module.eks_blueprints.data.aws_eks_cluster.cluster",
            "module.eks_blueprints.data.aws_iam_policy_document.eks_key",
            "module.eks_blueprints.data.aws_iam_session_context.current",
            "module.eks_blueprints.data.aws_partition.current",
            "module.eks_blueprints.data.aws_region.current",
            "module.eks_blueprints.data.http.eks_cluster_readiness",
            "module.eks_blueprints.module.aws_eks.aws_cloudwatch_log_group.this",
            "module.eks_blueprints.module.aws_eks.aws_eks_cluster.this",
            "module.eks_blueprints.module.aws_eks.aws_iam_role.this",
            "module.eks_blueprints.module.aws_eks.aws_iam_role_policy_attachment.this",
            "module.eks_blueprints.module.aws_eks.aws_security_group.cluster",
            "module.eks_blueprints.module.aws_eks.aws_security_group.node",
            "module.eks_blueprints.module.aws_eks.aws_security_group_rule.cluster",
            "module.eks_blueprints.module.aws_eks.aws_security_group_rule.node",
            "module.eks_blueprints.module.aws_eks.data.aws_caller_identity.current",
            "module.eks_blueprints.module.aws_eks.data.aws_iam_policy_document.assume_role_policy",
            "module.eks_blueprints.module.aws_eks.data.aws_partition.current",
            "module.eks_blueprints.module.aws_eks.module.kms.aws_kms_external_key.this",
            "module.eks_blueprints.module.aws_eks.module.kms.aws_kms_key.this",
            "module.eks_blueprints.module.aws_eks.module.kms.data.aws_caller_identity.current",
            "module.eks_blueprints.module.aws_eks.module.kms.data.aws_iam_policy_document.this",
            "module.eks_blueprints.module.aws_eks.module.kms.data.aws_partition.current",
            "module.eks_blueprints.module.aws_eks_teams.kubernetes_namespace.team",
            "module.eks_blueprints.module.kms.aws_kms_key.this",
            "module.vpc.aws_subnet.private",
            "module.vpc.aws_vpc.this",
            "module.vpc.aws_vpc_ipv4_cidr_block_association.this"
          ]
        }
      ]
    },
    {
      "module": "module.eks_blueprints.module.aws_eks_teams[0]",
      "mode": "managed",
      "type": "kubernetes_role",
      "name": "team",
      "provider": "provider[\"registry.terraform.io/hashicorp/kubernetes\"]",
      "instances": [
        {
          "index_key": "team-riker",
          "schema_version": 0,
          "attributes": {
            "id": "team-riker/team-riker-role",
            "metadata": [
              {
                "annotations": {},
                "generate_name": "",
                "generation": 0,
                "labels": {},
                "name": "team-riker-role",
                "namespace": "team-riker",
                "resource_version": "721",
                "uid": "489b719f-cb49-4157-9f22-028ef551c5ed"
              }
            ],
            "rule": [
              {
                "api_groups": [
                  "*"
                ],
                "resource_names": [],
                "resources": [
                  "configmaps",
                  "deployments",
                  "horizontalpodautoscalers",
                  "networkpolicies",
                  "pods",
                  "podtemplates",
                  "replicasets",
                  "secrets",
                  "serviceaccounts",
                  "services",
                  "statefulsets"
                ],
                "verbs": [
                  "get",
                  "list",
                  "watch"
                ]
              },
              {
                "api_groups": [
                  "*"
                ],
                "resource_names": [],
                "resources": [
                  "resourcequotas"
                ],
                "verbs": [
                  "get",
                  "list",
                  "watch"
                ]
              }
            ]
          },
          "sensitive_attributes": [],
          "private": "bnVsbA==",
          "dependencies": [
            "data.aws_caller_identity.current",
            "data.aws_eks_cluster_auth.this",
            "module.eks_blueprints.data.aws_caller_identity.current",
            "module.eks_blueprints.data.aws_eks_cluster.cluster",
            "module.eks_blueprints.data.aws_iam_policy_document.eks_key",
            "module.eks_blueprints.data.aws_iam_session_context.current",
            "module.eks_blueprints.data.aws_partition.current",
            "module.eks_blueprints.data.aws_region.current",
            "module.eks_blueprints.data.http.eks_cluster_readiness",
            "module.eks_blueprints.module.aws_eks.aws_cloudwatch_log_group.this",
            "module.eks_blueprints.module.aws_eks.aws_eks_cluster.this",
            "module.eks_blueprints.module.aws_eks.aws_iam_role.this",
            "module.eks_blueprints.module.aws_eks.aws_iam_role_policy_attachment.this",
            "module.eks_blueprints.module.aws_eks.aws_security_group.cluster",
            "module.eks_blueprints.module.aws_eks.aws_security_group.node",
            "module.eks_blueprints.module.aws_eks.aws_security_group_rule.cluster",
            "module.eks_blueprints.module.aws_eks.aws_security_group_rule.node",
            "module.eks_blueprints.module.aws_eks.data.aws_caller_identity.current",
            "module.eks_blueprints.module.aws_eks.data.aws_iam_policy_document.assume_role_policy",
            "module.eks_blueprints.module.aws_eks.data.aws_partition.current",
            "module.eks_blueprints.module.aws_eks.module.kms.aws_kms_external_key.this",
            "module.eks_blueprints.module.aws_eks.module.kms.aws_kms_key.this",
            "module.eks_blueprints.module.aws_eks.module.kms.data.aws_caller_identity.current",
            "module.eks_blueprints.module.aws_eks.module.kms.data.aws_iam_policy_document.this",
            "module.eks_blueprints.module.aws_eks.module.kms.data.aws_partition.current",
            "module.eks_blueprints.module.aws_eks_teams.kubernetes_namespace.team",
            "module.eks_blueprints.module.kms.aws_kms_key.this",
            "module.vpc.aws_subnet.private",
            "module.vpc.aws_vpc.this",
            "module.vpc.aws_vpc_ipv4_cidr_block_association.this"
          ]
        }
      ]
    },
    {
      "module": "module.eks_blueprints.module.aws_eks_teams[0]",
      "mode": "managed",
      "type": "kubernetes_role_binding",
      "name": "team",
      "provider": "provider[\"registry.terraform.io/hashicorp/kubernetes\"]",
      "instances": [
        {
          "index_key": "team-riker",
          "schema_version": 0,
          "attributes": {
            "id": "team-riker/team-riker-role-binding",
            "metadata": [
              {
                "annotations": {},
                "generate_name": "",
                "generation": 0,
                "labels": {},
                "name": "team-riker-role-binding",
                "namespace": "team-riker",
                "resource_version": "719",
                "uid": "a9c70531-17bf-4e8d-97f1-78ab1e70b2c7"
              }
            ],
            "role_ref": [
              {
                "api_group": "rbac.authorization.k8s.io",
                "kind": "Role",
                "name": "team-riker-role"
              }
            ],
            "subject": [
              {
                "api_group": "rbac.authorization.k8s.io",
                "kind": "Group",
                "name": "team-riker-group",
                "namespace": "team-riker"
              }
            ]
          },
          "sensitive_attributes": [],
          "private": "bnVsbA==",
          "dependencies": [
            "data.aws_caller_identity.current",
            "data.aws_eks_cluster_auth.this",
            "module.eks_blueprints.data.aws_caller_identity.current",
            "module.eks_blueprints.data.aws_eks_cluster.cluster",
            "module.eks_blueprints.data.aws_iam_policy_document.eks_key",
            "module.eks_blueprints.data.aws_iam_session_context.current",
            "module.eks_blueprints.data.aws_partition.current",
            "module.eks_blueprints.data.aws_region.current",
            "module.eks_blueprints.data.http.eks_cluster_readiness",
            "module.eks_blueprints.module.aws_eks.aws_cloudwatch_log_group.this",
            "module.eks_blueprints.module.aws_eks.aws_eks_cluster.this",
            "module.eks_blueprints.module.aws_eks.aws_iam_role.this",
            "module.eks_blueprints.module.aws_eks.aws_iam_role_policy_attachment.this",
            "module.eks_blueprints.module.aws_eks.aws_security_group.cluster",
            "module.eks_blueprints.module.aws_eks.aws_security_group.node",
            "module.eks_blueprints.module.aws_eks.aws_security_group_rule.cluster",
            "module.eks_blueprints.module.aws_eks.aws_security_group_rule.node",
            "module.eks_blueprints.module.aws_eks.data.aws_caller_identity.current",
            "module.eks_blueprints.module.aws_eks.data.aws_iam_policy_document.assume_role_policy",
            "module.eks_blueprints.module.aws_eks.data.aws_partition.current",
            "module.eks_blueprints.module.aws_eks.module.kms.aws_kms_external_key.this",
            "module.eks_blueprints.module.aws_eks.module.kms.aws_kms_key.this",
            "module.eks_blueprints.module.aws_eks.module.kms.data.aws_caller_identity.current",
            "module.eks_blueprints.module.aws_eks.module.kms.data.aws_iam_policy_document.this",
            "module.eks_blueprints.module.aws_eks.module.kms.data.aws_partition.current",
            "module.eks_blueprints.module.aws_eks_teams.kubernetes_namespace.team",
            "module.eks_blueprints.module.kms.aws_kms_key.this",
            "module.vpc.aws_subnet.private",
            "module.vpc.aws_vpc.this",
            "module.vpc.aws_vpc_ipv4_cidr_block_association.this"
          ]
        }
      ]
    },
    {
      "module": "module.eks_blueprints.module.aws_eks_teams[0]",
      "mode": "managed",
      "type": "kubernetes_service_account",
      "name": "team",
      "provider": "provider[\"registry.terraform.io/hashicorp/kubernetes\"]",
      "instances": [
        {
          "index_key": "team-riker",
          "schema_version": 0,
          "attributes": {
            "automount_service_account_token": true,
            "default_secret_name": "",
            "id": "team-riker/team-riker-sa",
            "image_pull_secret": [],
            "metadata": [
              {
                "annotations": {
                  "eks.amazonaws.com/role-arn": "arn:aws:iam::129637475757:role/demo-team-riker-sa-role"
                },
                "generate_name": "",
                "generation": 0,
                "labels": {},
                "name": "team-riker-sa",
                "namespace": "team-riker",
                "resource_version": "718",
                "uid": "f3300c87-4c8a-444d-9cf2-fdadca9b6d8d"
              }
            ],
            "secret": [],
            "timeouts": null
          },
          "sensitive_attributes": [],
          "private": "eyJlMmJmYjczMC1lY2FhLTExZTYtOGY4OC0zNDM2M2JjN2M0YzAiOnsiY3JlYXRlIjozMDAwMDAwMDAwMH19",
          "dependencies": [
            "data.aws_caller_identity.current",
            "data.aws_eks_cluster_auth.this",
            "module.eks_blueprints.data.aws_caller_identity.current",
            "module.eks_blueprints.data.aws_eks_cluster.cluster",
            "module.eks_blueprints.data.aws_iam_policy_document.eks_key",
            "module.eks_blueprints.data.aws_iam_session_context.current",
            "module.eks_blueprints.data.aws_partition.current",
            "module.eks_blueprints.data.aws_region.current",
            "module.eks_blueprints.data.http.eks_cluster_readiness",
            "module.eks_blueprints.module.aws_eks.aws_cloudwatch_log_group.this",
            "module.eks_blueprints.module.aws_eks.aws_eks_cluster.this",
            "module.eks_blueprints.module.aws_eks.aws_iam_role.this",
            "module.eks_blueprints.module.aws_eks.aws_iam_role_policy_attachment.this",
            "module.eks_blueprints.module.aws_eks.aws_security_group.cluster",
            "module.eks_blueprints.module.aws_eks.aws_security_group.node",
            "module.eks_blueprints.module.aws_eks.aws_security_group_rule.cluster",
            "module.eks_blueprints.module.aws_eks.aws_security_group_rule.node",
            "module.eks_blueprints.module.aws_eks.data.aws_caller_identity.current",
            "module.eks_blueprints.module.aws_eks.data.aws_iam_policy_document.assume_role_policy",
            "module.eks_blueprints.module.aws_eks.data.aws_partition.current",
            "module.eks_blueprints.module.aws_eks.module.kms.aws_kms_external_key.this",
            "module.eks_blueprints.module.aws_eks.module.kms.aws_kms_key.this",
            "module.eks_blueprints.module.aws_eks.module.kms.data.aws_caller_identity.current",
            "module.eks_blueprints.module.aws_eks.module.kms.data.aws_iam_policy_document.this",
            "module.eks_blueprints.module.aws_eks.module.kms.data.aws_partition.current",
            "module.eks_blueprints.module.aws_eks_teams.aws_iam_role.team_sa_irsa",
            "module.eks_blueprints.module.aws_eks_teams.data.aws_caller_identity.current",
            "module.eks_blueprints.module.aws_eks_teams.data.aws_eks_cluster.eks_cluster",
            "module.eks_blueprints.module.aws_eks_teams.data.aws_partition.current",
            "module.eks_blueprints.module.aws_eks_teams.kubernetes_namespace.team",
            "module.eks_blueprints.module.kms.aws_kms_key.this",
            "module.vpc.aws_subnet.private",
            "module.vpc.aws_vpc.this",
            "module.vpc.aws_vpc_ipv4_cidr_block_association.this"
          ]
        }
      ]
    },
    {
      "module": "module.eks_blueprints.module.kms[0]",
      "mode": "managed",
      "type": "aws_kms_alias",
      "name": "this",
      "provider": "provider[\"registry.terraform.io/hashicorp/aws\"]",
      "instances": [
        {
          "schema_version": 0,
          "attributes": {
            "arn": "arn:aws:kms:us-east-2:129637475757:alias/demo",
            "id": "alias/demo",
            "name": "alias/demo",
            "name_prefix": "",
            "target_key_arn": "arn:aws:kms:us-east-2:129637475757:key/083e291e-0400-4f8b-a8b0-968595227f6b",
            "target_key_id": "083e291e-0400-4f8b-a8b0-968595227f6b"
          },
          "sensitive_attributes": [],
          "private": "bnVsbA==",
          "dependencies": [
            "module.eks_blueprints.data.aws_caller_identity.current",
            "module.eks_blueprints.data.aws_iam_policy_document.eks_key",
            "module.eks_blueprints.data.aws_iam_session_context.current",
            "module.eks_blueprints.data.aws_partition.current",
            "module.eks_blueprints.data.aws_region.current",
            "module.eks_blueprints.module.kms.aws_kms_key.this"
          ]
        }
      ]
    },
    {
      "module": "module.eks_blueprints.module.kms[0]",
      "mode": "managed",
      "type": "aws_kms_key",
      "name": "this",
      "provider": "provider[\"registry.terraform.io/hashicorp/aws\"]",
      "instances": [
        {
          "schema_version": 0,
          "attributes": {
            "arn": "arn:aws:kms:us-east-2:129637475757:key/083e291e-0400-4f8b-a8b0-968595227f6b",
            "bypass_policy_lockout_safety_check": false,
            "custom_key_store_id": "",
            "customer_master_key_spec": "SYMMETRIC_DEFAULT",
            "deletion_window_in_days": 30,
            "description": "demo EKS cluster secret encryption key",
            "enable_key_rotation": true,
            "id": "083e291e-0400-4f8b-a8b0-968595227f6b",
            "is_enabled": true,
            "key_id": "083e291e-0400-4f8b-a8b0-968595227f6b",
            "key_usage": "ENCRYPT_DECRYPT",
            "multi_region": false,
            "policy": "{\"Statement\":[{\"Action\":[\"kms:ReEncrypt*\",\"kms:GenerateDataKey*\",\"kms:Encrypt\",\"kms:DescribeKey\",\"kms:Decrypt\",\"kms:CreateGrant\"],\"Condition\":{\"StringEquals\":{\"kms:CallerAccount\":\"129637475757\",\"kms:ViaService\":\"eks.us-east-2.amazonaws.com\"}},\"Effect\":\"Allow\",\"Principal\":{\"AWS\":\"arn:aws:iam::129637475757:root\"},\"Resource\":\"*\",\"Sid\":\"Allow access for all principals in the account that are authorized\"},{\"Action\":[\"kms:RevokeGrant\",\"kms:List*\",\"kms:Get*\",\"kms:Describe*\"],\"Effect\":\"Allow\",\"Principal\":{\"AWS\":\"arn:aws:iam::129637475757:root\"},\"Resource\":\"*\",\"Sid\":\"Allow direct access to key metadata to the account\"},{\"Action\":\"kms:*\",\"Effect\":\"Allow\",\"Principal\":{\"AWS\":\"arn:aws:iam::129637475757:user/admin\"},\"Resource\":\"*\",\"Sid\":\"Allow access for Key Administrators\"},{\"Action\":[\"kms:ReEncrypt*\",\"kms:GenerateDataKey*\",\"kms:Encrypt\",\"kms:DescribeKey\",\"kms:Decrypt\"],\"Effect\":\"Allow\",\"Principal\":{\"AWS\":\"arn:aws:iam::129637475757:role/demo-cluster-role\"},\"Resource\":\"*\",\"Sid\":\"Allow use of the key\"},{\"Action\":[\"kms:RevokeGrant\",\"kms:ListGrants\",\"kms:CreateGrant\"],\"Condition\":{\"Bool\":{\"kms:GrantIsForAWSResource\":\"true\"}},\"Effect\":\"Allow\",\"Principal\":{\"AWS\":\"arn:aws:iam::129637475757:role/demo-cluster-role\"},\"Resource\":\"*\",\"Sid\":\"Allow attachment of persistent resources\"}],\"Version\":\"2012-10-17\"}",
            "tags": {},
            "tags_all": {}
          },
          "sensitive_attributes": [],
          "private": "bnVsbA==",
          "dependencies": [
            "module.eks_blueprints.data.aws_caller_identity.current",
            "module.eks_blueprints.data.aws_iam_policy_document.eks_key",
            "module.eks_blueprints.data.aws_iam_session_context.current",
            "module.eks_blueprints.data.aws_partition.current",
            "module.eks_blueprints.data.aws_region.current"
          ],
          "create_before_destroy": true
        }
      ]
    },
    {
      "module": "module.kubernetes_addons",
      "mode": "data",
      "type": "aws_caller_identity",
      "name": "current",
      "provider": "provider[\"registry.terraform.io/hashicorp/aws\"]",
      "instances": [
        {
          "schema_version": 0,
          "attributes": {
            "account_id": "129637475757",
            "arn": "arn:aws:iam::129637475757:user/admin",
            "id": "129637475757",
            "user_id": "AIDAR4LX64WWTMQCOXY5N"
          },
          "sensitive_attributes": []
        }
      ]
    },
    {
      "module": "module.kubernetes_addons",
      "mode": "data",
      "type": "aws_eks_cluster",
      "name": "eks_cluster",
      "provider": "provider[\"registry.terraform.io/hashicorp/aws\"]",
      "instances": [
        {
          "schema_version": 0,
          "attributes": {
            "arn": "arn:aws:eks:us-east-2:129637475757:cluster/demo",
            "certificate_authority": [
              {
                "data": "LS0tLS1CRUdJTiBDRVJUSUZJQ0FURS0tLS0tCk1JSUMvakNDQWVhZ0F3SUJBZ0lCQURBTkJna3Foa2lHOXcwQkFRc0ZBREFWTVJNd0VRWURWUVFERXdwcmRXSmwKY201bGRHVnpNQjRYRFRJek1EVXhPREl4TkRBeU1Gb1hEVE16TURVeE5USXhOREF5TUZvd0ZURVRNQkVHQTFVRQpBeE1LYTNWaVpYSnVaWFJsY3pDQ0FTSXdEUVlKS29aSWh2Y05BUUVCQlFBRGdnRVBBRENDQVFvQ2dnRUJBTkp0CjBTOGpkeE42M2wxL2hXYUswc2FNT01UcXdrUGhBOVF2UEhsTUY2MldSVE9KTWlZZVdZQWZ1c2wvd3loYndvaXgKZFpNSXJIMlJNcmQvbFVjcUZnQUN5eFgveUdNQkFqcUNSUUFkajVuZlhLZ3hxenZXQ3FleS9jalpBTTZTdFNBNQp3VHpJOVRud2RNNHQyUXZLekwyU0IxQjRzT1V0RUFTMkRKQkh1RExsY1VSR0Q2dm1YMU1JMnBXbmxseHhVSTYrClRHRWRJZTNvUldObUN0cmNaRE5GMFRybDJiZmY5enI2eHFMMUpRcVJWY3cwSDZlRWo5dFd5MDEvVVZHOXNqdzcKdmk0SDF2ekszR0xFNkx3Z1J3cW9Fb2g0ZEdhN0hLNGZaelAvUmJPVjNZOW1ObVhIWnVEWjkxMzRVMVFKV01INgpTaDVQV2V5d1VseS9iQUU1bHRFQ0F3RUFBYU5aTUZjd0RnWURWUjBQQVFIL0JBUURBZ0trTUE4R0ExVWRFd0VCCi93UUZNQU1CQWY4d0hRWURWUjBPQkJZRUZLZnNWRHN1TXZES2RmcS8vQ3lqNTZoWWFyanZNQlVHQTFVZEVRUU8KTUF5Q0NtdDFZbVZ5Ym1WMFpYTXdEUVlKS29aSWh2Y05BUUVMQlFBRGdnRUJBR2hZTmtVeXZhVFIxUm9EV0R2bApNMG5ZR0lSVGpKUUJ5SUlEb2REcmI4eHJFSVRqWW80enZyZFRvWS9OYXkrcDNpT1ZFaDZoNHY3VWxCQUFDdk82Ckd5L2FJazEvZTdZVlVWZFFraG82Z1ZCdnlVcGdmWDdGMC9ZSWw0d0lGdUdjWEM3aXdJVTNJblVTTXZlQmxFczQKcWpTM01XeEpkZUdSY21HM2dJNTJDcENHNE03ZkZsVm81MGFpYW05dk16d0tNRU05ZTZuMnNod1ptMlBNeGFuRQoxMXdDT291RXBkRk5rNWc0a0dIMzQ4bEZsOEc0SkEvYUhrMFBMRElBZWVvUW9RRGpRb3ExeWhINkNCZWJlWm5tCkRvazBZN1FFRjI0c3p0bmFERUFDSXZSclRsUnlYVnRQSG5xQmdyRDJ5QjZmd2NFd29HRnZDQ3dVbzk0dWxETjQKWW0wPQotLS0tLUVORCBDRVJUSUZJQ0FURS0tLS0tCg=="
              }
            ],
            "cluster_id": null,
            "created_at": "2023-05-18 21:35:37.057 +0000 UTC",
            "enabled_cluster_log_types": [
              "api",
              "audit",
              "authenticator",
              "controllerManager",
              "scheduler"
            ],
            "endpoint": "https://197B377A1EE7BEC2B12B2FC0FE3A61B5.gr7.us-east-2.eks.amazonaws.com",
            "id": "demo",
            "identity": [
              {
                "oidc": [
                  {
                    "issuer": "https://oidc.eks.us-east-2.amazonaws.com/id/197B377A1EE7BEC2B12B2FC0FE3A61B5"
                  }
                ]
              }
            ],
            "kubernetes_network_config": [
              {
                "ip_family": "ipv4",
                "service_ipv4_cidr": "172.20.0.0/16",
                "service_ipv6_cidr": ""
              }
            ],
            "name": "demo",
            "outpost_config": [],
            "platform_version": "eks.2",
            "role_arn": "arn:aws:iam::129637475757:role/demo-cluster-role",
            "status": "ACTIVE",
            "tags": {},
            "version": "1.26",
            "vpc_config": [
              {
                "cluster_security_group_id": "sg-0849c2d106d2002af",
                "endpoint_private_access": false,
                "endpoint_public_access": true,
                "public_access_cidrs": [
                  "0.0.0.0/0"
                ],
                "security_group_ids": [
                  "sg-0b8a8c7a289a581be"
                ],
                "subnet_ids": [
                  "subnet-008231e027b7dfa2b",
                  "subnet-020245063b6f8b3ed",
                  "subnet-061e4bd63b10b1b23"
                ],
                "vpc_id": "vpc-0904bd51e64985ef2"
              }
            ]
          },
          "sensitive_attributes": []
        }
      ]
    },
    {
      "module": "module.kubernetes_addons",
      "mode": "data",
      "type": "aws_partition",
      "name": "current",
      "provider": "provider[\"registry.terraform.io/hashicorp/aws\"]",
      "instances": [
        {
          "schema_version": 0,
          "attributes": {
            "dns_suffix": "amazonaws.com",
            "id": "aws",
            "partition": "aws",
            "reverse_dns_prefix": "com.amazonaws"
          },
          "sensitive_attributes": []
        }
      ]
    },
    {
      "module": "module.kubernetes_addons",
      "mode": "data",
      "type": "aws_region",
      "name": "current",
      "provider": "provider[\"registry.terraform.io/hashicorp/aws\"]",
      "instances": [
        {
          "schema_version": 0,
          "attributes": {
            "description": "US East (Ohio)",
            "endpoint": "ec2.us-east-2.amazonaws.com",
            "id": "us-east-2",
            "name": "us-east-2"
          },
          "sensitive_attributes": []
        }
      ]
    },
    {
      "module": "module.kubernetes_addons",
      "mode": "managed",
      "type": "time_sleep",
      "name": "dataplane",
      "provider": "provider[\"registry.terraform.io/hashicorp/time\"]",
      "instances": [
        {
          "schema_version": 0,
          "attributes": {
            "create_duration": "10s",
            "destroy_duration": null,
            "id": "2023-05-18T21:44:07Z",
            "triggers": {
              "data_plane_wait_arn": "",
              "eks_cluster_id": "demo"
            }
          },
          "sensitive_attributes": [],
          "dependencies": [
            "module.eks_blueprints.data.aws_caller_identity.current",
            "module.eks_blueprints.data.aws_iam_policy_document.eks_key",
            "module.eks_blueprints.data.aws_iam_session_context.current",
            "module.eks_blueprints.data.aws_partition.current",
            "module.eks_blueprints.data.aws_region.current",
            "module.eks_blueprints.module.aws_eks.aws_cloudwatch_log_group.this",
            "module.eks_blueprints.module.aws_eks.aws_eks_cluster.this",
            "module.eks_blueprints.module.aws_eks.aws_iam_role.this",
            "module.eks_blueprints.module.aws_eks.aws_iam_role_policy_attachment.this",
            "module.eks_blueprints.module.aws_eks.aws_security_group.cluster",
            "module.eks_blueprints.module.aws_eks.aws_security_group.node",
            "module.eks_blueprints.module.aws_eks.aws_security_group_rule.cluster",
            "module.eks_blueprints.module.aws_eks.aws_security_group_rule.node",
            "module.eks_blueprints.module.aws_eks.data.aws_caller_identity.current",
            "module.eks_blueprints.module.aws_eks.data.aws_iam_policy_document.assume_role_policy",
            "module.eks_blueprints.module.aws_eks.data.aws_partition.current",
            "module.eks_blueprints.module.aws_eks.module.kms.aws_kms_external_key.this",
            "module.eks_blueprints.module.aws_eks.module.kms.aws_kms_key.this",
            "module.eks_blueprints.module.aws_eks.module.kms.data.aws_caller_identity.current",
            "module.eks_blueprints.module.aws_eks.module.kms.data.aws_iam_policy_document.this",
            "module.eks_blueprints.module.aws_eks.module.kms.data.aws_partition.current",
            "module.eks_blueprints.module.kms.aws_kms_key.this",
            "module.vpc.aws_subnet.private",
            "module.vpc.aws_vpc.this",
            "module.vpc.aws_vpc_ipv4_cidr_block_association.this"
          ]
        }
      ]
    },
    {
      "module": "module.kubernetes_addons.module.aws_ebs_csi_driver[0]",
      "mode": "data",
      "type": "aws_eks_addon_version",
      "name": "this",
      "provider": "provider[\"registry.terraform.io/hashicorp/aws\"]",
      "instances": [
        {
          "schema_version": 0,
          "attributes": {
            "addon_name": "aws-ebs-csi-driver",
            "id": "aws-ebs-csi-driver",
            "kubernetes_version": "1.26",
            "most_recent": false,
            "version": "v1.18.0-eksbuild.1"
          },
          "sensitive_attributes": []
        }
      ]
    },
    {
      "module": "module.kubernetes_addons.module.aws_ebs_csi_driver[0]",
      "mode": "data",
      "type": "aws_iam_policy_document",
      "name": "aws_ebs_csi_driver",
      "provider": "provider[\"registry.terraform.io/hashicorp/aws\"]",
      "instances": [
        {
          "index_key": 0,
          "schema_version": 0,
          "attributes": {
            "id": "1888929143",
            "json": "{\n  \"Version\": \"2012-10-17\",\n  \"Statement\": [\n    {\n      \"Sid\": \"\",\n      \"Effect\": \"Allow\",\n      \"Action\": [\n        \"ec2:ModifyVolume\",\n        \"ec2:DetachVolume\",\n        \"ec2:DescribeVolumesModifications\",\n        \"ec2:DescribeVolumes\",\n        \"ec2:DescribeTags\",\n        \"ec2:DescribeSnapshots\",\n        \"ec2:DescribeInstances\",\n        \"ec2:DescribeAvailabilityZones\",\n        \"ec2:CreateSnapshot\",\n        \"ec2:AttachVolume\"\n      ],\n      \"Resource\": \"*\"\n    },\n    {\n      \"Sid\": \"\",\n      \"Effect\": \"Allow\",\n      \"Action\": \"ec2:CreateTags\",\n      \"Resource\": [\n        \"arn:aws:ec2:*:*:volume/*\",\n        \"arn:aws:ec2:*:*:snapshot/*\"\n      ],\n      \"Condition\": {\n        \"StringEquals\": {\n          \"ec2:CreateAction\": [\n            \"CreateVolume\",\n            \"CreateSnapshot\"\n          ]\n        }\n      }\n    },\n    {\n      \"Sid\": \"\",\n      \"Effect\": \"Allow\",\n      \"Action\": \"ec2:DeleteTags\",\n      \"Resource\": [\n        \"arn:aws:ec2:*:*:volume/*\",\n        \"arn:aws:ec2:*:*:snapshot/*\"\n      ]\n    },\n    {\n      \"Sid\": \"\",\n      \"Effect\": \"Allow\",\n      \"Action\": \"ec2:CreateVolume\",\n      \"Resource\": \"*\",\n      \"Condition\": {\n        \"StringLike\": {\n          \"aws:RequestTag/ebs.csi.aws.com/cluster\": \"true\"\n        }\n      }\n    },\n    {\n      \"Sid\": \"\",\n      \"Effect\": \"Allow\",\n      \"Action\": \"ec2:CreateVolume\",\n      \"Resource\": \"*\",\n      \"Condition\": {\n        \"StringLike\": {\n          \"aws:RequestTag/CSIVolumeName\": \"*\"\n        }\n      }\n    },\n    {\n      \"Sid\": \"\",\n      \"Effect\": \"Allow\",\n      \"Action\": \"ec2:CreateVolume\",\n      \"Resource\": \"*\",\n      \"Condition\": {\n        \"StringLike\": {\n          \"aws:RequestTag/kubernetes.io/cluster/*\": \"owned\"\n        }\n      }\n    },\n    {\n      \"Sid\": \"\",\n      \"Effect\": \"Allow\",\n      \"Action\": \"ec2:DeleteVolume\",\n      \"Resource\": \"*\",\n      \"Condition\": {\n        \"StringLike\": {\n          \"ec2:ResourceTag/ebs.csi.aws.com/cluster\": \"true\"\n        }\n      }\n    },\n    {\n      \"Sid\": \"\",\n      \"Effect\": \"Allow\",\n      \"Action\": \"ec2:DeleteVolume\",\n      \"Resource\": \"*\",\n      \"Condition\": {\n        \"StringLike\": {\n          \"ec2:ResourceTag/CSIVolumeName\": \"*\"\n        }\n      }\n    },\n    {\n      \"Sid\": \"\",\n      \"Effect\": \"Allow\",\n      \"Action\": \"ec2:DeleteVolume\",\n      \"Resource\": \"*\",\n      \"Condition\": {\n        \"StringLike\": {\n          \"ec2:ResourceTag/kubernetes.io/cluster/*\": \"owned\"\n        }\n      }\n    },\n    {\n      \"Sid\": \"\",\n      \"Effect\": \"Allow\",\n      \"Action\": \"ec2:DeleteSnapshot\",\n      \"Resource\": \"*\",\n      \"Condition\": {\n        \"StringLike\": {\n          \"ec2:ResourceTag/CSIVolumeSnapshotName\": \"*\"\n        }\n      }\n    },\n    {\n      \"Sid\": \"\",\n      \"Effect\": \"Allow\",\n      \"Action\": \"ec2:DeleteSnapshot\",\n      \"Resource\": \"*\",\n      \"Condition\": {\n        \"StringLike\": {\n          \"ec2:ResourceTag/ebs.csi.aws.com/cluster\": \"true\"\n        }\n      }\n    }\n  ]\n}",
            "override_json": null,
            "override_policy_documents": null,
            "policy_id": null,
            "source_json": null,
            "source_policy_documents": null,
            "statement": [
              {
                "actions": [
                  "ec2:AttachVolume",
                  "ec2:CreateSnapshot",
                  "ec2:DescribeAvailabilityZones",
                  "ec2:DescribeInstances",
                  "ec2:DescribeSnapshots",
                  "ec2:DescribeTags",
                  "ec2:DescribeVolumes",
                  "ec2:DescribeVolumesModifications",
                  "ec2:DetachVolume",
                  "ec2:ModifyVolume"
                ],
                "condition": [],
                "effect": "Allow",
                "not_actions": [],
                "not_principals": [],
                "not_resources": [],
                "principals": [],
                "resources": [
                  "*"
                ],
                "sid": ""
              },
              {
                "actions": [
                  "ec2:CreateTags"
                ],
                "condition": [
                  {
                    "test": "StringEquals",
                    "values": [
                      "CreateVolume",
                      "CreateSnapshot"
                    ],
                    "variable": "ec2:CreateAction"
                  }
                ],
                "effect": "Allow",
                "not_actions": [],
                "not_principals": [],
                "not_resources": [],
                "principals": [],
                "resources": [
                  "arn:aws:ec2:*:*:snapshot/*",
                  "arn:aws:ec2:*:*:volume/*"
                ],
                "sid": ""
              },
              {
                "actions": [
                  "ec2:DeleteTags"
                ],
                "condition": [],
                "effect": "Allow",
                "not_actions": [],
                "not_principals": [],
                "not_resources": [],
                "principals": [],
                "resources": [
                  "arn:aws:ec2:*:*:snapshot/*",
                  "arn:aws:ec2:*:*:volume/*"
                ],
                "sid": ""
              },
              {
                "actions": [
                  "ec2:CreateVolume"
                ],
                "condition": [
                  {
                    "test": "StringLike",
                    "values": [
                      "true"
                    ],
                    "variable": "aws:RequestTag/ebs.csi.aws.com/cluster"
                  }
                ],
                "effect": "Allow",
                "not_actions": [],
                "not_principals": [],
                "not_resources": [],
                "principals": [],
                "resources": [
                  "*"
                ],
                "sid": ""
              },
              {
                "actions": [
                  "ec2:CreateVolume"
                ],
                "condition": [
                  {
                    "test": "StringLike",
                    "values": [
                      "*"
                    ],
                    "variable": "aws:RequestTag/CSIVolumeName"
                  }
                ],
                "effect": "Allow",
                "not_actions": [],
                "not_principals": [],
                "not_resources": [],
                "principals": [],
                "resources": [
                  "*"
                ],
                "sid": ""
              },
              {
                "actions": [
                  "ec2:CreateVolume"
                ],
                "condition": [
                  {
                    "test": "StringLike",
                    "values": [
                      "owned"
                    ],
                    "variable": "aws:RequestTag/kubernetes.io/cluster/*"
                  }
                ],
                "effect": "Allow",
                "not_actions": [],
                "not_principals": [],
                "not_resources": [],
                "principals": [],
                "resources": [
                  "*"
                ],
                "sid": ""
              },
              {
                "actions": [
                  "ec2:DeleteVolume"
                ],
                "condition": [
                  {
                    "test": "StringLike",
                    "values": [
                      "true"
                    ],
                    "variable": "ec2:ResourceTag/ebs.csi.aws.com/cluster"
                  }
                ],
                "effect": "Allow",
                "not_actions": [],
                "not_principals": [],
                "not_resources": [],
                "principals": [],
                "resources": [
                  "*"
                ],
                "sid": ""
              },
              {
                "actions": [
                  "ec2:DeleteVolume"
                ],
                "condition": [
                  {
                    "test": "StringLike",
                    "values": [
                      "*"
                    ],
                    "variable": "ec2:ResourceTag/CSIVolumeName"
                  }
                ],
                "effect": "Allow",
                "not_actions": [],
                "not_principals": [],
                "not_resources": [],
                "principals": [],
                "resources": [
                  "*"
                ],
                "sid": ""
              },
              {
                "actions": [
                  "ec2:DeleteVolume"
                ],
                "condition": [
                  {
                    "test": "StringLike",
                    "values": [
                      "owned"
                    ],
                    "variable": "ec2:ResourceTag/kubernetes.io/cluster/*"
                  }
                ],
                "effect": "Allow",
                "not_actions": [],
                "not_principals": [],
                "not_resources": [],
                "principals": [],
                "resources": [
                  "*"
                ],
                "sid": ""
              },
              {
                "actions": [
                  "ec2:DeleteSnapshot"
                ],
                "condition": [
                  {
                    "test": "StringLike",
                    "values": [
                      "*"
                    ],
                    "variable": "ec2:ResourceTag/CSIVolumeSnapshotName"
                  }
                ],
                "effect": "Allow",
                "not_actions": [],
                "not_principals": [],
                "not_resources": [],
                "principals": [],
                "resources": [
                  "*"
                ],
                "sid": ""
              },
              {
                "actions": [
                  "ec2:DeleteSnapshot"
                ],
                "condition": [
                  {
                    "test": "StringLike",
                    "values": [
                      "true"
                    ],
                    "variable": "ec2:ResourceTag/ebs.csi.aws.com/cluster"
                  }
                ],
                "effect": "Allow",
                "not_actions": [],
                "not_principals": [],
                "not_resources": [],
                "principals": [],
                "resources": [
                  "*"
                ],
                "sid": ""
              }
            ],
            "version": "2012-10-17"
          },
          "sensitive_attributes": []
        }
      ]
    },
    {
      "module": "module.kubernetes_addons.module.aws_ebs_csi_driver[0]",
      "mode": "managed",
      "type": "aws_eks_addon",
      "name": "aws_ebs_csi_driver",
      "provider": "provider[\"registry.terraform.io/hashicorp/aws\"]",
      "instances": [
        {
          "index_key": 0,
          "schema_version": 0,
          "attributes": {
            "addon_name": "aws-ebs-csi-driver",
            "addon_version": "v1.18.0-eksbuild.1",
            "arn": "arn:aws:eks:us-east-2:129637475757:addon/demo/aws-ebs-csi-driver/20c41869-000d-59d0-098d-b73cae08ce81",
            "cluster_name": "demo",
            "configuration_values": "",
            "created_at": "2023-05-18T21:44:09Z",
            "id": "demo:aws-ebs-csi-driver",
            "modified_at": "2023-05-18T21:58:55Z",
            "preserve": true,
            "resolve_conflicts": "OVERWRITE",
            "service_account_role_arn": "arn:aws:iam::129637475757:role/demo-ebs-csi-controller-sa-irsa",
            "tags": {},
            "tags_all": {},
            "timeouts": null
          },
          "sensitive_attributes": [],
          "private": "eyJlMmJmYjczMC1lY2FhLTExZTYtOGY4OC0zNDM2M2JjN2M0YzAiOnsiY3JlYXRlIjoxMjAwMDAwMDAwMDAwLCJkZWxldGUiOjI0MDAwMDAwMDAwMDAsInVwZGF0ZSI6MTIwMDAwMDAwMDAwMH19",
          "dependencies": [
            "module.eks_blueprints.data.aws_caller_identity.current",
            "module.eks_blueprints.data.aws_iam_policy_document.eks_key",
            "module.eks_blueprints.data.aws_iam_session_context.current",
            "module.eks_blueprints.data.aws_partition.current",
            "module.eks_blueprints.data.aws_region.current",
            "module.eks_blueprints.module.aws_eks.aws_cloudwatch_log_group.this",
            "module.eks_blueprints.module.aws_eks.aws_eks_cluster.this",
            "module.eks_blueprints.module.aws_eks.aws_iam_role.this",
            "module.eks_blueprints.module.aws_eks.aws_iam_role_policy_attachment.this",
            "module.eks_blueprints.module.aws_eks.aws_security_group.cluster",
            "module.eks_blueprints.module.aws_eks.aws_security_group.node",
            "module.eks_blueprints.module.aws_eks.aws_security_group_rule.cluster",
            "module.eks_blueprints.module.aws_eks.aws_security_group_rule.node",
            "module.eks_blueprints.module.aws_eks.data.aws_caller_identity.current",
            "module.eks_blueprints.module.aws_eks.data.aws_iam_policy_document.assume_role_policy",
            "module.eks_blueprints.module.aws_eks.data.aws_partition.current",
            "module.eks_blueprints.module.aws_eks.module.kms.aws_kms_external_key.this",
            "module.eks_blueprints.module.aws_eks.module.kms.aws_kms_key.this",
            "module.eks_blueprints.module.aws_eks.module.kms.data.aws_caller_identity.current",
            "module.eks_blueprints.module.aws_eks.module.kms.data.aws_iam_policy_document.this",
            "module.eks_blueprints.module.aws_eks.module.kms.data.aws_partition.current",
            "module.eks_blueprints.module.kms.aws_kms_key.this",
            "module.kubernetes_addons.data.aws_caller_identity.current",
            "module.kubernetes_addons.data.aws_eks_cluster.eks_cluster",
            "module.kubernetes_addons.data.aws_partition.current",
            "module.kubernetes_addons.data.aws_region.current",
            "module.kubernetes_addons.module.aws_ebs_csi_driver.aws_iam_policy.aws_ebs_csi_driver",
            "module.kubernetes_addons.module.aws_ebs_csi_driver.data.aws_eks_addon_version.this",
            "module.kubernetes_addons.module.aws_ebs_csi_driver.data.aws_iam_policy_document.aws_ebs_csi_driver",
            "module.kubernetes_addons.module.aws_ebs_csi_driver.module.irsa_addon.aws_iam_role.irsa",
            "module.kubernetes_addons.time_sleep.dataplane",
            "module.vpc.aws_subnet.private",
            "module.vpc.aws_vpc.this",
            "module.vpc.aws_vpc_ipv4_cidr_block_association.this"
          ]
        }
      ]
    },
    {
      "module": "module.kubernetes_addons.module.aws_ebs_csi_driver[0]",
      "mode": "managed",
      "type": "aws_iam_policy",
      "name": "aws_ebs_csi_driver",
      "provider": "provider[\"registry.terraform.io/hashicorp/aws\"]",
      "instances": [
        {
          "index_key": 0,
          "schema_version": 0,
          "attributes": {
            "arn": "arn:aws:iam::129637475757:policy/demo-aws-ebs-csi-driver-irsa",
            "description": "IAM Policy for AWS EBS CSI Driver",
            "id": "arn:aws:iam::129637475757:policy/demo-aws-ebs-csi-driver-irsa",
            "name": "demo-aws-ebs-csi-driver-irsa",
            "name_prefix": "",
            "path": "/",
            "policy": "{\"Statement\":[{\"Action\":[\"ec2:ModifyVolume\",\"ec2:DetachVolume\",\"ec2:DescribeVolumesModifications\",\"ec2:DescribeVolumes\",\"ec2:DescribeTags\",\"ec2:DescribeSnapshots\",\"ec2:DescribeInstances\",\"ec2:DescribeAvailabilityZones\",\"ec2:CreateSnapshot\",\"ec2:AttachVolume\"],\"Effect\":\"Allow\",\"Resource\":\"*\",\"Sid\":\"\"},{\"Action\":\"ec2:CreateTags\",\"Condition\":{\"StringEquals\":{\"ec2:CreateAction\":[\"CreateVolume\",\"CreateSnapshot\"]}},\"Effect\":\"Allow\",\"Resource\":[\"arn:aws:ec2:*:*:volume/*\",\"arn:aws:ec2:*:*:snapshot/*\"],\"Sid\":\"\"},{\"Action\":\"ec2:DeleteTags\",\"Effect\":\"Allow\",\"Resource\":[\"arn:aws:ec2:*:*:volume/*\",\"arn:aws:ec2:*:*:snapshot/*\"],\"Sid\":\"\"},{\"Action\":\"ec2:CreateVolume\",\"Condition\":{\"StringLike\":{\"aws:RequestTag/ebs.csi.aws.com/cluster\":\"true\"}},\"Effect\":\"Allow\",\"Resource\":\"*\",\"Sid\":\"\"},{\"Action\":\"ec2:CreateVolume\",\"Condition\":{\"StringLike\":{\"aws:RequestTag/CSIVolumeName\":\"*\"}},\"Effect\":\"Allow\",\"Resource\":\"*\",\"Sid\":\"\"},{\"Action\":\"ec2:CreateVolume\",\"Condition\":{\"StringLike\":{\"aws:RequestTag/kubernetes.io/cluster/*\":\"owned\"}},\"Effect\":\"Allow\",\"Resource\":\"*\",\"Sid\":\"\"},{\"Action\":\"ec2:DeleteVolume\",\"Condition\":{\"StringLike\":{\"ec2:ResourceTag/ebs.csi.aws.com/cluster\":\"true\"}},\"Effect\":\"Allow\",\"Resource\":\"*\",\"Sid\":\"\"},{\"Action\":\"ec2:DeleteVolume\",\"Condition\":{\"StringLike\":{\"ec2:ResourceTag/CSIVolumeName\":\"*\"}},\"Effect\":\"Allow\",\"Resource\":\"*\",\"Sid\":\"\"},{\"Action\":\"ec2:DeleteVolume\",\"Condition\":{\"StringLike\":{\"ec2:ResourceTag/kubernetes.io/cluster/*\":\"owned\"}},\"Effect\":\"Allow\",\"Resource\":\"*\",\"Sid\":\"\"},{\"Action\":\"ec2:DeleteSnapshot\",\"Condition\":{\"StringLike\":{\"ec2:ResourceTag/CSIVolumeSnapshotName\":\"*\"}},\"Effect\":\"Allow\",\"Resource\":\"*\",\"Sid\":\"\"},{\"Action\":\"ec2:DeleteSnapshot\",\"Condition\":{\"StringLike\":{\"ec2:ResourceTag/ebs.csi.aws.com/cluster\":\"true\"}},\"Effect\":\"Allow\",\"Resource\":\"*\",\"Sid\":\"\"}],\"Version\":\"2012-10-17\"}",
            "policy_id": "ANPAR4LX64WW6F4MQNVND",
            "tags": {},
            "tags_all": {}
          },
          "sensitive_attributes": [],
          "private": "bnVsbA==",
          "dependencies": [
            "module.eks_blueprints.data.aws_caller_identity.current",
            "module.eks_blueprints.data.aws_iam_policy_document.eks_key",
            "module.eks_blueprints.data.aws_iam_session_context.current",
            "module.eks_blueprints.data.aws_partition.current",
            "module.eks_blueprints.data.aws_region.current",
            "module.eks_blueprints.module.aws_eks.aws_cloudwatch_log_group.this",
            "module.eks_blueprints.module.aws_eks.aws_eks_cluster.this",
            "module.eks_blueprints.module.aws_eks.aws_iam_role.this",
            "module.eks_blueprints.module.aws_eks.aws_iam_role_policy_attachment.this",
            "module.eks_blueprints.module.aws_eks.aws_security_group.cluster",
            "module.eks_blueprints.module.aws_eks.aws_security_group.node",
            "module.eks_blueprints.module.aws_eks.aws_security_group_rule.cluster",
            "module.eks_blueprints.module.aws_eks.aws_security_group_rule.node",
            "module.eks_blueprints.module.aws_eks.data.aws_caller_identity.current",
            "module.eks_blueprints.module.aws_eks.data.aws_iam_policy_document.assume_role_policy",
            "module.eks_blueprints.module.aws_eks.data.aws_partition.current",
            "module.eks_blueprints.module.aws_eks.module.kms.aws_kms_external_key.this",
            "module.eks_blueprints.module.aws_eks.module.kms.aws_kms_key.this",
            "module.eks_blueprints.module.aws_eks.module.kms.data.aws_caller_identity.current",
            "module.eks_blueprints.module.aws_eks.module.kms.data.aws_iam_policy_document.this",
            "module.eks_blueprints.module.aws_eks.module.kms.data.aws_partition.current",
            "module.eks_blueprints.module.kms.aws_kms_key.this",
            "module.kubernetes_addons.data.aws_caller_identity.current",
            "module.kubernetes_addons.data.aws_eks_cluster.eks_cluster",
            "module.kubernetes_addons.data.aws_partition.current",
            "module.kubernetes_addons.data.aws_region.current",
            "module.kubernetes_addons.module.aws_ebs_csi_driver.data.aws_iam_policy_document.aws_ebs_csi_driver",
            "module.kubernetes_addons.time_sleep.dataplane",
            "module.vpc.aws_subnet.private",
            "module.vpc.aws_vpc.this",
            "module.vpc.aws_vpc_ipv4_cidr_block_association.this"
          ]
        }
      ]
    },
    {
      "module": "module.kubernetes_addons.module.aws_ebs_csi_driver[0].module.irsa_addon[0]",
      "mode": "managed",
      "type": "aws_iam_role",
      "name": "irsa",
      "provider": "provider[\"registry.terraform.io/hashicorp/aws\"]",
      "instances": [
        {
          "index_key": 0,
          "schema_version": 0,
          "attributes": {
            "arn": "arn:aws:iam::129637475757:role/demo-ebs-csi-controller-sa-irsa",
            "assume_role_policy": "{\"Statement\":[{\"Action\":\"sts:AssumeRoleWithWebIdentity\",\"Condition\":{\"StringLike\":{\"oidc.eks.us-east-2.amazonaws.com/id/197B377A1EE7BEC2B12B2FC0FE3A61B5:aud\":\"sts.amazonaws.com\",\"oidc.eks.us-east-2.amazonaws.com/id/197B377A1EE7BEC2B12B2FC0FE3A61B5:sub\":\"system:serviceaccount:kube-system:ebs-csi-controller-sa\"}},\"Effect\":\"Allow\",\"Principal\":{\"Federated\":\"arn:aws:iam::129637475757:oidc-provider/oidc.eks.us-east-2.amazonaws.com/id/197B377A1EE7BEC2B12B2FC0FE3A61B5\"}}],\"Version\":\"2012-10-17\"}",
            "create_date": "2023-05-18T21:44:08Z",
            "description": "AWS IAM Role for the Kubernetes service account ebs-csi-controller-sa.",
            "force_detach_policies": true,
            "id": "demo-ebs-csi-controller-sa-irsa",
            "inline_policy": [],
            "managed_policy_arns": [
              "arn:aws:iam::129637475757:policy/demo-aws-ebs-csi-driver-irsa"
            ],
            "max_session_duration": 3600,
            "name": "demo-ebs-csi-controller-sa-irsa",
            "name_prefix": "",
            "path": "/",
            "permissions_boundary": "",
            "role_last_used": [
              {
                "last_used_date": "",
                "region": ""
              }
            ],
            "tags": {},
            "tags_all": {},
            "unique_id": "AROAR4LX64WWXLCAZB4QE"
          },
          "sensitive_attributes": [],
          "private": "bnVsbA==",
          "dependencies": [
            "module.eks_blueprints.data.aws_caller_identity.current",
            "module.eks_blueprints.data.aws_iam_policy_document.eks_key",
            "module.eks_blueprints.data.aws_iam_session_context.current",
            "module.eks_blueprints.data.aws_partition.current",
            "module.eks_blueprints.data.aws_region.current",
            "module.eks_blueprints.module.aws_eks.aws_cloudwatch_log_group.this",
            "module.eks_blueprints.module.aws_eks.aws_eks_cluster.this",
            "module.eks_blueprints.module.aws_eks.aws_iam_role.this",
            "module.eks_blueprints.module.aws_eks.aws_iam_role_policy_attachment.this",
            "module.eks_blueprints.module.aws_eks.aws_security_group.cluster",
            "module.eks_blueprints.module.aws_eks.aws_security_group.node",
            "module.eks_blueprints.module.aws_eks.aws_security_group_rule.cluster",
            "module.eks_blueprints.module.aws_eks.aws_security_group_rule.node",
            "module.eks_blueprints.module.aws_eks.data.aws_caller_identity.current",
            "module.eks_blueprints.module.aws_eks.data.aws_iam_policy_document.assume_role_policy",
            "module.eks_blueprints.module.aws_eks.data.aws_partition.current",
            "module.eks_blueprints.module.aws_eks.module.kms.aws_kms_external_key.this",
            "module.eks_blueprints.module.aws_eks.module.kms.aws_kms_key.this",
            "module.eks_blueprints.module.aws_eks.module.kms.data.aws_caller_identity.current",
            "module.eks_blueprints.module.aws_eks.module.kms.data.aws_iam_policy_document.this",
            "module.eks_blueprints.module.aws_eks.module.kms.data.aws_partition.current",
            "module.eks_blueprints.module.kms.aws_kms_key.this",
            "module.kubernetes_addons.data.aws_caller_identity.current",
            "module.kubernetes_addons.data.aws_eks_cluster.eks_cluster",
            "module.kubernetes_addons.data.aws_partition.current",
            "module.kubernetes_addons.data.aws_region.current",
            "module.kubernetes_addons.module.aws_ebs_csi_driver.aws_iam_policy.aws_ebs_csi_driver",
            "module.kubernetes_addons.module.aws_ebs_csi_driver.data.aws_iam_policy_document.aws_ebs_csi_driver",
            "module.kubernetes_addons.time_sleep.dataplane",
            "module.vpc.aws_subnet.private",
            "module.vpc.aws_vpc.this",
            "module.vpc.aws_vpc_ipv4_cidr_block_association.this"
          ]
        }
      ]
    },
    {
      "module": "module.kubernetes_addons.module.aws_ebs_csi_driver[0].module.irsa_addon[0]",
      "mode": "managed",
      "type": "aws_iam_role_policy_attachment",
      "name": "irsa",
      "provider": "provider[\"registry.terraform.io/hashicorp/aws\"]",
      "instances": [
        {
          "index_key": 0,
          "schema_version": 0,
          "attributes": {
            "id": "demo-ebs-csi-controller-sa-irsa-2023051821440895430000000f",
            "policy_arn": "arn:aws:iam::129637475757:policy/demo-aws-ebs-csi-driver-irsa",
            "role": "demo-ebs-csi-controller-sa-irsa"
          },
          "sensitive_attributes": [],
          "private": "bnVsbA==",
          "dependencies": [
            "module.eks_blueprints.data.aws_caller_identity.current",
            "module.eks_blueprints.data.aws_iam_policy_document.eks_key",
            "module.eks_blueprints.data.aws_iam_session_context.current",
            "module.eks_blueprints.data.aws_partition.current",
            "module.eks_blueprints.data.aws_region.current",
            "module.eks_blueprints.module.aws_eks.aws_cloudwatch_log_group.this",
            "module.eks_blueprints.module.aws_eks.aws_eks_cluster.this",
            "module.eks_blueprints.module.aws_eks.aws_iam_role.this",
            "module.eks_blueprints.module.aws_eks.aws_iam_role_policy_attachment.this",
            "module.eks_blueprints.module.aws_eks.aws_security_group.cluster",
            "module.eks_blueprints.module.aws_eks.aws_security_group.node",
            "module.eks_blueprints.module.aws_eks.aws_security_group_rule.cluster",
            "module.eks_blueprints.module.aws_eks.aws_security_group_rule.node",
            "module.eks_blueprints.module.aws_eks.data.aws_caller_identity.current",
            "module.eks_blueprints.module.aws_eks.data.aws_iam_policy_document.assume_role_policy",
            "module.eks_blueprints.module.aws_eks.data.aws_partition.current",
            "module.eks_blueprints.module.aws_eks.module.kms.aws_kms_external_key.this",
            "module.eks_blueprints.module.aws_eks.module.kms.aws_kms_key.this",
            "module.eks_blueprints.module.aws_eks.module.kms.data.aws_caller_identity.current",
            "module.eks_blueprints.module.aws_eks.module.kms.data.aws_iam_policy_document.this",
            "module.eks_blueprints.module.aws_eks.module.kms.data.aws_partition.current",
            "module.eks_blueprints.module.kms.aws_kms_key.this",
            "module.kubernetes_addons.data.aws_caller_identity.current",
            "module.kubernetes_addons.data.aws_eks_cluster.eks_cluster",
            "module.kubernetes_addons.data.aws_partition.current",
            "module.kubernetes_addons.data.aws_region.current",
            "module.kubernetes_addons.module.aws_ebs_csi_driver.aws_iam_policy.aws_ebs_csi_driver",
            "module.kubernetes_addons.module.aws_ebs_csi_driver.data.aws_iam_policy_document.aws_ebs_csi_driver",
            "module.kubernetes_addons.module.aws_ebs_csi_driver.module.irsa_addon.aws_iam_role.irsa",
            "module.kubernetes_addons.time_sleep.dataplane",
            "module.vpc.aws_subnet.private",
            "module.vpc.aws_vpc.this",
            "module.vpc.aws_vpc_ipv4_cidr_block_association.this"
          ]
        }
      ]
    },
    {
      "module": "module.kubernetes_addons.module.aws_load_balancer_controller[0]",
      "mode": "data",
      "type": "aws_iam_policy_document",
      "name": "aws_lb",
      "provider": "provider[\"registry.terraform.io/hashicorp/aws\"]",
      "instances": [
        {
          "schema_version": 0,
          "attributes": {
            "id": "2633998141",
            "json": "{\n  \"Version\": \"2012-10-17\",\n  \"Statement\": [\n    {\n      \"Sid\": \"\",\n      \"Effect\": \"Allow\",\n      \"Action\": \"iam:CreateServiceLinkedRole\",\n      \"Resource\": \"*\",\n      \"Condition\": {\n        \"StringEquals\": {\n          \"iam:AWSServiceName\": \"elasticloadbalancing.amazonaws.com\"\n        }\n      }\n    },\n    {\n      \"Sid\": \"\",\n      \"Effect\": \"Allow\",\n      \"Action\": [\n        \"elasticloadbalancing:DescribeTargetHealth\",\n        \"elasticloadbalancing:DescribeTargetGroups\",\n        \"elasticloadbalancing:DescribeTargetGroupAttributes\",\n        \"elasticloadbalancing:DescribeTags\",\n        \"elasticloadbalancing:DescribeSSLPolicies\",\n        \"elasticloadbalancing:DescribeRules\",\n        \"elasticloadbalancing:DescribeLoadBalancers\",\n        \"elasticloadbalancing:DescribeLoadBalancerAttributes\",\n        \"elasticloadbalancing:DescribeListeners\",\n        \"elasticloadbalancing:DescribeListenerCertificates\",\n        \"ec2:GetCoipPoolUsage\",\n        \"ec2:DescribeVpcs\",\n        \"ec2:DescribeVpcPeeringConnections\",\n        \"ec2:DescribeTags\",\n        \"ec2:DescribeSubnets\",\n        \"ec2:DescribeSecurityGroups\",\n        \"ec2:DescribeNetworkInterfaces\",\n        \"ec2:DescribeInternetGateways\",\n        \"ec2:DescribeInstances\",\n        \"ec2:DescribeCoipPools\",\n        \"ec2:DescribeAvailabilityZones\",\n        \"ec2:DescribeAddresses\",\n        \"ec2:DescribeAccountAttributes\"\n      ],\n      \"Resource\": \"*\"\n    },\n    {\n      \"Sid\": \"\",\n      \"Effect\": \"Allow\",\n      \"Action\": [\n        \"wafv2:GetWebACLForResource\",\n        \"wafv2:GetWebACL\",\n        \"wafv2:DisassociateWebACL\",\n        \"wafv2:AssociateWebACL\",\n        \"waf-regional:GetWebACLForResource\",\n        \"waf-regional:GetWebACL\",\n        \"waf-regional:DisassociateWebACL\",\n        \"waf-regional:AssociateWebACL\",\n        \"shield:GetSubscriptionState\",\n        \"shield:DescribeProtection\",\n        \"shield:DeleteProtection\",\n        \"shield:CreateProtection\",\n        \"iam:ListServerCertificates\",\n        \"iam:GetServerCertificate\",\n        \"cognito-idp:DescribeUserPoolClient\",\n        \"acm:ListCertificates\",\n        \"acm:DescribeCertificate\"\n      ],\n      \"Resource\": \"*\"\n    },\n    {\n      \"Sid\": \"\",\n      \"Effect\": \"Allow\",\n      \"Action\": [\n        \"ec2:RevokeSecurityGroupIngress\",\n        \"ec2:AuthorizeSecurityGroupIngress\"\n      ],\n      \"Resource\": \"*\"\n    },\n    {\n      \"Sid\": \"\",\n      \"Effect\": \"Allow\",\n      \"Action\": \"ec2:CreateSecurityGroup\",\n      \"Resource\": \"*\"\n    },\n    {\n      \"Sid\": \"\",\n      \"Effect\": \"Allow\",\n      \"Action\": \"ec2:CreateTags\",\n      \"Resource\": \"arn:aws:ec2:*:*:security-group/*\",\n      \"Condition\": {\n        \"Null\": {\n          \"aws:RequestTag/elbv2.k8s.aws/cluster\": \"false\"\n        },\n        \"StringEquals\": {\n          \"ec2:CreateAction\": \"CreateSecurityGroup\"\n        }\n      }\n    },\n    {\n      \"Sid\": \"\",\n      \"Effect\": \"Allow\",\n      \"Action\": [\n        \"ec2:DeleteTags\",\n        \"ec2:CreateTags\"\n      ],\n      \"Resource\": \"arn:aws:ec2:*:*:security-group/*\",\n      \"Condition\": {\n        \"Null\": {\n          \"aws:ResourceTag/ingress.k8s.aws/cluster\": \"false\"\n        }\n      }\n    },\n    {\n      \"Sid\": \"\",\n      \"Effect\": \"Allow\",\n      \"Action\": [\n        \"elasticloadbalancing:RemoveTags\",\n        \"elasticloadbalancing:DeleteTargetGroup\",\n        \"elasticloadbalancing:AddTags\"\n      ],\n      \"Resource\": [\n        \"arn:aws:elasticloadbalancing:*:*:targetgroup/*/*\",\n        \"arn:aws:elasticloadbalancing:*:*:loadbalancer/net/*/*\",\n        \"arn:aws:elasticloadbalancing:*:*:loadbalancer/app/*/*\"\n      ],\n      \"Condition\": {\n        \"Null\": {\n          \"aws:ResourceTag/ingress.k8s.aws/cluster\": \"false\"\n        }\n      }\n    },\n    {\n      \"Sid\": \"\",\n      \"Effect\": \"Allow\",\n      \"Action\": [\n        \"ec2:DeleteTags\",\n        \"ec2:CreateTags\"\n      ],\n      \"Resource\": \"arn:aws:ec2:*:*:security-group/*\",\n      \"Condition\": {\n        \"Null\": {\n          \"aws:RequestTag/elbv2.k8s.aws/cluster\": \"true\",\n          \"aws:ResourceTag/elbv2.k8s.aws/cluster\": \"false\"\n        }\n      }\n    },\n    {\n      \"Sid\": \"\",\n      \"Effect\": \"Allow\",\n      \"Action\": [\n        \"ec2:RevokeSecurityGroupIngress\",\n        \"ec2:DeleteSecurityGroup\",\n        \"ec2:AuthorizeSecurityGroupIngress\"\n      ],\n      \"Resource\": \"*\",\n      \"Condition\": {\n        \"Null\": {\n          \"aws:ResourceTag/elbv2.k8s.aws/cluster\": \"false\"\n        }\n      }\n    },\n    {\n      \"Sid\": \"\",\n      \"Effect\": \"Allow\",\n      \"Action\": [\n        \"elasticloadbalancing:CreateTargetGroup\",\n        \"elasticloadbalancing:CreateLoadBalancer\"\n      ],\n      \"Resource\": \"*\",\n      \"Condition\": {\n        \"Null\": {\n          \"aws:RequestTag/elbv2.k8s.aws/cluster\": \"false\"\n        }\n      }\n    },\n    {\n      \"Sid\": \"\",\n      \"Effect\": \"Allow\",\n      \"Action\": [\n        \"elasticloadbalancing:DeleteRule\",\n        \"elasticloadbalancing:DeleteListener\",\n        \"elasticloadbalancing:CreateRule\",\n        \"elasticloadbalancing:CreateListener\"\n      ],\n      \"Resource\": \"*\"\n    },\n    {\n      \"Sid\": \"\",\n      \"Effect\": \"Allow\",\n      \"Action\": [\n        \"elasticloadbalancing:RemoveTags\",\n        \"elasticloadbalancing:AddTags\"\n      ],\n      \"Resource\": [\n        \"arn:aws:elasticloadbalancing:*:*:targetgroup/*/*\",\n        \"arn:aws:elasticloadbalancing:*:*:loadbalancer/net/*/*\",\n        \"arn:aws:elasticloadbalancing:*:*:loadbalancer/app/*/*\"\n      ],\n      \"Condition\": {\n        \"Null\": {\n          \"aws:RequestTag/elbv2.k8s.aws/cluster\": \"true\",\n          \"aws:ResourceTag/elbv2.k8s.aws/cluster\": \"false\"\n        }\n      }\n    },\n    {\n      \"Sid\": \"\",\n      \"Effect\": \"Allow\",\n      \"Action\": [\n        \"elasticloadbalancing:RemoveTags\",\n        \"elasticloadbalancing:AddTags\"\n      ],\n      \"Resource\": [\n        \"arn:aws:elasticloadbalancing:*:*:listener/net/*/*/*\",\n        \"arn:aws:elasticloadbalancing:*:*:listener/app/*/*/*\",\n        \"arn:aws:elasticloadbalancing:*:*:listener-rule/net/*/*/*\",\n        \"arn:aws:elasticloadbalancing:*:*:listener-rule/app/*/*/*\"\n      ]\n    },\n    {\n      \"Sid\": \"\",\n      \"Effect\": \"Allow\",\n      \"Action\": [\n        \"elasticloadbalancing:SetSubnets\",\n        \"elasticloadbalancing:SetSecurityGroups\",\n        \"elasticloadbalancing:SetIpAddressType\",\n        \"elasticloadbalancing:ModifyTargetGroupAttributes\",\n        \"elasticloadbalancing:ModifyTargetGroup\",\n        \"elasticloadbalancing:ModifyLoadBalancerAttributes\",\n        \"elasticloadbalancing:DeleteTargetGroup\",\n        \"elasticloadbalancing:DeleteLoadBalancer\"\n      ],\n      \"Resource\": \"*\",\n      \"Condition\": {\n        \"Null\": {\n          \"aws:ResourceTag/elbv2.k8s.aws/cluster\": \"false\"\n        }\n      }\n    },\n    {\n      \"Sid\": \"\",\n      \"Effect\": \"Allow\",\n      \"Action\": [\n        \"elasticloadbalancing:RegisterTargets\",\n        \"elasticloadbalancing:DeregisterTargets\"\n      ],\n      \"Resource\": \"arn:aws:elasticloadbalancing:*:*:targetgroup/*/*\"\n    },\n    {\n      \"Sid\": \"\",\n      \"Effect\": \"Allow\",\n      \"Action\": [\n        \"elasticloadbalancing:SetWebAcl\",\n        \"elasticloadbalancing:RemoveListenerCertificates\",\n        \"elasticloadbalancing:ModifyRule\",\n        \"elasticloadbalancing:ModifyListener\",\n        \"elasticloadbalancing:AddListenerCertificates\"\n      ],\n      \"Resource\": \"*\"\n    }\n  ]\n}",
            "override_json": null,
            "override_policy_documents": null,
            "policy_id": null,
            "source_json": null,
            "source_policy_documents": null,
            "statement": [
              {
                "actions": [
                  "iam:CreateServiceLinkedRole"
                ],
                "condition": [
                  {
                    "test": "StringEquals",
                    "values": [
                      "elasticloadbalancing.amazonaws.com"
                    ],
                    "variable": "iam:AWSServiceName"
                  }
                ],
                "effect": "Allow",
                "not_actions": [],
                "not_principals": [],
                "not_resources": [],
                "principals": [],
                "resources": [
                  "*"
                ],
                "sid": ""
              },
              {
                "actions": [
                  "ec2:DescribeAccountAttributes",
                  "ec2:DescribeAddresses",
                  "ec2:DescribeAvailabilityZones",
                  "ec2:DescribeCoipPools",
                  "ec2:DescribeInstances",
                  "ec2:DescribeInternetGateways",
                  "ec2:DescribeNetworkInterfaces",
                  "ec2:DescribeSecurityGroups",
                  "ec2:DescribeSubnets",
                  "ec2:DescribeTags",
                  "ec2:DescribeVpcPeeringConnections",
                  "ec2:DescribeVpcs",
                  "ec2:GetCoipPoolUsage",
                  "elasticloadbalancing:DescribeListenerCertificates",
                  "elasticloadbalancing:DescribeListeners",
                  "elasticloadbalancing:DescribeLoadBalancerAttributes",
                  "elasticloadbalancing:DescribeLoadBalancers",
                  "elasticloadbalancing:DescribeRules",
                  "elasticloadbalancing:DescribeSSLPolicies",
                  "elasticloadbalancing:DescribeTags",
                  "elasticloadbalancing:DescribeTargetGroupAttributes",
                  "elasticloadbalancing:DescribeTargetGroups",
                  "elasticloadbalancing:DescribeTargetHealth"
                ],
                "condition": [],
                "effect": "Allow",
                "not_actions": [],
                "not_principals": [],
                "not_resources": [],
                "principals": [],
                "resources": [
                  "*"
                ],
                "sid": ""
              },
              {
                "actions": [
                  "acm:DescribeCertificate",
                  "acm:ListCertificates",
                  "cognito-idp:DescribeUserPoolClient",
                  "iam:GetServerCertificate",
                  "iam:ListServerCertificates",
                  "shield:CreateProtection",
                  "shield:DeleteProtection",
                  "shield:DescribeProtection",
                  "shield:GetSubscriptionState",
                  "waf-regional:AssociateWebACL",
                  "waf-regional:DisassociateWebACL",
                  "waf-regional:GetWebACL",
                  "waf-regional:GetWebACLForResource",
                  "wafv2:AssociateWebACL",
                  "wafv2:DisassociateWebACL",
                  "wafv2:GetWebACL",
                  "wafv2:GetWebACLForResource"
                ],
                "condition": [],
                "effect": "Allow",
                "not_actions": [],
                "not_principals": [],
                "not_resources": [],
                "principals": [],
                "resources": [
                  "*"
                ],
                "sid": ""
              },
              {
                "actions": [
                  "ec2:AuthorizeSecurityGroupIngress",
                  "ec2:RevokeSecurityGroupIngress"
                ],
                "condition": [],
                "effect": "Allow",
                "not_actions": [],
                "not_principals": [],
                "not_resources": [],
                "principals": [],
                "resources": [
                  "*"
                ],
                "sid": ""
              },
              {
                "actions": [
                  "ec2:CreateSecurityGroup"
                ],
                "condition": [],
                "effect": "Allow",
                "not_actions": [],
                "not_principals": [],
                "not_resources": [],
                "principals": [],
                "resources": [
                  "*"
                ],
                "sid": ""
              },
              {
                "actions": [
                  "ec2:CreateTags"
                ],
                "condition": [
                  {
                    "test": "Null",
                    "values": [
                      "false"
                    ],
                    "variable": "aws:RequestTag/elbv2.k8s.aws/cluster"
                  },
                  {
                    "test": "StringEquals",
                    "values": [
                      "CreateSecurityGroup"
                    ],
                    "variable": "ec2:CreateAction"
                  }
                ],
                "effect": "Allow",
                "not_actions": [],
                "not_principals": [],
                "not_resources": [],
                "principals": [],
                "resources": [
                  "arn:aws:ec2:*:*:security-group/*"
                ],
                "sid": ""
              },
              {
                "actions": [
                  "ec2:CreateTags",
                  "ec2:DeleteTags"
                ],
                "condition": [
                  {
                    "test": "Null",
                    "values": [
                      "false"
                    ],
                    "variable": "aws:ResourceTag/ingress.k8s.aws/cluster"
                  }
                ],
                "effect": "Allow",
                "not_actions": [],
                "not_principals": [],
                "not_resources": [],
                "principals": [],
                "resources": [
                  "arn:aws:ec2:*:*:security-group/*"
                ],
                "sid": ""
              },
              {
                "actions": [
                  "elasticloadbalancing:AddTags",
                  "elasticloadbalancing:DeleteTargetGroup",
                  "elasticloadbalancing:RemoveTags"
                ],
                "condition": [
                  {
                    "test": "Null",
                    "values": [
                      "false"
                    ],
                    "variable": "aws:ResourceTag/ingress.k8s.aws/cluster"
                  }
                ],
                "effect": "Allow",
                "not_actions": [],
                "not_principals": [],
                "not_resources": [],
                "principals": [],
                "resources": [
                  "arn:aws:elasticloadbalancing:*:*:loadbalancer/app/*/*",
                  "arn:aws:elasticloadbalancing:*:*:loadbalancer/net/*/*",
                  "arn:aws:elasticloadbalancing:*:*:targetgroup/*/*"
                ],
                "sid": ""
              },
              {
                "actions": [
                  "ec2:CreateTags",
                  "ec2:DeleteTags"
                ],
                "condition": [
                  {
                    "test": "Null",
                    "values": [
                      "false"
                    ],
                    "variable": "aws:ResourceTag/elbv2.k8s.aws/cluster"
                  },
                  {
                    "test": "Null",
                    "values": [
                      "true"
                    ],
                    "variable": "aws:RequestTag/elbv2.k8s.aws/cluster"
                  }
                ],
                "effect": "Allow",
                "not_actions": [],
                "not_principals": [],
                "not_resources": [],
                "principals": [],
                "resources": [
                  "arn:aws:ec2:*:*:security-group/*"
                ],
                "sid": ""
              },
              {
                "actions": [
                  "ec2:AuthorizeSecurityGroupIngress",
                  "ec2:DeleteSecurityGroup",
                  "ec2:RevokeSecurityGroupIngress"
                ],
                "condition": [
                  {
                    "test": "Null",
                    "values": [
                      "false"
                    ],
                    "variable": "aws:ResourceTag/elbv2.k8s.aws/cluster"
                  }
                ],
                "effect": "Allow",
                "not_actions": [],
                "not_principals": [],
                "not_resources": [],
                "principals": [],
                "resources": [
                  "*"
                ],
                "sid": ""
              },
              {
                "actions": [
                  "elasticloadbalancing:CreateLoadBalancer",
                  "elasticloadbalancing:CreateTargetGroup"
                ],
                "condition": [
                  {
                    "test": "Null",
                    "values": [
                      "false"
                    ],
                    "variable": "aws:RequestTag/elbv2.k8s.aws/cluster"
                  }
                ],
                "effect": "Allow",
                "not_actions": [],
                "not_principals": [],
                "not_resources": [],
                "principals": [],
                "resources": [
                  "*"
                ],
                "sid": ""
              },
              {
                "actions": [
                  "elasticloadbalancing:CreateListener",
                  "elasticloadbalancing:CreateRule",
                  "elasticloadbalancing:DeleteListener",
                  "elasticloadbalancing:DeleteRule"
                ],
                "condition": [],
                "effect": "Allow",
                "not_actions": [],
                "not_principals": [],
                "not_resources": [],
                "principals": [],
                "resources": [
                  "*"
                ],
                "sid": ""
              },
              {
                "actions": [
                  "elasticloadbalancing:AddTags",
                  "elasticloadbalancing:RemoveTags"
                ],
                "condition": [
                  {
                    "test": "Null",
                    "values": [
                      "false"
                    ],
                    "variable": "aws:ResourceTag/elbv2.k8s.aws/cluster"
                  },
                  {
                    "test": "Null",
                    "values": [
                      "true"
                    ],
                    "variable": "aws:RequestTag/elbv2.k8s.aws/cluster"
                  }
                ],
                "effect": "Allow",
                "not_actions": [],
                "not_principals": [],
                "not_resources": [],
                "principals": [],
                "resources": [
                  "arn:aws:elasticloadbalancing:*:*:loadbalancer/app/*/*",
                  "arn:aws:elasticloadbalancing:*:*:loadbalancer/net/*/*",
                  "arn:aws:elasticloadbalancing:*:*:targetgroup/*/*"
                ],
                "sid": ""
              },
              {
                "actions": [
                  "elasticloadbalancing:AddTags",
                  "elasticloadbalancing:RemoveTags"
                ],
                "condition": [],
                "effect": "Allow",
                "not_actions": [],
                "not_principals": [],
                "not_resources": [],
                "principals": [],
                "resources": [
                  "arn:aws:elasticloadbalancing:*:*:listener-rule/app/*/*/*",
                  "arn:aws:elasticloadbalancing:*:*:listener-rule/net/*/*/*",
                  "arn:aws:elasticloadbalancing:*:*:listener/app/*/*/*",
                  "arn:aws:elasticloadbalancing:*:*:listener/net/*/*/*"
                ],
                "sid": ""
              },
              {
                "actions": [
                  "elasticloadbalancing:DeleteLoadBalancer",
                  "elasticloadbalancing:DeleteTargetGroup",
                  "elasticloadbalancing:ModifyLoadBalancerAttributes",
                  "elasticloadbalancing:ModifyTargetGroup",
                  "elasticloadbalancing:ModifyTargetGroupAttributes",
                  "elasticloadbalancing:SetIpAddressType",
                  "elasticloadbalancing:SetSecurityGroups",
                  "elasticloadbalancing:SetSubnets"
                ],
                "condition": [
                  {
                    "test": "Null",
                    "values": [
                      "false"
                    ],
                    "variable": "aws:ResourceTag/elbv2.k8s.aws/cluster"
                  }
                ],
                "effect": "Allow",
                "not_actions": [],
                "not_principals": [],
                "not_resources": [],
                "principals": [],
                "resources": [
                  "*"
                ],
                "sid": ""
              },
              {
                "actions": [
                  "elasticloadbalancing:DeregisterTargets",
                  "elasticloadbalancing:RegisterTargets"
                ],
                "condition": [],
                "effect": "Allow",
                "not_actions": [],
                "not_principals": [],
                "not_resources": [],
                "principals": [],
                "resources": [
                  "arn:aws:elasticloadbalancing:*:*:targetgroup/*/*"
                ],
                "sid": ""
              },
              {
                "actions": [
                  "elasticloadbalancing:AddListenerCertificates",
                  "elasticloadbalancing:ModifyListener",
                  "elasticloadbalancing:ModifyRule",
                  "elasticloadbalancing:RemoveListenerCertificates",
                  "elasticloadbalancing:SetWebAcl"
                ],
                "condition": [],
                "effect": "Allow",
                "not_actions": [],
                "not_principals": [],
                "not_resources": [],
                "principals": [],
                "resources": [
                  "*"
                ],
                "sid": ""
              }
            ],
            "version": "2012-10-17"
          },
          "sensitive_attributes": []
        }
      ]
    },
    {
      "module": "module.kubernetes_addons.module.aws_load_balancer_controller[0]",
      "mode": "managed",
      "type": "aws_iam_policy",
      "name": "aws_load_balancer_controller",
      "provider": "provider[\"registry.terraform.io/hashicorp/aws\"]",
      "instances": [
        {
          "schema_version": 0,
          "attributes": {
            "arn": "arn:aws:iam::129637475757:policy/demo-lb-irsa",
            "description": "Allows lb controller to manage ALB and NLB",
            "id": "arn:aws:iam::129637475757:policy/demo-lb-irsa",
            "name": "demo-lb-irsa",
            "name_prefix": "",
            "path": "/",
            "policy": "{\"Statement\":[{\"Action\":\"iam:CreateServiceLinkedRole\",\"Condition\":{\"StringEquals\":{\"iam:AWSServiceName\":\"elasticloadbalancing.amazonaws.com\"}},\"Effect\":\"Allow\",\"Resource\":\"*\",\"Sid\":\"\"},{\"Action\":[\"elasticloadbalancing:DescribeTargetHealth\",\"elasticloadbalancing:DescribeTargetGroups\",\"elasticloadbalancing:DescribeTargetGroupAttributes\",\"elasticloadbalancing:DescribeTags\",\"elasticloadbalancing:DescribeSSLPolicies\",\"elasticloadbalancing:DescribeRules\",\"elasticloadbalancing:DescribeLoadBalancers\",\"elasticloadbalancing:DescribeLoadBalancerAttributes\",\"elasticloadbalancing:DescribeListeners\",\"elasticloadbalancing:DescribeListenerCertificates\",\"ec2:GetCoipPoolUsage\",\"ec2:DescribeVpcs\",\"ec2:DescribeVpcPeeringConnections\",\"ec2:DescribeTags\",\"ec2:DescribeSubnets\",\"ec2:DescribeSecurityGroups\",\"ec2:DescribeNetworkInterfaces\",\"ec2:DescribeInternetGateways\",\"ec2:DescribeInstances\",\"ec2:DescribeCoipPools\",\"ec2:DescribeAvailabilityZones\",\"ec2:DescribeAddresses\",\"ec2:DescribeAccountAttributes\"],\"Effect\":\"Allow\",\"Resource\":\"*\",\"Sid\":\"\"},{\"Action\":[\"wafv2:GetWebACLForResource\",\"wafv2:GetWebACL\",\"wafv2:DisassociateWebACL\",\"wafv2:AssociateWebACL\",\"waf-regional:GetWebACLForResource\",\"waf-regional:GetWebACL\",\"waf-regional:DisassociateWebACL\",\"waf-regional:AssociateWebACL\",\"shield:GetSubscriptionState\",\"shield:DescribeProtection\",\"shield:DeleteProtection\",\"shield:CreateProtection\",\"iam:ListServerCertificates\",\"iam:GetServerCertificate\",\"cognito-idp:DescribeUserPoolClient\",\"acm:ListCertificates\",\"acm:DescribeCertificate\"],\"Effect\":\"Allow\",\"Resource\":\"*\",\"Sid\":\"\"},{\"Action\":[\"ec2:RevokeSecurityGroupIngress\",\"ec2:AuthorizeSecurityGroupIngress\"],\"Effect\":\"Allow\",\"Resource\":\"*\",\"Sid\":\"\"},{\"Action\":\"ec2:CreateSecurityGroup\",\"Effect\":\"Allow\",\"Resource\":\"*\",\"Sid\":\"\"},{\"Action\":\"ec2:CreateTags\",\"Condition\":{\"Null\":{\"aws:RequestTag/elbv2.k8s.aws/cluster\":\"false\"},\"StringEquals\":{\"ec2:CreateAction\":\"CreateSecurityGroup\"}},\"Effect\":\"Allow\",\"Resource\":\"arn:aws:ec2:*:*:security-group/*\",\"Sid\":\"\"},{\"Action\":[\"ec2:DeleteTags\",\"ec2:CreateTags\"],\"Condition\":{\"Null\":{\"aws:ResourceTag/ingress.k8s.aws/cluster\":\"false\"}},\"Effect\":\"Allow\",\"Resource\":\"arn:aws:ec2:*:*:security-group/*\",\"Sid\":\"\"},{\"Action\":[\"elasticloadbalancing:RemoveTags\",\"elasticloadbalancing:DeleteTargetGroup\",\"elasticloadbalancing:AddTags\"],\"Condition\":{\"Null\":{\"aws:ResourceTag/ingress.k8s.aws/cluster\":\"false\"}},\"Effect\":\"Allow\",\"Resource\":[\"arn:aws:elasticloadbalancing:*:*:targetgroup/*/*\",\"arn:aws:elasticloadbalancing:*:*:loadbalancer/net/*/*\",\"arn:aws:elasticloadbalancing:*:*:loadbalancer/app/*/*\"],\"Sid\":\"\"},{\"Action\":[\"ec2:DeleteTags\",\"ec2:CreateTags\"],\"Condition\":{\"Null\":{\"aws:RequestTag/elbv2.k8s.aws/cluster\":\"true\",\"aws:ResourceTag/elbv2.k8s.aws/cluster\":\"false\"}},\"Effect\":\"Allow\",\"Resource\":\"arn:aws:ec2:*:*:security-group/*\",\"Sid\":\"\"},{\"Action\":[\"ec2:RevokeSecurityGroupIngress\",\"ec2:DeleteSecurityGroup\",\"ec2:AuthorizeSecurityGroupIngress\"],\"Condition\":{\"Null\":{\"aws:ResourceTag/elbv2.k8s.aws/cluster\":\"false\"}},\"Effect\":\"Allow\",\"Resource\":\"*\",\"Sid\":\"\"},{\"Action\":[\"elasticloadbalancing:CreateTargetGroup\",\"elasticloadbalancing:CreateLoadBalancer\"],\"Condition\":{\"Null\":{\"aws:RequestTag/elbv2.k8s.aws/cluster\":\"false\"}},\"Effect\":\"Allow\",\"Resource\":\"*\",\"Sid\":\"\"},{\"Action\":[\"elasticloadbalancing:DeleteRule\",\"elasticloadbalancing:DeleteListener\",\"elasticloadbalancing:CreateRule\",\"elasticloadbalancing:CreateListener\"],\"Effect\":\"Allow\",\"Resource\":\"*\",\"Sid\":\"\"},{\"Action\":[\"elasticloadbalancing:RemoveTags\",\"elasticloadbalancing:AddTags\"],\"Condition\":{\"Null\":{\"aws:RequestTag/elbv2.k8s.aws/cluster\":\"true\",\"aws:ResourceTag/elbv2.k8s.aws/cluster\":\"false\"}},\"Effect\":\"Allow\",\"Resource\":[\"arn:aws:elasticloadbalancing:*:*:targetgroup/*/*\",\"arn:aws:elasticloadbalancing:*:*:loadbalancer/net/*/*\",\"arn:aws:elasticloadbalancing:*:*:loadbalancer/app/*/*\"],\"Sid\":\"\"},{\"Action\":[\"elasticloadbalancing:RemoveTags\",\"elasticloadbalancing:AddTags\"],\"Effect\":\"Allow\",\"Resource\":[\"arn:aws:elasticloadbalancing:*:*:listener/net/*/*/*\",\"arn:aws:elasticloadbalancing:*:*:listener/app/*/*/*\",\"arn:aws:elasticloadbalancing:*:*:listener-rule/net/*/*/*\",\"arn:aws:elasticloadbalancing:*:*:listener-rule/app/*/*/*\"],\"Sid\":\"\"},{\"Action\":[\"elasticloadbalancing:SetSubnets\",\"elasticloadbalancing:SetSecurityGroups\",\"elasticloadbalancing:SetIpAddressType\",\"elasticloadbalancing:ModifyTargetGroupAttributes\",\"elasticloadbalancing:ModifyTargetGroup\",\"elasticloadbalancing:ModifyLoadBalancerAttributes\",\"elasticloadbalancing:DeleteTargetGroup\",\"elasticloadbalancing:DeleteLoadBalancer\"],\"Condition\":{\"Null\":{\"aws:ResourceTag/elbv2.k8s.aws/cluster\":\"false\"}},\"Effect\":\"Allow\",\"Resource\":\"*\",\"Sid\":\"\"},{\"Action\":[\"elasticloadbalancing:RegisterTargets\",\"elasticloadbalancing:DeregisterTargets\"],\"Effect\":\"Allow\",\"Resource\":\"arn:aws:elasticloadbalancing:*:*:targetgroup/*/*\",\"Sid\":\"\"},{\"Action\":[\"elasticloadbalancing:SetWebAcl\",\"elasticloadbalancing:RemoveListenerCertificates\",\"elasticloadbalancing:ModifyRule\",\"elasticloadbalancing:ModifyListener\",\"elasticloadbalancing:AddListenerCertificates\"],\"Effect\":\"Allow\",\"Resource\":\"*\",\"Sid\":\"\"}],\"Version\":\"2012-10-17\"}",
            "policy_id": "ANPAR4LX64WWWFAGGQJWM",
            "tags": {},
            "tags_all": {}
          },
          "sensitive_attributes": [],
          "private": "bnVsbA==",
          "dependencies": [
            "module.eks_blueprints.data.aws_caller_identity.current",
            "module.eks_blueprints.data.aws_iam_policy_document.eks_key",
            "module.eks_blueprints.data.aws_iam_session_context.current",
            "module.eks_blueprints.data.aws_partition.current",
            "module.eks_blueprints.data.aws_region.current",
            "module.eks_blueprints.module.aws_eks.aws_cloudwatch_log_group.this",
            "module.eks_blueprints.module.aws_eks.aws_eks_cluster.this",
            "module.eks_blueprints.module.aws_eks.aws_iam_role.this",
            "module.eks_blueprints.module.aws_eks.aws_iam_role_policy_attachment.this",
            "module.eks_blueprints.module.aws_eks.aws_security_group.cluster",
            "module.eks_blueprints.module.aws_eks.aws_security_group.node",
            "module.eks_blueprints.module.aws_eks.aws_security_group_rule.cluster",
            "module.eks_blueprints.module.aws_eks.aws_security_group_rule.node",
            "module.eks_blueprints.module.aws_eks.data.aws_caller_identity.current",
            "module.eks_blueprints.module.aws_eks.data.aws_iam_policy_document.assume_role_policy",
            "module.eks_blueprints.module.aws_eks.data.aws_partition.current",
            "module.eks_blueprints.module.aws_eks.module.kms.aws_kms_external_key.this",
            "module.eks_blueprints.module.aws_eks.module.kms.aws_kms_key.this",
            "module.eks_blueprints.module.aws_eks.module.kms.data.aws_caller_identity.current",
            "module.eks_blueprints.module.aws_eks.module.kms.data.aws_iam_policy_document.this",
            "module.eks_blueprints.module.aws_eks.module.kms.data.aws_partition.current",
            "module.eks_blueprints.module.kms.aws_kms_key.this",
            "module.kubernetes_addons.data.aws_caller_identity.current",
            "module.kubernetes_addons.data.aws_eks_cluster.eks_cluster",
            "module.kubernetes_addons.data.aws_partition.current",
            "module.kubernetes_addons.data.aws_region.current",
            "module.kubernetes_addons.module.aws_load_balancer_controller.data.aws_iam_policy_document.aws_lb",
            "module.kubernetes_addons.time_sleep.dataplane",
            "module.vpc.aws_subnet.private",
            "module.vpc.aws_vpc.this",
            "module.vpc.aws_vpc_ipv4_cidr_block_association.this"
          ]
        }
      ]
    },
    {
      "module": "module.kubernetes_addons.module.aws_load_balancer_controller[0].module.helm_addon",
      "mode": "managed",
      "type": "helm_release",
      "name": "addon",
      "provider": "provider[\"registry.terraform.io/hashicorp/helm\"]",
      "instances": [
        {
          "index_key": 0,
          "schema_version": 1,
          "attributes": {
            "atomic": false,
            "chart": "aws-load-balancer-controller",
            "cleanup_on_fail": false,
            "create_namespace": false,
            "dependency_update": false,
            "description": "aws-load-balancer-controller Helm Chart for ingress resources",
            "devel": null,
            "disable_crd_hooks": false,
            "disable_openapi_validation": false,
            "disable_webhooks": false,
            "force_update": false,
            "id": "aws-load-balancer-controller",
            "keyring": "",
            "lint": false,
            "manifest": null,
            "max_history": 0,
            "metadata": [
              {
                "app_version": "v2.4.4",
                "chart": "aws-load-balancer-controller",
                "name": "aws-load-balancer-controller",
                "namespace": "kube-system",
                "revision": 1,
                "values": "{\"clusterName\":\"demo\",\"image\":{\"repository\":\"602401143452.dkr.ecr.us-east-2.amazonaws.com/amazon/aws-load-balancer-controller\"},\"region\":\"us-east-2\",\"serviceAccount\":{\"create\":false,\"name\":\"aws-load-balancer-controller-sa\"}}",
                "version": "1.4.5"
              }
            ],
            "name": "aws-load-balancer-controller",
            "namespace": "kube-system",
            "pass_credentials": false,
            "postrender": [
              {
                "args": [],
                "binary_path": ""
              }
            ],
            "recreate_pods": false,
            "render_subchart_notes": true,
            "replace": false,
            "repository": "https://aws.github.io/eks-charts",
            "repository_ca_file": null,
            "repository_cert_file": "",
            "repository_key_file": "",
            "repository_password": "",
            "repository_username": "",
            "reset_values": false,
            "reuse_values": false,
            "set": [
              {
                "name": "serviceAccount.create",
                "type": "",
                "value": "false"
              },
              {
                "name": "serviceAccount.name",
                "type": "",
                "value": "aws-load-balancer-controller-sa"
              }
            ],
            "set_sensitive": [],
            "skip_crds": false,
            "status": "deployed",
            "timeout": 1200,
            "values": [
              "clusterName: demo\nregion: us-east-2\nimage:\n  repository: 602401143452.dkr.ecr.us-east-2.amazonaws.com/amazon/aws-load-balancer-controller\n"
            ],
            "verify": false,
            "version": "1.4.5",
            "wait": true,
            "wait_for_jobs": false
          },
          "sensitive_attributes": [],
          "private": "eyJzY2hlbWFfdmVyc2lvbiI6IjEifQ==",
          "dependencies": [
            "data.aws_eks_cluster_auth.this",
            "module.eks_blueprints.data.aws_caller_identity.current",
            "module.eks_blueprints.data.aws_iam_policy_document.eks_key",
            "module.eks_blueprints.data.aws_iam_session_context.current",
            "module.eks_blueprints.data.aws_partition.current",
            "module.eks_blueprints.data.aws_region.current",
            "module.eks_blueprints.module.aws_eks.aws_cloudwatch_log_group.this",
            "module.eks_blueprints.module.aws_eks.aws_eks_cluster.this",
            "module.eks_blueprints.module.aws_eks.aws_iam_role.this",
            "module.eks_blueprints.module.aws_eks.aws_iam_role_policy_attachment.this",
            "module.eks_blueprints.module.aws_eks.aws_security_group.cluster",
            "module.eks_blueprints.module.aws_eks.aws_security_group.node",
            "module.eks_blueprints.module.aws_eks.aws_security_group_rule.cluster",
            "module.eks_blueprints.module.aws_eks.aws_security_group_rule.node",
            "module.eks_blueprints.module.aws_eks.data.aws_caller_identity.current",
            "module.eks_blueprints.module.aws_eks.data.aws_iam_policy_document.assume_role_policy",
            "module.eks_blueprints.module.aws_eks.data.aws_partition.current",
            "module.eks_blueprints.module.aws_eks.module.kms.aws_kms_external_key.this",
            "module.eks_blueprints.module.aws_eks.module.kms.aws_kms_key.this",
            "module.eks_blueprints.module.aws_eks.module.kms.data.aws_caller_identity.current",
            "module.eks_blueprints.module.aws_eks.module.kms.data.aws_iam_policy_document.this",
            "module.eks_blueprints.module.aws_eks.module.kms.data.aws_partition.current",
            "module.eks_blueprints.module.kms.aws_kms_key.this",
            "module.kubernetes_addons.data.aws_caller_identity.current",
            "module.kubernetes_addons.data.aws_eks_cluster.eks_cluster",
            "module.kubernetes_addons.data.aws_partition.current",
            "module.kubernetes_addons.data.aws_region.current",
            "module.kubernetes_addons.module.aws_load_balancer_controller.aws_iam_policy.aws_load_balancer_controller",
            "module.kubernetes_addons.module.aws_load_balancer_controller.data.aws_iam_policy_document.aws_lb",
            "module.kubernetes_addons.module.aws_load_balancer_controller.module.helm_addon.module.irsa.aws_iam_role.irsa",
            "module.kubernetes_addons.module.aws_load_balancer_controller.module.helm_addon.module.irsa.aws_iam_role_policy_attachment.irsa",
            "module.kubernetes_addons.module.aws_load_balancer_controller.module.helm_addon.module.irsa.kubernetes_namespace_v1.irsa",
            "module.kubernetes_addons.module.aws_load_balancer_controller.module.helm_addon.module.irsa.kubernetes_secret_v1.irsa",
            "module.kubernetes_addons.module.aws_load_balancer_controller.module.helm_addon.module.irsa.kubernetes_service_account_v1.irsa",
            "module.kubernetes_addons.time_sleep.dataplane",
            "module.vpc.aws_subnet.private",
            "module.vpc.aws_vpc.this",
            "module.vpc.aws_vpc_ipv4_cidr_block_association.this"
          ]
        }
      ]
    },
    {
      "module": "module.kubernetes_addons.module.aws_load_balancer_controller[0].module.helm_addon.module.irsa[0]",
      "mode": "managed",
      "type": "aws_iam_role",
      "name": "irsa",
      "provider": "provider[\"registry.terraform.io/hashicorp/aws\"]",
      "instances": [
        {
          "index_key": 0,
          "schema_version": 0,
          "attributes": {
            "arn": "arn:aws:iam::129637475757:role/demo-aws-load-balancer-controller-sa-irsa",
            "assume_role_policy": "{\"Statement\":[{\"Action\":\"sts:AssumeRoleWithWebIdentity\",\"Condition\":{\"StringLike\":{\"oidc.eks.us-east-2.amazonaws.com/id/197B377A1EE7BEC2B12B2FC0FE3A61B5:aud\":\"sts.amazonaws.com\",\"oidc.eks.us-east-2.amazonaws.com/id/197B377A1EE7BEC2B12B2FC0FE3A61B5:sub\":\"system:serviceaccount:kube-system:aws-load-balancer-controller-sa\"}},\"Effect\":\"Allow\",\"Principal\":{\"Federated\":\"arn:aws:iam::129637475757:oidc-provider/oidc.eks.us-east-2.amazonaws.com/id/197B377A1EE7BEC2B12B2FC0FE3A61B5\"}}],\"Version\":\"2012-10-17\"}",
            "create_date": "2023-05-18T21:44:08Z",
            "description": "AWS IAM Role for the Kubernetes service account aws-load-balancer-controller-sa.",
            "force_detach_policies": true,
            "id": "demo-aws-load-balancer-controller-sa-irsa",
            "inline_policy": [],
            "managed_policy_arns": [
              "arn:aws:iam::129637475757:policy/demo-lb-irsa"
            ],
            "max_session_duration": 3600,
            "name": "demo-aws-load-balancer-controller-sa-irsa",
            "name_prefix": "",
            "path": "/",
            "permissions_boundary": "",
            "role_last_used": [
              {
                "last_used_date": "",
                "region": ""
              }
            ],
            "tags": {},
            "tags_all": {},
            "unique_id": "AROAR4LX64WWUVLHPKYYW"
          },
          "sensitive_attributes": [],
          "private": "bnVsbA==",
          "dependencies": [
            "module.eks_blueprints.data.aws_caller_identity.current",
            "module.eks_blueprints.data.aws_iam_policy_document.eks_key",
            "module.eks_blueprints.data.aws_iam_session_context.current",
            "module.eks_blueprints.data.aws_partition.current",
            "module.eks_blueprints.data.aws_region.current",
            "module.eks_blueprints.module.aws_eks.aws_cloudwatch_log_group.this",
            "module.eks_blueprints.module.aws_eks.aws_eks_cluster.this",
            "module.eks_blueprints.module.aws_eks.aws_iam_role.this",
            "module.eks_blueprints.module.aws_eks.aws_iam_role_policy_attachment.this",
            "module.eks_blueprints.module.aws_eks.aws_security_group.cluster",
            "module.eks_blueprints.module.aws_eks.aws_security_group.node",
            "module.eks_blueprints.module.aws_eks.aws_security_group_rule.cluster",
            "module.eks_blueprints.module.aws_eks.aws_security_group_rule.node",
            "module.eks_blueprints.module.aws_eks.data.aws_caller_identity.current",
            "module.eks_blueprints.module.aws_eks.data.aws_iam_policy_document.assume_role_policy",
            "module.eks_blueprints.module.aws_eks.data.aws_partition.current",
            "module.eks_blueprints.module.aws_eks.module.kms.aws_kms_external_key.this",
            "module.eks_blueprints.module.aws_eks.module.kms.aws_kms_key.this",
            "module.eks_blueprints.module.aws_eks.module.kms.data.aws_caller_identity.current",
            "module.eks_blueprints.module.aws_eks.module.kms.data.aws_iam_policy_document.this",
            "module.eks_blueprints.module.aws_eks.module.kms.data.aws_partition.current",
            "module.eks_blueprints.module.kms.aws_kms_key.this",
            "module.kubernetes_addons.data.aws_caller_identity.current",
            "module.kubernetes_addons.data.aws_eks_cluster.eks_cluster",
            "module.kubernetes_addons.data.aws_partition.current",
            "module.kubernetes_addons.data.aws_region.current",
            "module.kubernetes_addons.module.aws_load_balancer_controller.aws_iam_policy.aws_load_balancer_controller",
            "module.kubernetes_addons.module.aws_load_balancer_controller.data.aws_iam_policy_document.aws_lb",
            "module.kubernetes_addons.time_sleep.dataplane",
            "module.vpc.aws_subnet.private",
            "module.vpc.aws_vpc.this",
            "module.vpc.aws_vpc_ipv4_cidr_block_association.this"
          ]
        }
      ]
    },
    {
      "module": "module.kubernetes_addons.module.aws_load_balancer_controller[0].module.helm_addon.module.irsa[0]",
      "mode": "managed",
      "type": "aws_iam_role_policy_attachment",
      "name": "irsa",
      "provider": "provider[\"registry.terraform.io/hashicorp/aws\"]",
      "instances": [
        {
          "index_key": 0,
          "schema_version": 0,
          "attributes": {
            "id": "demo-aws-load-balancer-controller-sa-irsa-2023051821440890620000000e",
            "policy_arn": "arn:aws:iam::129637475757:policy/demo-lb-irsa",
            "role": "demo-aws-load-balancer-controller-sa-irsa"
          },
          "sensitive_attributes": [],
          "private": "bnVsbA==",
          "dependencies": [
            "module.eks_blueprints.data.aws_caller_identity.current",
            "module.eks_blueprints.data.aws_iam_policy_document.eks_key",
            "module.eks_blueprints.data.aws_iam_session_context.current",
            "module.eks_blueprints.data.aws_partition.current",
            "module.eks_blueprints.data.aws_region.current",
            "module.eks_blueprints.module.aws_eks.aws_cloudwatch_log_group.this",
            "module.eks_blueprints.module.aws_eks.aws_eks_cluster.this",
            "module.eks_blueprints.module.aws_eks.aws_iam_role.this",
            "module.eks_blueprints.module.aws_eks.aws_iam_role_policy_attachment.this",
            "module.eks_blueprints.module.aws_eks.aws_security_group.cluster",
            "module.eks_blueprints.module.aws_eks.aws_security_group.node",
            "module.eks_blueprints.module.aws_eks.aws_security_group_rule.cluster",
            "module.eks_blueprints.module.aws_eks.aws_security_group_rule.node",
            "module.eks_blueprints.module.aws_eks.data.aws_caller_identity.current",
            "module.eks_blueprints.module.aws_eks.data.aws_iam_policy_document.assume_role_policy",
            "module.eks_blueprints.module.aws_eks.data.aws_partition.current",
            "module.eks_blueprints.module.aws_eks.module.kms.aws_kms_external_key.this",
            "module.eks_blueprints.module.aws_eks.module.kms.aws_kms_key.this",
            "module.eks_blueprints.module.aws_eks.module.kms.data.aws_caller_identity.current",
            "module.eks_blueprints.module.aws_eks.module.kms.data.aws_iam_policy_document.this",
            "module.eks_blueprints.module.aws_eks.module.kms.data.aws_partition.current",
            "module.eks_blueprints.module.kms.aws_kms_key.this",
            "module.kubernetes_addons.data.aws_caller_identity.current",
            "module.kubernetes_addons.data.aws_eks_cluster.eks_cluster",
            "module.kubernetes_addons.data.aws_partition.current",
            "module.kubernetes_addons.data.aws_region.current",
            "module.kubernetes_addons.module.aws_load_balancer_controller.aws_iam_policy.aws_load_balancer_controller",
            "module.kubernetes_addons.module.aws_load_balancer_controller.data.aws_iam_policy_document.aws_lb",
            "module.kubernetes_addons.module.aws_load_balancer_controller.module.helm_addon.module.irsa.aws_iam_role.irsa",
            "module.kubernetes_addons.time_sleep.dataplane",
            "module.vpc.aws_subnet.private",
            "module.vpc.aws_vpc.this",
            "module.vpc.aws_vpc_ipv4_cidr_block_association.this"
          ]
        }
      ]
    },
    {
      "module": "module.kubernetes_addons.module.aws_load_balancer_controller[0].module.helm_addon.module.irsa[0]",
      "mode": "managed",
      "type": "kubernetes_service_account_v1",
      "name": "irsa",
      "provider": "provider[\"registry.terraform.io/hashicorp/kubernetes\"]",
      "instances": [
        {
          "index_key": 0,
          "schema_version": 0,
          "attributes": {
            "automount_service_account_token": true,
            "default_secret_name": "",
            "id": "kube-system/aws-load-balancer-controller-sa",
            "image_pull_secret": [],
            "metadata": [
              {
                "annotations": {
                  "eks.amazonaws.com/role-arn": "arn:aws:iam::129637475757:role/demo-aws-load-balancer-controller-sa-irsa"
                },
                "generate_name": "",
                "generation": 0,
                "labels": {},
                "name": "aws-load-balancer-controller-sa",
                "namespace": "kube-system",
                "resource_version": "775",
                "uid": "3333dcbf-9660-4928-9828-b6ceb28bd2f3"
              }
            ],
            "secret": [],
            "timeouts": null
          },
          "sensitive_attributes": [],
          "private": "eyJlMmJmYjczMC1lY2FhLTExZTYtOGY4OC0zNDM2M2JjN2M0YzAiOnsiY3JlYXRlIjozMDAwMDAwMDAwMH19",
          "dependencies": [
            "data.aws_eks_cluster_auth.this",
            "module.eks_blueprints.data.aws_caller_identity.current",
            "module.eks_blueprints.data.aws_iam_policy_document.eks_key",
            "module.eks_blueprints.data.aws_iam_session_context.current",
            "module.eks_blueprints.data.aws_partition.current",
            "module.eks_blueprints.data.aws_region.current",
            "module.eks_blueprints.module.aws_eks.aws_cloudwatch_log_group.this",
            "module.eks_blueprints.module.aws_eks.aws_eks_cluster.this",
            "module.eks_blueprints.module.aws_eks.aws_iam_role.this",
            "module.eks_blueprints.module.aws_eks.aws_iam_role_policy_attachment.this",
            "module.eks_blueprints.module.aws_eks.aws_security_group.cluster",
            "module.eks_blueprints.module.aws_eks.aws_security_group.node",
            "module.eks_blueprints.module.aws_eks.aws_security_group_rule.cluster",
            "module.eks_blueprints.module.aws_eks.aws_security_group_rule.node",
            "module.eks_blueprints.module.aws_eks.data.aws_caller_identity.current",
            "module.eks_blueprints.module.aws_eks.data.aws_iam_policy_document.assume_role_policy",
            "module.eks_blueprints.module.aws_eks.data.aws_partition.current",
            "module.eks_blueprints.module.aws_eks.module.kms.aws_kms_external_key.this",
            "module.eks_blueprints.module.aws_eks.module.kms.aws_kms_key.this",
            "module.eks_blueprints.module.aws_eks.module.kms.data.aws_caller_identity.current",
            "module.eks_blueprints.module.aws_eks.module.kms.data.aws_iam_policy_document.this",
            "module.eks_blueprints.module.aws_eks.module.kms.data.aws_partition.current",
            "module.eks_blueprints.module.kms.aws_kms_key.this",
            "module.kubernetes_addons.data.aws_caller_identity.current",
            "module.kubernetes_addons.data.aws_eks_cluster.eks_cluster",
            "module.kubernetes_addons.data.aws_partition.current",
            "module.kubernetes_addons.data.aws_region.current",
            "module.kubernetes_addons.module.aws_load_balancer_controller.aws_iam_policy.aws_load_balancer_controller",
            "module.kubernetes_addons.module.aws_load_balancer_controller.data.aws_iam_policy_document.aws_lb",
            "module.kubernetes_addons.module.aws_load_balancer_controller.module.helm_addon.module.irsa.aws_iam_role.irsa",
            "module.kubernetes_addons.module.aws_load_balancer_controller.module.helm_addon.module.irsa.kubernetes_namespace_v1.irsa",
            "module.kubernetes_addons.time_sleep.dataplane",
            "module.vpc.aws_subnet.private",
            "module.vpc.aws_vpc.this",
            "module.vpc.aws_vpc_ipv4_cidr_block_association.this"
          ]
        }
      ]
    },
    {
      "module": "module.kubernetes_addons.module.cert_manager[0]",
      "mode": "data",
      "type": "aws_iam_policy_document",
      "name": "cert_manager_iam_policy_document",
      "provider": "provider[\"registry.terraform.io/hashicorp/aws\"]",
      "instances": [
        {
          "schema_version": 0,
          "attributes": {
            "id": "2873133587",
            "json": "{\n  \"Version\": \"2012-10-17\",\n  \"Statement\": [\n    {\n      \"Sid\": \"\",\n      \"Effect\": \"Allow\",\n      \"Action\": \"route53:GetChange\",\n      \"Resource\": \"arn:aws:route53:::change/*\"\n    },\n    {\n      \"Sid\": \"\",\n      \"Effect\": \"Allow\",\n      \"Action\": \"route53:ListHostedZonesByName\",\n      \"Resource\": \"*\"\n    }\n  ]\n}",
            "override_json": null,
            "override_policy_documents": null,
            "policy_id": null,
            "source_json": null,
            "source_policy_documents": null,
            "statement": [
              {
                "actions": [
                  "route53:GetChange"
                ],
                "condition": [],
                "effect": "Allow",
                "not_actions": [],
                "not_principals": [],
                "not_resources": [],
                "principals": [],
                "resources": [
                  "arn:aws:route53:::change/*"
                ],
                "sid": ""
              },
              {
                "actions": [
                  "route53:ListHostedZonesByName"
                ],
                "condition": [],
                "effect": "Allow",
                "not_actions": [],
                "not_principals": [],
                "not_resources": [],
                "principals": [],
                "resources": [
                  "*"
                ],
                "sid": ""
              }
            ],
            "version": "2012-10-17"
          },
          "sensitive_attributes": []
        }
      ]
    },
    {
      "module": "module.kubernetes_addons.module.cert_manager[0]",
      "mode": "managed",
      "type": "aws_iam_policy",
      "name": "cert_manager",
      "provider": "provider[\"registry.terraform.io/hashicorp/aws\"]",
      "instances": [
        {
          "schema_version": 0,
          "attributes": {
            "arn": "arn:aws:iam::129637475757:policy/demo-cert-manager-irsa",
            "description": "cert-manager IAM policy.",
            "id": "arn:aws:iam::129637475757:policy/demo-cert-manager-irsa",
            "name": "demo-cert-manager-irsa",
            "name_prefix": "",
            "path": "/",
            "policy": "{\"Statement\":[{\"Action\":\"route53:GetChange\",\"Effect\":\"Allow\",\"Resource\":\"arn:aws:route53:::change/*\",\"Sid\":\"\"},{\"Action\":\"route53:ListHostedZonesByName\",\"Effect\":\"Allow\",\"Resource\":\"*\",\"Sid\":\"\"}],\"Version\":\"2012-10-17\"}",
            "policy_id": "ANPAR4LX64WW42KOMAK7F",
            "tags": {},
            "tags_all": {}
          },
          "sensitive_attributes": [],
          "private": "bnVsbA==",
          "dependencies": [
            "module.eks_blueprints.data.aws_caller_identity.current",
            "module.eks_blueprints.data.aws_iam_policy_document.eks_key",
            "module.eks_blueprints.data.aws_iam_session_context.current",
            "module.eks_blueprints.data.aws_partition.current",
            "module.eks_blueprints.data.aws_region.current",
            "module.eks_blueprints.module.aws_eks.aws_cloudwatch_log_group.this",
            "module.eks_blueprints.module.aws_eks.aws_eks_cluster.this",
            "module.eks_blueprints.module.aws_eks.aws_iam_role.this",
            "module.eks_blueprints.module.aws_eks.aws_iam_role_policy_attachment.this",
            "module.eks_blueprints.module.aws_eks.aws_security_group.cluster",
            "module.eks_blueprints.module.aws_eks.aws_security_group.node",
            "module.eks_blueprints.module.aws_eks.aws_security_group_rule.cluster",
            "module.eks_blueprints.module.aws_eks.aws_security_group_rule.node",
            "module.eks_blueprints.module.aws_eks.data.aws_caller_identity.current",
            "module.eks_blueprints.module.aws_eks.data.aws_iam_policy_document.assume_role_policy",
            "module.eks_blueprints.module.aws_eks.data.aws_partition.current",
            "module.eks_blueprints.module.aws_eks.module.kms.aws_kms_external_key.this",
            "module.eks_blueprints.module.aws_eks.module.kms.aws_kms_key.this",
            "module.eks_blueprints.module.aws_eks.module.kms.data.aws_caller_identity.current",
            "module.eks_blueprints.module.aws_eks.module.kms.data.aws_iam_policy_document.this",
            "module.eks_blueprints.module.aws_eks.module.kms.data.aws_partition.current",
            "module.eks_blueprints.module.kms.aws_kms_key.this",
            "module.kubernetes_addons.data.aws_caller_identity.current",
            "module.kubernetes_addons.data.aws_eks_cluster.eks_cluster",
            "module.kubernetes_addons.data.aws_partition.current",
            "module.kubernetes_addons.data.aws_region.current",
            "module.kubernetes_addons.module.cert_manager.data.aws_iam_policy_document.cert_manager_iam_policy_document",
            "module.kubernetes_addons.module.cert_manager.data.aws_route53_zone.selected",
            "module.kubernetes_addons.time_sleep.dataplane",
            "module.vpc.aws_subnet.private",
            "module.vpc.aws_vpc.this",
            "module.vpc.aws_vpc_ipv4_cidr_block_association.this"
          ]
        }
      ]
    },
    {
      "module": "module.kubernetes_addons.module.cert_manager[0]",
      "mode": "managed",
      "type": "helm_release",
      "name": "cert_manager_ca",
      "provider": "provider[\"registry.terraform.io/hashicorp/helm\"]",
      "instances": [
        {
          "index_key": 0,
          "schema_version": 1,
          "attributes": {
            "atomic": false,
            "chart": ".terraform/modules/kubernetes_addons/modules/kubernetes-addons/cert-manager/cert-manager-ca",
            "cleanup_on_fail": false,
            "create_namespace": false,
            "dependency_update": false,
            "description": null,
            "devel": null,
            "disable_crd_hooks": false,
            "disable_openapi_validation": false,
            "disable_webhooks": false,
            "force_update": false,
            "id": "cert-manager-ca",
            "keyring": null,
            "lint": false,
            "manifest": null,
            "max_history": 0,
            "metadata": [
              {
                "app_version": "v0.1.0",
                "chart": "cert-manager-ca",
                "name": "cert-manager-ca",
                "namespace": "cert-manager",
                "revision": 1,
                "values": "null",
                "version": "0.2.0"
              }
            ],
            "name": "cert-manager-ca",
            "namespace": "cert-manager",
            "pass_credentials": false,
            "postrender": [],
            "recreate_pods": false,
            "render_subchart_notes": true,
            "replace": false,
            "repository": null,
            "repository_ca_file": null,
            "repository_cert_file": null,
            "repository_key_file": null,
            "repository_password": null,
            "repository_username": null,
            "reset_values": false,
            "reuse_values": false,
            "set": [],
            "set_sensitive": [],
            "skip_crds": false,
            "status": "deployed",
            "timeout": 300,
            "values": null,
            "verify": false,
            "version": "0.2.0",
            "wait": true,
            "wait_for_jobs": false
          },
          "sensitive_attributes": [],
          "private": "eyJzY2hlbWFfdmVyc2lvbiI6IjEifQ==",
          "dependencies": [
            "data.aws_eks_cluster_auth.this",
            "module.eks_blueprints.data.aws_caller_identity.current",
            "module.eks_blueprints.data.aws_iam_policy_document.eks_key",
            "module.eks_blueprints.data.aws_iam_session_context.current",
            "module.eks_blueprints.data.aws_partition.current",
            "module.eks_blueprints.data.aws_region.current",
            "module.eks_blueprints.module.aws_eks.aws_cloudwatch_log_group.this",
            "module.eks_blueprints.module.aws_eks.aws_eks_cluster.this",
            "module.eks_blueprints.module.aws_eks.aws_iam_role.this",
            "module.eks_blueprints.module.aws_eks.aws_iam_role_policy_attachment.this",
            "module.eks_blueprints.module.aws_eks.aws_security_group.cluster",
            "module.eks_blueprints.module.aws_eks.aws_security_group.node",
            "module.eks_blueprints.module.aws_eks.aws_security_group_rule.cluster",
            "module.eks_blueprints.module.aws_eks.aws_security_group_rule.node",
            "module.eks_blueprints.module.aws_eks.data.aws_caller_identity.current",
            "module.eks_blueprints.module.aws_eks.data.aws_iam_policy_document.assume_role_policy",
            "module.eks_blueprints.module.aws_eks.data.aws_partition.current",
            "module.eks_blueprints.module.aws_eks.module.kms.aws_kms_external_key.this",
            "module.eks_blueprints.module.aws_eks.module.kms.aws_kms_key.this",
            "module.eks_blueprints.module.aws_eks.module.kms.data.aws_caller_identity.current",
            "module.eks_blueprints.module.aws_eks.module.kms.data.aws_iam_policy_document.this",
            "module.eks_blueprints.module.aws_eks.module.kms.data.aws_partition.current",
            "module.eks_blueprints.module.kms.aws_kms_key.this",
            "module.kubernetes_addons.data.aws_caller_identity.current",
            "module.kubernetes_addons.data.aws_eks_cluster.eks_cluster",
            "module.kubernetes_addons.data.aws_partition.current",
            "module.kubernetes_addons.data.aws_region.current",
            "module.kubernetes_addons.module.cert_manager.aws_iam_policy.cert_manager",
            "module.kubernetes_addons.module.cert_manager.data.aws_iam_policy_document.cert_manager_iam_policy_document",
            "module.kubernetes_addons.module.cert_manager.data.aws_route53_zone.selected",
            "module.kubernetes_addons.module.cert_manager.module.helm_addon.helm_release.addon",
            "module.kubernetes_addons.module.cert_manager.module.helm_addon.module.irsa.aws_iam_role.irsa",
            "module.kubernetes_addons.module.cert_manager.module.helm_addon.module.irsa.aws_iam_role_policy_attachment.irsa",
            "module.kubernetes_addons.module.cert_manager.module.helm_addon.module.irsa.kubernetes_namespace_v1.irsa",
            "module.kubernetes_addons.module.cert_manager.module.helm_addon.module.irsa.kubernetes_secret_v1.irsa",
            "module.kubernetes_addons.module.cert_manager.module.helm_addon.module.irsa.kubernetes_service_account_v1.irsa",
            "module.kubernetes_addons.time_sleep.dataplane",
            "module.vpc.aws_subnet.private",
            "module.vpc.aws_vpc.this",
            "module.vpc.aws_vpc_ipv4_cidr_block_association.this"
          ]
        }
      ]
    },
    {
      "module": "module.kubernetes_addons.module.cert_manager[0]",
      "mode": "managed",
      "type": "helm_release",
      "name": "cert_manager_letsencrypt",
      "provider": "provider[\"registry.terraform.io/hashicorp/helm\"]",
      "instances": [
        {
          "index_key": 0,
          "schema_version": 1,
          "attributes": {
            "atomic": false,
            "chart": ".terraform/modules/kubernetes_addons/modules/kubernetes-addons/cert-manager/cert-manager-letsencrypt",
            "cleanup_on_fail": false,
            "create_namespace": false,
            "dependency_update": false,
            "description": null,
            "devel": null,
            "disable_crd_hooks": false,
            "disable_openapi_validation": false,
            "disable_webhooks": false,
            "force_update": false,
            "id": "cert-manager-letsencrypt",
            "keyring": null,
            "lint": false,
            "manifest": null,
            "max_history": 0,
            "metadata": [
              {
                "app_version": "v0.1.0",
                "chart": "cert-manager-letsencrypt",
                "name": "cert-manager-letsencrypt",
                "namespace": "cert-manager",
                "revision": 1,
                "values": "{\"dnsZones\":[\"\"],\"email\":\"\"}",
                "version": "0.1.0"
              }
            ],
            "name": "cert-manager-letsencrypt",
            "namespace": "cert-manager",
            "pass_credentials": false,
            "postrender": [],
            "recreate_pods": false,
            "render_subchart_notes": true,
            "replace": false,
            "repository": null,
            "repository_ca_file": null,
            "repository_cert_file": null,
            "repository_key_file": null,
            "repository_password": null,
            "repository_username": null,
            "reset_values": false,
            "reuse_values": false,
            "set": [
              {
                "name": "dnsZones",
                "type": "string",
                "value": "{}"
              },
              {
                "name": "email",
                "type": "string",
                "value": ""
              }
            ],
            "set_sensitive": [],
            "skip_crds": false,
            "status": "deployed",
            "timeout": 300,
            "values": null,
            "verify": false,
            "version": "0.1.0",
            "wait": true,
            "wait_for_jobs": false
          },
          "sensitive_attributes": [],
          "private": "eyJzY2hlbWFfdmVyc2lvbiI6IjEifQ==",
          "dependencies": [
            "data.aws_eks_cluster_auth.this",
            "module.eks_blueprints.data.aws_caller_identity.current",
            "module.eks_blueprints.data.aws_iam_policy_document.eks_key",
            "module.eks_blueprints.data.aws_iam_session_context.current",
            "module.eks_blueprints.data.aws_partition.current",
            "module.eks_blueprints.data.aws_region.current",
            "module.eks_blueprints.module.aws_eks.aws_cloudwatch_log_group.this",
            "module.eks_blueprints.module.aws_eks.aws_eks_cluster.this",
            "module.eks_blueprints.module.aws_eks.aws_iam_role.this",
            "module.eks_blueprints.module.aws_eks.aws_iam_role_policy_attachment.this",
            "module.eks_blueprints.module.aws_eks.aws_security_group.cluster",
            "module.eks_blueprints.module.aws_eks.aws_security_group.node",
            "module.eks_blueprints.module.aws_eks.aws_security_group_rule.cluster",
            "module.eks_blueprints.module.aws_eks.aws_security_group_rule.node",
            "module.eks_blueprints.module.aws_eks.data.aws_caller_identity.current",
            "module.eks_blueprints.module.aws_eks.data.aws_iam_policy_document.assume_role_policy",
            "module.eks_blueprints.module.aws_eks.data.aws_partition.current",
            "module.eks_blueprints.module.aws_eks.module.kms.aws_kms_external_key.this",
            "module.eks_blueprints.module.aws_eks.module.kms.aws_kms_key.this",
            "module.eks_blueprints.module.aws_eks.module.kms.data.aws_caller_identity.current",
            "module.eks_blueprints.module.aws_eks.module.kms.data.aws_iam_policy_document.this",
            "module.eks_blueprints.module.aws_eks.module.kms.data.aws_partition.current",
            "module.eks_blueprints.module.kms.aws_kms_key.this",
            "module.kubernetes_addons.data.aws_caller_identity.current",
            "module.kubernetes_addons.data.aws_eks_cluster.eks_cluster",
            "module.kubernetes_addons.data.aws_partition.current",
            "module.kubernetes_addons.data.aws_region.current",
            "module.kubernetes_addons.module.cert_manager.aws_iam_policy.cert_manager",
            "module.kubernetes_addons.module.cert_manager.data.aws_iam_policy_document.cert_manager_iam_policy_document",
            "module.kubernetes_addons.module.cert_manager.data.aws_route53_zone.selected",
            "module.kubernetes_addons.module.cert_manager.module.helm_addon.helm_release.addon",
            "module.kubernetes_addons.module.cert_manager.module.helm_addon.module.irsa.aws_iam_role.irsa",
            "module.kubernetes_addons.module.cert_manager.module.helm_addon.module.irsa.aws_iam_role_policy_attachment.irsa",
            "module.kubernetes_addons.module.cert_manager.module.helm_addon.module.irsa.kubernetes_namespace_v1.irsa",
            "module.kubernetes_addons.module.cert_manager.module.helm_addon.module.irsa.kubernetes_secret_v1.irsa",
            "module.kubernetes_addons.module.cert_manager.module.helm_addon.module.irsa.kubernetes_service_account_v1.irsa",
            "module.kubernetes_addons.time_sleep.dataplane",
            "module.vpc.aws_subnet.private",
            "module.vpc.aws_vpc.this",
            "module.vpc.aws_vpc_ipv4_cidr_block_association.this"
          ]
        }
      ]
    },
    {
      "module": "module.kubernetes_addons.module.cert_manager[0].module.helm_addon",
      "mode": "managed",
      "type": "helm_release",
      "name": "addon",
      "provider": "provider[\"registry.terraform.io/hashicorp/helm\"]",
      "instances": [
        {
          "index_key": 0,
          "schema_version": 1,
          "attributes": {
            "atomic": false,
            "chart": "cert-manager",
            "cleanup_on_fail": false,
            "create_namespace": false,
            "dependency_update": false,
            "description": "Cert Manager Add-on",
            "devel": null,
            "disable_crd_hooks": false,
            "disable_openapi_validation": false,
            "disable_webhooks": false,
            "force_update": false,
            "id": "cert-manager",
            "keyring": "",
            "lint": false,
            "manifest": null,
            "max_history": 0,
            "metadata": [
              {
                "app_version": "v1.10.0",
                "chart": "cert-manager",
                "name": "cert-manager",
                "namespace": "cert-manager",
                "revision": 1,
                "values": "{\"extraArgs\":[\"--enable-certificate-owner-ref=true\"],\"installCRDs\":true,\"serviceAccount\":{\"create\":false,\"name\":\"cert-manager\"}}",
                "version": "v1.10.0"
              }
            ],
            "name": "cert-manager",
            "namespace": "cert-manager",
            "pass_credentials": false,
            "postrender": [
              {
                "args": [],
                "binary_path": ""
              }
            ],
            "recreate_pods": false,
            "render_subchart_notes": true,
            "replace": false,
            "repository": "https://charts.jetstack.io",
            "repository_ca_file": null,
            "repository_cert_file": "",
            "repository_key_file": "",
            "repository_password": "",
            "repository_username": "",
            "reset_values": false,
            "reuse_values": false,
            "set": [
              {
                "name": "serviceAccount.create",
                "type": "",
                "value": "false"
              },
              {
                "name": "serviceAccount.name",
                "type": "",
                "value": "cert-manager"
              }
            ],
            "set_sensitive": [],
            "skip_crds": false,
            "status": "deployed",
            "timeout": 1200,
            "values": [
              "extraArgs:\n  - --enable-certificate-owner-ref=true\n\ninstallCRDs: true\n"
            ],
            "verify": false,
            "version": "v1.10.0",
            "wait": true,
            "wait_for_jobs": false
          },
          "sensitive_attributes": [],
          "private": "eyJzY2hlbWFfdmVyc2lvbiI6IjEifQ==",
          "dependencies": [
            "data.aws_eks_cluster_auth.this",
            "module.eks_blueprints.data.aws_caller_identity.current",
            "module.eks_blueprints.data.aws_iam_policy_document.eks_key",
            "module.eks_blueprints.data.aws_iam_session_context.current",
            "module.eks_blueprints.data.aws_partition.current",
            "module.eks_blueprints.data.aws_region.current",
            "module.eks_blueprints.module.aws_eks.aws_cloudwatch_log_group.this",
            "module.eks_blueprints.module.aws_eks.aws_eks_cluster.this",
            "module.eks_blueprints.module.aws_eks.aws_iam_role.this",
            "module.eks_blueprints.module.aws_eks.aws_iam_role_policy_attachment.this",
            "module.eks_blueprints.module.aws_eks.aws_security_group.cluster",
            "module.eks_blueprints.module.aws_eks.aws_security_group.node",
            "module.eks_blueprints.module.aws_eks.aws_security_group_rule.cluster",
            "module.eks_blueprints.module.aws_eks.aws_security_group_rule.node",
            "module.eks_blueprints.module.aws_eks.data.aws_caller_identity.current",
            "module.eks_blueprints.module.aws_eks.data.aws_iam_policy_document.assume_role_policy",
            "module.eks_blueprints.module.aws_eks.data.aws_partition.current",
            "module.eks_blueprints.module.aws_eks.module.kms.aws_kms_external_key.this",
            "module.eks_blueprints.module.aws_eks.module.kms.aws_kms_key.this",
            "module.eks_blueprints.module.aws_eks.module.kms.data.aws_caller_identity.current",
            "module.eks_blueprints.module.aws_eks.module.kms.data.aws_iam_policy_document.this",
            "module.eks_blueprints.module.aws_eks.module.kms.data.aws_partition.current",
            "module.eks_blueprints.module.kms.aws_kms_key.this",
            "module.kubernetes_addons.data.aws_caller_identity.current",
            "module.kubernetes_addons.data.aws_eks_cluster.eks_cluster",
            "module.kubernetes_addons.data.aws_partition.current",
            "module.kubernetes_addons.data.aws_region.current",
            "module.kubernetes_addons.module.cert_manager.aws_iam_policy.cert_manager",
            "module.kubernetes_addons.module.cert_manager.data.aws_iam_policy_document.cert_manager_iam_policy_document",
            "module.kubernetes_addons.module.cert_manager.data.aws_route53_zone.selected",
            "module.kubernetes_addons.module.cert_manager.module.helm_addon.module.irsa.aws_iam_role.irsa",
            "module.kubernetes_addons.module.cert_manager.module.helm_addon.module.irsa.aws_iam_role_policy_attachment.irsa",
            "module.kubernetes_addons.module.cert_manager.module.helm_addon.module.irsa.kubernetes_namespace_v1.irsa",
            "module.kubernetes_addons.module.cert_manager.module.helm_addon.module.irsa.kubernetes_secret_v1.irsa",
            "module.kubernetes_addons.module.cert_manager.module.helm_addon.module.irsa.kubernetes_service_account_v1.irsa",
            "module.kubernetes_addons.time_sleep.dataplane",
            "module.vpc.aws_subnet.private",
            "module.vpc.aws_vpc.this",
            "module.vpc.aws_vpc_ipv4_cidr_block_association.this"
          ]
        }
      ]
    },
    {
      "module": "module.kubernetes_addons.module.cert_manager[0].module.helm_addon.module.irsa[0]",
      "mode": "managed",
      "type": "aws_iam_role",
      "name": "irsa",
      "provider": "provider[\"registry.terraform.io/hashicorp/aws\"]",
      "instances": [
        {
          "index_key": 0,
          "schema_version": 0,
          "attributes": {
            "arn": "arn:aws:iam::129637475757:role/demo-cert-manager-irsa",
            "assume_role_policy": "{\"Statement\":[{\"Action\":\"sts:AssumeRoleWithWebIdentity\",\"Condition\":{\"StringLike\":{\"oidc.eks.us-east-2.amazonaws.com/id/197B377A1EE7BEC2B12B2FC0FE3A61B5:aud\":\"sts.amazonaws.com\",\"oidc.eks.us-east-2.amazonaws.com/id/197B377A1EE7BEC2B12B2FC0FE3A61B5:sub\":\"system:serviceaccount:cert-manager:cert-manager\"}},\"Effect\":\"Allow\",\"Principal\":{\"Federated\":\"arn:aws:iam::129637475757:oidc-provider/oidc.eks.us-east-2.amazonaws.com/id/197B377A1EE7BEC2B12B2FC0FE3A61B5\"}}],\"Version\":\"2012-10-17\"}",
            "create_date": "2023-05-18T21:44:08Z",
            "description": "AWS IAM Role for the Kubernetes service account cert-manager.",
            "force_detach_policies": true,
            "id": "demo-cert-manager-irsa",
            "inline_policy": [],
            "managed_policy_arns": [
              "arn:aws:iam::129637475757:policy/demo-cert-manager-irsa"
            ],
            "max_session_duration": 3600,
            "name": "demo-cert-manager-irsa",
            "name_prefix": "",
            "path": "/",
            "permissions_boundary": "",
            "role_last_used": [
              {
                "last_used_date": "",
                "region": ""
              }
            ],
            "tags": {},
            "tags_all": {},
            "unique_id": "AROAR4LX64WW23CYML4HY"
          },
          "sensitive_attributes": [],
          "private": "bnVsbA==",
          "dependencies": [
            "module.eks_blueprints.data.aws_caller_identity.current",
            "module.eks_blueprints.data.aws_iam_policy_document.eks_key",
            "module.eks_blueprints.data.aws_iam_session_context.current",
            "module.eks_blueprints.data.aws_partition.current",
            "module.eks_blueprints.data.aws_region.current",
            "module.eks_blueprints.module.aws_eks.aws_cloudwatch_log_group.this",
            "module.eks_blueprints.module.aws_eks.aws_eks_cluster.this",
            "module.eks_blueprints.module.aws_eks.aws_iam_role.this",
            "module.eks_blueprints.module.aws_eks.aws_iam_role_policy_attachment.this",
            "module.eks_blueprints.module.aws_eks.aws_security_group.cluster",
            "module.eks_blueprints.module.aws_eks.aws_security_group.node",
            "module.eks_blueprints.module.aws_eks.aws_security_group_rule.cluster",
            "module.eks_blueprints.module.aws_eks.aws_security_group_rule.node",
            "module.eks_blueprints.module.aws_eks.data.aws_caller_identity.current",
            "module.eks_blueprints.module.aws_eks.data.aws_iam_policy_document.assume_role_policy",
            "module.eks_blueprints.module.aws_eks.data.aws_partition.current",
            "module.eks_blueprints.module.aws_eks.module.kms.aws_kms_external_key.this",
            "module.eks_blueprints.module.aws_eks.module.kms.aws_kms_key.this",
            "module.eks_blueprints.module.aws_eks.module.kms.data.aws_caller_identity.current",
            "module.eks_blueprints.module.aws_eks.module.kms.data.aws_iam_policy_document.this",
            "module.eks_blueprints.module.aws_eks.module.kms.data.aws_partition.current",
            "module.eks_blueprints.module.kms.aws_kms_key.this",
            "module.kubernetes_addons.data.aws_caller_identity.current",
            "module.kubernetes_addons.data.aws_eks_cluster.eks_cluster",
            "module.kubernetes_addons.data.aws_partition.current",
            "module.kubernetes_addons.data.aws_region.current",
            "module.kubernetes_addons.module.cert_manager.aws_iam_policy.cert_manager",
            "module.kubernetes_addons.module.cert_manager.data.aws_iam_policy_document.cert_manager_iam_policy_document",
            "module.kubernetes_addons.module.cert_manager.data.aws_route53_zone.selected",
            "module.kubernetes_addons.time_sleep.dataplane",
            "module.vpc.aws_subnet.private",
            "module.vpc.aws_vpc.this",
            "module.vpc.aws_vpc_ipv4_cidr_block_association.this"
          ]
        }
      ]
    },
    {
      "module": "module.kubernetes_addons.module.cert_manager[0].module.helm_addon.module.irsa[0]",
      "mode": "managed",
      "type": "aws_iam_role_policy_attachment",
      "name": "irsa",
      "provider": "provider[\"registry.terraform.io/hashicorp/aws\"]",
      "instances": [
        {
          "index_key": 0,
          "schema_version": 0,
          "attributes": {
            "id": "demo-cert-manager-irsa-2023051821440890090000000d",
            "policy_arn": "arn:aws:iam::129637475757:policy/demo-cert-manager-irsa",
            "role": "demo-cert-manager-irsa"
          },
          "sensitive_attributes": [],
          "private": "bnVsbA==",
          "dependencies": [
            "module.eks_blueprints.data.aws_caller_identity.current",
            "module.eks_blueprints.data.aws_iam_policy_document.eks_key",
            "module.eks_blueprints.data.aws_iam_session_context.current",
            "module.eks_blueprints.data.aws_partition.current",
            "module.eks_blueprints.data.aws_region.current",
            "module.eks_blueprints.module.aws_eks.aws_cloudwatch_log_group.this",
            "module.eks_blueprints.module.aws_eks.aws_eks_cluster.this",
            "module.eks_blueprints.module.aws_eks.aws_iam_role.this",
            "module.eks_blueprints.module.aws_eks.aws_iam_role_policy_attachment.this",
            "module.eks_blueprints.module.aws_eks.aws_security_group.cluster",
            "module.eks_blueprints.module.aws_eks.aws_security_group.node",
            "module.eks_blueprints.module.aws_eks.aws_security_group_rule.cluster",
            "module.eks_blueprints.module.aws_eks.aws_security_group_rule.node",
            "module.eks_blueprints.module.aws_eks.data.aws_caller_identity.current",
            "module.eks_blueprints.module.aws_eks.data.aws_iam_policy_document.assume_role_policy",
            "module.eks_blueprints.module.aws_eks.data.aws_partition.current",
            "module.eks_blueprints.module.aws_eks.module.kms.aws_kms_external_key.this",
            "module.eks_blueprints.module.aws_eks.module.kms.aws_kms_key.this",
            "module.eks_blueprints.module.aws_eks.module.kms.data.aws_caller_identity.current",
            "module.eks_blueprints.module.aws_eks.module.kms.data.aws_iam_policy_document.this",
            "module.eks_blueprints.module.aws_eks.module.kms.data.aws_partition.current",
            "module.eks_blueprints.module.kms.aws_kms_key.this",
            "module.kubernetes_addons.data.aws_caller_identity.current",
            "module.kubernetes_addons.data.aws_eks_cluster.eks_cluster",
            "module.kubernetes_addons.data.aws_partition.current",
            "module.kubernetes_addons.data.aws_region.current",
            "module.kubernetes_addons.module.cert_manager.aws_iam_policy.cert_manager",
            "module.kubernetes_addons.module.cert_manager.data.aws_iam_policy_document.cert_manager_iam_policy_document",
            "module.kubernetes_addons.module.cert_manager.data.aws_route53_zone.selected",
            "module.kubernetes_addons.module.cert_manager.module.helm_addon.module.irsa.aws_iam_role.irsa",
            "module.kubernetes_addons.time_sleep.dataplane",
            "module.vpc.aws_subnet.private",
            "module.vpc.aws_vpc.this",
            "module.vpc.aws_vpc_ipv4_cidr_block_association.this"
          ]
        }
      ]
    },
    {
      "module": "module.kubernetes_addons.module.cert_manager[0].module.helm_addon.module.irsa[0]",
      "mode": "managed",
      "type": "kubernetes_namespace_v1",
      "name": "irsa",
      "provider": "provider[\"registry.terraform.io/hashicorp/kubernetes\"]",
      "instances": [
        {
          "index_key": 0,
          "schema_version": 0,
          "attributes": {
            "id": "cert-manager",
            "metadata": [
              {
                "annotations": {},
                "generate_name": "",
                "generation": 0,
                "labels": {},
                "name": "cert-manager",
                "resource_version": "763",
                "uid": "d6630f69-4ad9-4473-9ff9-3921426e47b5"
              }
            ],
            "timeouts": {
              "delete": "15m"
            }
          },
          "sensitive_attributes": [],
          "private": "eyJlMmJmYjczMC1lY2FhLTExZTYtOGY4OC0zNDM2M2JjN2M0YzAiOnsiZGVsZXRlIjo5MDAwMDAwMDAwMDB9fQ==",
          "dependencies": [
            "data.aws_eks_cluster_auth.this",
            "module.eks_blueprints.data.aws_caller_identity.current",
            "module.eks_blueprints.data.aws_iam_policy_document.eks_key",
            "module.eks_blueprints.data.aws_iam_session_context.current",
            "module.eks_blueprints.data.aws_partition.current",
            "module.eks_blueprints.data.aws_region.current",
            "module.eks_blueprints.module.aws_eks.aws_cloudwatch_log_group.this",
            "module.eks_blueprints.module.aws_eks.aws_eks_cluster.this",
            "module.eks_blueprints.module.aws_eks.aws_iam_role.this",
            "module.eks_blueprints.module.aws_eks.aws_iam_role_policy_attachment.this",
            "module.eks_blueprints.module.aws_eks.aws_security_group.cluster",
            "module.eks_blueprints.module.aws_eks.aws_security_group.node",
            "module.eks_blueprints.module.aws_eks.aws_security_group_rule.cluster",
            "module.eks_blueprints.module.aws_eks.aws_security_group_rule.node",
            "module.eks_blueprints.module.aws_eks.data.aws_caller_identity.current",
            "module.eks_blueprints.module.aws_eks.data.aws_iam_policy_document.assume_role_policy",
            "module.eks_blueprints.module.aws_eks.data.aws_partition.current",
            "module.eks_blueprints.module.aws_eks.module.kms.aws_kms_external_key.this",
            "module.eks_blueprints.module.aws_eks.module.kms.aws_kms_key.this",
            "module.eks_blueprints.module.aws_eks.module.kms.data.aws_caller_identity.current",
            "module.eks_blueprints.module.aws_eks.module.kms.data.aws_iam_policy_document.this",
            "module.eks_blueprints.module.aws_eks.module.kms.data.aws_partition.current",
            "module.eks_blueprints.module.kms.aws_kms_key.this",
            "module.kubernetes_addons.data.aws_caller_identity.current",
            "module.kubernetes_addons.data.aws_eks_cluster.eks_cluster",
            "module.kubernetes_addons.data.aws_partition.current",
            "module.kubernetes_addons.data.aws_region.current",
            "module.kubernetes_addons.module.cert_manager.aws_iam_policy.cert_manager",
            "module.kubernetes_addons.module.cert_manager.data.aws_iam_policy_document.cert_manager_iam_policy_document",
            "module.kubernetes_addons.module.cert_manager.data.aws_route53_zone.selected",
            "module.kubernetes_addons.time_sleep.dataplane",
            "module.vpc.aws_subnet.private",
            "module.vpc.aws_vpc.this",
            "module.vpc.aws_vpc_ipv4_cidr_block_association.this"
          ]
        }
      ]
    },
    {
      "module": "module.kubernetes_addons.module.cert_manager[0].module.helm_addon.module.irsa[0]",
      "mode": "managed",
      "type": "kubernetes_service_account_v1",
      "name": "irsa",
      "provider": "provider[\"registry.terraform.io/hashicorp/kubernetes\"]",
      "instances": [
        {
          "index_key": 0,
          "schema_version": 0,
          "attributes": {
            "automount_service_account_token": true,
            "default_secret_name": "",
            "id": "cert-manager/cert-manager",
            "image_pull_secret": [],
            "metadata": [
              {
                "annotations": {
                  "eks.amazonaws.com/role-arn": "arn:aws:iam::129637475757:role/demo-cert-manager-irsa"
                },
                "generate_name": "",
                "generation": 0,
                "labels": {},
                "name": "cert-manager",
                "namespace": "cert-manager",
                "resource_version": "776",
                "uid": "538b56de-9e82-4274-8f96-91d71c975a78"
              }
            ],
            "secret": [],
            "timeouts": null
          },
          "sensitive_attributes": [],
          "private": "eyJlMmJmYjczMC1lY2FhLTExZTYtOGY4OC0zNDM2M2JjN2M0YzAiOnsiY3JlYXRlIjozMDAwMDAwMDAwMH19",
          "dependencies": [
            "data.aws_eks_cluster_auth.this",
            "module.eks_blueprints.data.aws_caller_identity.current",
            "module.eks_blueprints.data.aws_iam_policy_document.eks_key",
            "module.eks_blueprints.data.aws_iam_session_context.current",
            "module.eks_blueprints.data.aws_partition.current",
            "module.eks_blueprints.data.aws_region.current",
            "module.eks_blueprints.module.aws_eks.aws_cloudwatch_log_group.this",
            "module.eks_blueprints.module.aws_eks.aws_eks_cluster.this",
            "module.eks_blueprints.module.aws_eks.aws_iam_role.this",
            "module.eks_blueprints.module.aws_eks.aws_iam_role_policy_attachment.this",
            "module.eks_blueprints.module.aws_eks.aws_security_group.cluster",
            "module.eks_blueprints.module.aws_eks.aws_security_group.node",
            "module.eks_blueprints.module.aws_eks.aws_security_group_rule.cluster",
            "module.eks_blueprints.module.aws_eks.aws_security_group_rule.node",
            "module.eks_blueprints.module.aws_eks.data.aws_caller_identity.current",
            "module.eks_blueprints.module.aws_eks.data.aws_iam_policy_document.assume_role_policy",
            "module.eks_blueprints.module.aws_eks.data.aws_partition.current",
            "module.eks_blueprints.module.aws_eks.module.kms.aws_kms_external_key.this",
            "module.eks_blueprints.module.aws_eks.module.kms.aws_kms_key.this",
            "module.eks_blueprints.module.aws_eks.module.kms.data.aws_caller_identity.current",
            "module.eks_blueprints.module.aws_eks.module.kms.data.aws_iam_policy_document.this",
            "module.eks_blueprints.module.aws_eks.module.kms.data.aws_partition.current",
            "module.eks_blueprints.module.kms.aws_kms_key.this",
            "module.kubernetes_addons.data.aws_caller_identity.current",
            "module.kubernetes_addons.data.aws_eks_cluster.eks_cluster",
            "module.kubernetes_addons.data.aws_partition.current",
            "module.kubernetes_addons.data.aws_region.current",
            "module.kubernetes_addons.module.cert_manager.aws_iam_policy.cert_manager",
            "module.kubernetes_addons.module.cert_manager.data.aws_iam_policy_document.cert_manager_iam_policy_document",
            "module.kubernetes_addons.module.cert_manager.data.aws_route53_zone.selected",
            "module.kubernetes_addons.module.cert_manager.module.helm_addon.module.irsa.aws_iam_role.irsa",
            "module.kubernetes_addons.module.cert_manager.module.helm_addon.module.irsa.kubernetes_namespace_v1.irsa",
            "module.kubernetes_addons.time_sleep.dataplane",
            "module.vpc.aws_subnet.private",
            "module.vpc.aws_vpc.this",
            "module.vpc.aws_vpc_ipv4_cidr_block_association.this"
          ]
        }
      ]
    },
    {
      "module": "module.kubernetes_addons.module.metrics_server[0].module.helm_addon",
      "mode": "managed",
      "type": "helm_release",
      "name": "addon",
      "provider": "provider[\"registry.terraform.io/hashicorp/helm\"]",
      "instances": [
        {
          "index_key": 0,
          "schema_version": 1,
          "attributes": {
            "atomic": false,
            "chart": "metrics-server",
            "cleanup_on_fail": false,
            "create_namespace": false,
            "dependency_update": false,
            "description": "Metric server helm Chart deployment configuration",
            "devel": null,
            "disable_crd_hooks": false,
            "disable_openapi_validation": false,
            "disable_webhooks": false,
            "force_update": false,
            "id": "metrics-server",
            "keyring": "",
            "lint": false,
            "manifest": null,
            "max_history": 0,
            "metadata": [
              {
                "app_version": "0.6.1",
                "chart": "metrics-server",
                "name": "metrics-server",
                "namespace": "kube-system",
                "revision": 1,
                "values": "null",
                "version": "3.8.2"
              }
            ],
            "name": "metrics-server",
            "namespace": "kube-system",
            "pass_credentials": false,
            "postrender": [
              {
                "args": [],
                "binary_path": ""
              }
            ],
            "recreate_pods": false,
            "render_subchart_notes": true,
            "replace": false,
            "repository": "https://kubernetes-sigs.github.io/metrics-server/",
            "repository_ca_file": null,
            "repository_cert_file": "",
            "repository_key_file": "",
            "repository_password": "",
            "repository_username": "",
            "reset_values": false,
            "reuse_values": false,
            "set": [],
            "set_sensitive": [],
            "skip_crds": false,
            "status": "deployed",
            "timeout": 1200,
            "values": null,
            "verify": false,
            "version": "3.8.2",
            "wait": true,
            "wait_for_jobs": false
          },
          "sensitive_attributes": [],
          "private": "eyJzY2hlbWFfdmVyc2lvbiI6IjEifQ==",
          "dependencies": [
            "data.aws_eks_cluster_auth.this",
            "module.eks_blueprints.data.aws_caller_identity.current",
            "module.eks_blueprints.data.aws_iam_policy_document.eks_key",
            "module.eks_blueprints.data.aws_iam_session_context.current",
            "module.eks_blueprints.data.aws_partition.current",
            "module.eks_blueprints.data.aws_region.current",
            "module.eks_blueprints.module.aws_eks.aws_cloudwatch_log_group.this",
            "module.eks_blueprints.module.aws_eks.aws_eks_cluster.this",
            "module.eks_blueprints.module.aws_eks.aws_iam_role.this",
            "module.eks_blueprints.module.aws_eks.aws_iam_role_policy_attachment.this",
            "module.eks_blueprints.module.aws_eks.aws_security_group.cluster",
            "module.eks_blueprints.module.aws_eks.aws_security_group.node",
            "module.eks_blueprints.module.aws_eks.aws_security_group_rule.cluster",
            "module.eks_blueprints.module.aws_eks.aws_security_group_rule.node",
            "module.eks_blueprints.module.aws_eks.data.aws_caller_identity.current",
            "module.eks_blueprints.module.aws_eks.data.aws_iam_policy_document.assume_role_policy",
            "module.eks_blueprints.module.aws_eks.data.aws_partition.current",
            "module.eks_blueprints.module.aws_eks.module.kms.aws_kms_external_key.this",
            "module.eks_blueprints.module.aws_eks.module.kms.aws_kms_key.this",
            "module.eks_blueprints.module.aws_eks.module.kms.data.aws_caller_identity.current",
            "module.eks_blueprints.module.aws_eks.module.kms.data.aws_iam_policy_document.this",
            "module.eks_blueprints.module.aws_eks.module.kms.data.aws_partition.current",
            "module.eks_blueprints.module.kms.aws_kms_key.this",
            "module.kubernetes_addons.data.aws_caller_identity.current",
            "module.kubernetes_addons.data.aws_eks_cluster.eks_cluster",
            "module.kubernetes_addons.data.aws_partition.current",
            "module.kubernetes_addons.data.aws_region.current",
            "module.kubernetes_addons.module.metrics_server.kubernetes_namespace_v1.this",
            "module.kubernetes_addons.module.metrics_server.module.helm_addon.module.irsa.aws_iam_role.irsa",
            "module.kubernetes_addons.module.metrics_server.module.helm_addon.module.irsa.aws_iam_role_policy_attachment.irsa",
            "module.kubernetes_addons.module.metrics_server.module.helm_addon.module.irsa.kubernetes_namespace_v1.irsa",
            "module.kubernetes_addons.module.metrics_server.module.helm_addon.module.irsa.kubernetes_secret_v1.irsa",
            "module.kubernetes_addons.module.metrics_server.module.helm_addon.module.irsa.kubernetes_service_account_v1.irsa",
            "module.kubernetes_addons.time_sleep.dataplane",
            "module.vpc.aws_subnet.private",
            "module.vpc.aws_vpc.this",
            "module.vpc.aws_vpc_ipv4_cidr_block_association.this"
          ]
        }
      ]
    },
    {
      "module": "module.kubernetes_addons.module.velero[0]",
      "mode": "data",
      "type": "aws_iam_policy_document",
      "name": "velero",
      "provider": "provider[\"registry.terraform.io/hashicorp/aws\"]",
      "instances": [
        {
          "schema_version": 0,
          "attributes": {
            "id": "1184663891",
            "json": "{\n  \"Version\": \"2012-10-17\",\n  \"Statement\": [\n    {\n      \"Sid\": \"\",\n      \"Effect\": \"Allow\",\n      \"Action\": [\n        \"ec2:DeleteSnapshot\",\n        \"ec2:CreateVolume\",\n        \"ec2:CreateTags\",\n        \"ec2:CreateSnapshots\",\n        \"ec2:CreateSnapshot\"\n      ],\n      \"Resource\": [\n        \"arn:aws:ec2:us-east-2::snapshot/*\",\n        \"arn:aws:ec2:us-east-2:129637475757:volume/*\",\n        \"arn:aws:ec2:us-east-2:129637475757:instance/*\"\n      ]\n    },\n    {\n      \"Sid\": \"\",\n      \"Effect\": \"Allow\",\n      \"Action\": [\n        \"ec2:DescribeVolumes\",\n        \"ec2:DescribeSnapshots\"\n      ],\n      \"Resource\": \"*\"\n    },\n    {\n      \"Sid\": \"\",\n      \"Effect\": \"Allow\",\n      \"Action\": [\n        \"s3:PutObject\",\n        \"s3:ListMultipartUploadParts\",\n        \"s3:GetObject\",\n        \"s3:DeleteObject\",\n        \"s3:AbortMultipartUpload\"\n      ],\n      \"Resource\": \"arn:aws:s3:::dev-velelro20230518224603436600000001/*\"\n    },\n    {\n      \"Sid\": \"\",\n      \"Effect\": \"Allow\",\n      \"Action\": \"s3:ListBucket\",\n      \"Resource\": \"arn:aws:s3:::dev-velelro20230518224603436600000001\"\n    }\n  ]\n}",
            "override_json": null,
            "override_policy_documents": null,
            "policy_id": null,
            "source_json": null,
            "source_policy_documents": null,
            "statement": [
              {
                "actions": [
                  "ec2:CreateSnapshot",
                  "ec2:CreateSnapshots",
                  "ec2:CreateTags",
                  "ec2:CreateVolume",
                  "ec2:DeleteSnapshot"
                ],
                "condition": [],
                "effect": "Allow",
                "not_actions": [],
                "not_principals": [],
                "not_resources": [],
                "principals": [],
                "resources": [
                  "arn:aws:ec2:us-east-2:129637475757:instance/*",
                  "arn:aws:ec2:us-east-2:129637475757:volume/*",
                  "arn:aws:ec2:us-east-2::snapshot/*"
                ],
                "sid": ""
              },
              {
                "actions": [
                  "ec2:DescribeSnapshots",
                  "ec2:DescribeVolumes"
                ],
                "condition": [],
                "effect": "Allow",
                "not_actions": [],
                "not_principals": [],
                "not_resources": [],
                "principals": [],
                "resources": [
                  "*"
                ],
                "sid": ""
              },
              {
                "actions": [
                  "s3:AbortMultipartUpload",
                  "s3:DeleteObject",
                  "s3:GetObject",
                  "s3:ListMultipartUploadParts",
                  "s3:PutObject"
                ],
                "condition": [],
                "effect": "Allow",
                "not_actions": [],
                "not_principals": [],
                "not_resources": [],
                "principals": [],
                "resources": [
                  "arn:aws:s3:::dev-velelro20230518224603436600000001/*"
                ],
                "sid": ""
              },
              {
                "actions": [
                  "s3:ListBucket"
                ],
                "condition": [],
                "effect": "Allow",
                "not_actions": [],
                "not_principals": [],
                "not_resources": [],
                "principals": [],
                "resources": [
                  "arn:aws:s3:::dev-velelro20230518224603436600000001"
                ],
                "sid": ""
              }
            ],
            "version": "2012-10-17"
          },
          "sensitive_attributes": []
        }
      ]
    },
    {
      "module": "module.kubernetes_addons.module.velero[0]",
      "mode": "data",
      "type": "aws_region",
      "name": "current",
      "provider": "provider[\"registry.terraform.io/hashicorp/aws\"]",
      "instances": [
        {
          "schema_version": 0,
          "attributes": {
            "description": "US East (Ohio)",
            "endpoint": "ec2.us-east-2.amazonaws.com",
            "id": "us-east-2",
            "name": "us-east-2"
          },
          "sensitive_attributes": []
        }
      ]
    },
    {
      "module": "module.kubernetes_addons.module.velero[0]",
      "mode": "managed",
      "type": "aws_iam_policy",
      "name": "velero",
      "provider": "provider[\"registry.terraform.io/hashicorp/aws\"]",
      "instances": [
        {
          "schema_version": 0,
          "attributes": {
            "arn": "arn:aws:iam::129637475757:policy/demo-velero",
            "description": "Provides Velero permissions to backup and restore cluster resources",
            "id": "arn:aws:iam::129637475757:policy/demo-velero",
            "name": "demo-velero",
            "name_prefix": "",
            "path": "/",
            "policy": "{\"Statement\":[{\"Action\":[\"ec2:DeleteSnapshot\",\"ec2:CreateVolume\",\"ec2:CreateTags\",\"ec2:CreateSnapshots\",\"ec2:CreateSnapshot\"],\"Effect\":\"Allow\",\"Resource\":[\"arn:aws:ec2:us-east-2::snapshot/*\",\"arn:aws:ec2:us-east-2:129637475757:volume/*\",\"arn:aws:ec2:us-east-2:129637475757:instance/*\"],\"Sid\":\"\"},{\"Action\":[\"ec2:DescribeVolumes\",\"ec2:DescribeSnapshots\"],\"Effect\":\"Allow\",\"Resource\":\"*\",\"Sid\":\"\"},{\"Action\":[\"s3:PutObject\",\"s3:ListMultipartUploadParts\",\"s3:GetObject\",\"s3:DeleteObject\",\"s3:AbortMultipartUpload\"],\"Effect\":\"Allow\",\"Resource\":\"arn:aws:s3:::dev-velelro20230518224603436600000001/*\",\"Sid\":\"\"},{\"Action\":\"s3:ListBucket\",\"Effect\":\"Allow\",\"Resource\":\"arn:aws:s3:::dev-velelro20230518224603436600000001\",\"Sid\":\"\"}],\"Version\":\"2012-10-17\"}",
            "policy_id": "ANPAR4LX64WW7WBGQJ6OO",
            "tags": null,
            "tags_all": {}
          },
          "sensitive_attributes": [],
          "private": "bnVsbA==",
          "dependencies": [
            "module.kubernetes_addons.data.aws_caller_identity.current",
            "module.kubernetes_addons.data.aws_eks_cluster.eks_cluster",
            "module.kubernetes_addons.data.aws_partition.current",
            "module.kubernetes_addons.data.aws_region.current",
            "module.kubernetes_addons.module.velero.data.aws_iam_policy_document.velero",
            "module.velero_backup_s3_bucket.aws_s3_bucket.this",
            "module.velero_backup_s3_bucket.aws_s3_bucket_policy.this",
            "module.velero_backup_s3_bucket.aws_s3_bucket_public_access_block.this",
            "module.velero_backup_s3_bucket.data.aws_iam_policy_document.access_log_delivery",
            "module.velero_backup_s3_bucket.data.aws_iam_policy_document.combined",
            "module.velero_backup_s3_bucket.data.aws_iam_policy_document.deny_insecure_transport",
            "module.velero_backup_s3_bucket.data.aws_iam_policy_document.elb_log_delivery",
            "module.velero_backup_s3_bucket.data.aws_iam_policy_document.inventory_and_analytics_destination_policy",
            "module.velero_backup_s3_bucket.data.aws_iam_policy_document.lb_log_delivery",
            "module.velero_backup_s3_bucket.data.aws_iam_policy_document.require_latest_tls"
          ]
        }
      ]
    },
    {
      "module": "module.kubernetes_addons.module.velero[0].module.helm_addon",
      "mode": "managed",
      "type": "helm_release",
      "name": "addon",
      "provider": "provider[\"registry.terraform.io/hashicorp/helm\"]",
      "instances": [
        {
          "index_key": 0,
          "schema_version": 1,
          "attributes": {
            "atomic": false,
            "chart": "velero",
            "cleanup_on_fail": false,
            "create_namespace": false,
            "dependency_update": false,
            "description": "A Helm chart for velero",
            "devel": null,
            "disable_crd_hooks": false,
            "disable_openapi_validation": false,
            "disable_webhooks": false,
            "force_update": false,
            "id": "velero",
            "keyring": "",
            "lint": false,
            "manifest": null,
            "max_history": 0,
            "metadata": [
              {
                "app_version": "1.10.0",
                "chart": "velero",
                "name": "velero",
                "namespace": "velero",
                "revision": 1,
                "values": "{\"configuration\":{\"backupStorageLocation\":{\"bucket\":\"dev-velelro20230518224603436600000001\"},\"provider\":\"aws\",\"volumeSnapshotLocation\":{\"config\":{\"region\":\"us-east-2\"}}},\"credentials\":{\"useSecret\":false},\"initContainers\":[{\"image\":\"velero/velero-plugin-for-aws:v1.5.0\",\"name\":\"velero-plugin-for-aws\",\"volumeMounts\":[{\"mountPath\":\"/target\",\"name\":\"plugins\"}]}],\"serviceAccount\":{\"server\":{\"create\":false,\"name\":\"velero\"}}}",
                "version": "3.1.0"
              }
            ],
            "name": "velero",
            "namespace": "velero",
            "pass_credentials": false,
            "postrender": [
              {
                "args": null,
                "binary_path": ""
              }
            ],
            "recreate_pods": false,
            "render_subchart_notes": true,
            "replace": false,
            "repository": "https://vmware-tanzu.github.io/helm-charts/",
            "repository_ca_file": null,
            "repository_cert_file": "",
            "repository_key_file": "",
            "repository_password": "",
            "repository_username": "",
            "reset_values": false,
            "reuse_values": false,
            "set": [
              {
                "name": "serviceAccount.server.create",
                "type": "",
                "value": "false"
              },
              {
                "name": "serviceAccount.server.name",
                "type": "",
                "value": "velero"
              }
            ],
            "set_sensitive": [],
            "skip_crds": false,
            "status": "deployed",
            "timeout": 1200,
            "values": [
              "initContainers:\n  - name: velero-plugin-for-aws\n    image: velero/velero-plugin-for-aws:v1.5.0\n    volumeMounts:\n      - mountPath: /target\n        name: plugins\n\nconfiguration:\n  provider: aws\n  backupStorageLocation:\n    bucket: dev-velelro20230518224603436600000001\n  volumeSnapshotLocation:\n    config:\n      region: us-east-2\n\ncredentials:\n  useSecret: false\n"
            ],
            "verify": false,
            "version": "3.1.0",
            "wait": true,
            "wait_for_jobs": false
          },
          "sensitive_attributes": [],
          "private": "eyJzY2hlbWFfdmVyc2lvbiI6IjEifQ==",
          "dependencies": [
            "data.aws_eks_cluster_auth.this",
            "module.eks_blueprints.module.aws_eks.aws_eks_cluster.this",
            "module.kubernetes_addons.data.aws_caller_identity.current",
            "module.kubernetes_addons.data.aws_eks_cluster.eks_cluster",
            "module.kubernetes_addons.data.aws_partition.current",
            "module.kubernetes_addons.data.aws_region.current",
            "module.kubernetes_addons.module.velero.aws_iam_policy.velero",
            "module.kubernetes_addons.module.velero.data.aws_iam_policy_document.velero",
            "module.kubernetes_addons.module.velero.data.aws_region.current",
            "module.kubernetes_addons.module.velero.module.helm_addon.module.irsa.aws_iam_role.irsa",
            "module.kubernetes_addons.module.velero.module.helm_addon.module.irsa.aws_iam_role_policy_attachment.irsa",
            "module.kubernetes_addons.module.velero.module.helm_addon.module.irsa.kubernetes_namespace_v1.irsa",
            "module.kubernetes_addons.module.velero.module.helm_addon.module.irsa.kubernetes_secret_v1.irsa",
            "module.kubernetes_addons.module.velero.module.helm_addon.module.irsa.kubernetes_service_account_v1.irsa",
            "module.velero_backup_s3_bucket.aws_s3_bucket.this",
            "module.velero_backup_s3_bucket.aws_s3_bucket_policy.this",
            "module.velero_backup_s3_bucket.aws_s3_bucket_public_access_block.this",
            "module.velero_backup_s3_bucket.data.aws_iam_policy_document.access_log_delivery",
            "module.velero_backup_s3_bucket.data.aws_iam_policy_document.combined",
            "module.velero_backup_s3_bucket.data.aws_iam_policy_document.deny_insecure_transport",
            "module.velero_backup_s3_bucket.data.aws_iam_policy_document.elb_log_delivery",
            "module.velero_backup_s3_bucket.data.aws_iam_policy_document.inventory_and_analytics_destination_policy",
            "module.velero_backup_s3_bucket.data.aws_iam_policy_document.lb_log_delivery",
            "module.velero_backup_s3_bucket.data.aws_iam_policy_document.require_latest_tls"
          ]
        }
      ]
    },
    {
      "module": "module.kubernetes_addons.module.velero[0].module.helm_addon.module.irsa[0]",
      "mode": "managed",
      "type": "aws_iam_role",
      "name": "irsa",
      "provider": "provider[\"registry.terraform.io/hashicorp/aws\"]",
      "instances": [
        {
          "index_key": 0,
          "schema_version": 0,
          "attributes": {
            "arn": "arn:aws:iam::129637475757:role/demo-velero-irsa",
            "assume_role_policy": "{\"Statement\":[{\"Action\":\"sts:AssumeRoleWithWebIdentity\",\"Condition\":{\"StringLike\":{\"oidc.eks.us-east-2.amazonaws.com/id/197B377A1EE7BEC2B12B2FC0FE3A61B5:aud\":\"sts.amazonaws.com\",\"oidc.eks.us-east-2.amazonaws.com/id/197B377A1EE7BEC2B12B2FC0FE3A61B5:sub\":\"system:serviceaccount:velero:velero\"}},\"Effect\":\"Allow\",\"Principal\":{\"Federated\":\"arn:aws:iam::129637475757:oidc-provider/oidc.eks.us-east-2.amazonaws.com/id/197B377A1EE7BEC2B12B2FC0FE3A61B5\"}}],\"Version\":\"2012-10-17\"}",
            "create_date": "2023-05-18T22:46:06Z",
            "description": "AWS IAM Role for the Kubernetes service account velero.",
            "force_detach_policies": true,
            "id": "demo-velero-irsa",
            "inline_policy": [],
            "managed_policy_arns": [],
            "max_session_duration": 3600,
            "name": "demo-velero-irsa",
            "name_prefix": "",
            "path": "/",
            "permissions_boundary": "",
            "role_last_used": [
              {
                "last_used_date": "",
                "region": ""
              }
            ],
            "tags": null,
            "tags_all": {},
            "unique_id": "AROAR4LX64WW4YDC4IKJN"
          },
          "sensitive_attributes": [],
          "private": "bnVsbA==",
          "dependencies": [
            "module.kubernetes_addons.data.aws_caller_identity.current",
            "module.kubernetes_addons.data.aws_eks_cluster.eks_cluster",
            "module.kubernetes_addons.data.aws_partition.current",
            "module.kubernetes_addons.data.aws_region.current",
            "module.kubernetes_addons.module.velero.aws_iam_policy.velero",
            "module.kubernetes_addons.module.velero.data.aws_iam_policy_document.velero",
            "module.velero_backup_s3_bucket.aws_s3_bucket.this",
            "module.velero_backup_s3_bucket.aws_s3_bucket_policy.this",
            "module.velero_backup_s3_bucket.aws_s3_bucket_public_access_block.this",
            "module.velero_backup_s3_bucket.data.aws_iam_policy_document.access_log_delivery",
            "module.velero_backup_s3_bucket.data.aws_iam_policy_document.combined",
            "module.velero_backup_s3_bucket.data.aws_iam_policy_document.deny_insecure_transport",
            "module.velero_backup_s3_bucket.data.aws_iam_policy_document.elb_log_delivery",
            "module.velero_backup_s3_bucket.data.aws_iam_policy_document.inventory_and_analytics_destination_policy",
            "module.velero_backup_s3_bucket.data.aws_iam_policy_document.lb_log_delivery",
            "module.velero_backup_s3_bucket.data.aws_iam_policy_document.require_latest_tls"
          ]
        }
      ]
    },
    {
      "module": "module.kubernetes_addons.module.velero[0].module.helm_addon.module.irsa[0]",
      "mode": "managed",
      "type": "aws_iam_role_policy_attachment",
      "name": "irsa",
      "provider": "provider[\"registry.terraform.io/hashicorp/aws\"]",
      "instances": [
        {
          "index_key": 0,
          "schema_version": 0,
          "attributes": {
            "id": "demo-velero-irsa-20230518224607195800000002",
            "policy_arn": "arn:aws:iam::129637475757:policy/demo-velero",
            "role": "demo-velero-irsa"
          },
          "sensitive_attributes": [],
          "private": "bnVsbA==",
          "dependencies": [
            "module.kubernetes_addons.data.aws_caller_identity.current",
            "module.kubernetes_addons.data.aws_eks_cluster.eks_cluster",
            "module.kubernetes_addons.data.aws_partition.current",
            "module.kubernetes_addons.data.aws_region.current",
            "module.kubernetes_addons.module.velero.aws_iam_policy.velero",
            "module.kubernetes_addons.module.velero.data.aws_iam_policy_document.velero",
            "module.kubernetes_addons.module.velero.module.helm_addon.module.irsa.aws_iam_role.irsa",
            "module.velero_backup_s3_bucket.aws_s3_bucket.this",
            "module.velero_backup_s3_bucket.aws_s3_bucket_policy.this",
            "module.velero_backup_s3_bucket.aws_s3_bucket_public_access_block.this",
            "module.velero_backup_s3_bucket.data.aws_iam_policy_document.access_log_delivery",
            "module.velero_backup_s3_bucket.data.aws_iam_policy_document.combined",
            "module.velero_backup_s3_bucket.data.aws_iam_policy_document.deny_insecure_transport",
            "module.velero_backup_s3_bucket.data.aws_iam_policy_document.elb_log_delivery",
            "module.velero_backup_s3_bucket.data.aws_iam_policy_document.inventory_and_analytics_destination_policy",
            "module.velero_backup_s3_bucket.data.aws_iam_policy_document.lb_log_delivery",
            "module.velero_backup_s3_bucket.data.aws_iam_policy_document.require_latest_tls"
          ]
        }
      ]
    },
    {
      "module": "module.kubernetes_addons.module.velero[0].module.helm_addon.module.irsa[0]",
      "mode": "managed",
      "type": "kubernetes_namespace_v1",
      "name": "irsa",
      "provider": "provider[\"registry.terraform.io/hashicorp/kubernetes\"]",
      "instances": [
        {
          "index_key": 0,
          "schema_version": 0,
          "attributes": {
            "id": "velero",
            "metadata": [
              {
                "annotations": null,
                "generate_name": "",
                "generation": 0,
                "labels": null,
                "name": "velero",
                "resource_version": "15550",
                "uid": "d0c82fc8-0576-41ab-b8ac-a8507d07cb8a"
              }
            ],
            "timeouts": {
              "delete": "15m"
            }
          },
          "sensitive_attributes": [],
          "private": "eyJlMmJmYjczMC1lY2FhLTExZTYtOGY4OC0zNDM2M2JjN2M0YzAiOnsiZGVsZXRlIjo5MDAwMDAwMDAwMDB9fQ==",
          "dependencies": [
            "data.aws_eks_cluster_auth.this",
            "module.eks_blueprints.module.aws_eks.aws_eks_cluster.this",
            "module.kubernetes_addons.data.aws_caller_identity.current",
            "module.kubernetes_addons.data.aws_eks_cluster.eks_cluster",
            "module.kubernetes_addons.data.aws_partition.current",
            "module.kubernetes_addons.data.aws_region.current",
            "module.kubernetes_addons.module.velero.aws_iam_policy.velero",
            "module.kubernetes_addons.module.velero.data.aws_iam_policy_document.velero",
            "module.velero_backup_s3_bucket.aws_s3_bucket.this",
            "module.velero_backup_s3_bucket.aws_s3_bucket_policy.this",
            "module.velero_backup_s3_bucket.aws_s3_bucket_public_access_block.this",
            "module.velero_backup_s3_bucket.data.aws_iam_policy_document.access_log_delivery",
            "module.velero_backup_s3_bucket.data.aws_iam_policy_document.combined",
            "module.velero_backup_s3_bucket.data.aws_iam_policy_document.deny_insecure_transport",
            "module.velero_backup_s3_bucket.data.aws_iam_policy_document.elb_log_delivery",
            "module.velero_backup_s3_bucket.data.aws_iam_policy_document.inventory_and_analytics_destination_policy",
            "module.velero_backup_s3_bucket.data.aws_iam_policy_document.lb_log_delivery",
            "module.velero_backup_s3_bucket.data.aws_iam_policy_document.require_latest_tls"
          ]
        }
      ]
    },
    {
      "module": "module.kubernetes_addons.module.velero[0].module.helm_addon.module.irsa[0]",
      "mode": "managed",
      "type": "kubernetes_service_account_v1",
      "name": "irsa",
      "provider": "provider[\"registry.terraform.io/hashicorp/kubernetes\"]",
      "instances": [
        {
          "index_key": 0,
          "schema_version": 0,
          "attributes": {
            "automount_service_account_token": true,
            "default_secret_name": "",
            "id": "velero/velero",
            "image_pull_secret": [],
            "metadata": [
              {
                "annotations": {
                  "eks.amazonaws.com/role-arn": "arn:aws:iam::129637475757:role/demo-velero-irsa"
                },
                "generate_name": "",
                "generation": 0,
                "labels": null,
                "name": "velero",
                "namespace": "velero",
                "resource_version": "15553",
                "uid": "55de7e6a-e8fe-46ed-9810-19e912cbd440"
              }
            ],
            "secret": [],
            "timeouts": null
          },
          "sensitive_attributes": [],
          "private": "eyJlMmJmYjczMC1lY2FhLTExZTYtOGY4OC0zNDM2M2JjN2M0YzAiOnsiY3JlYXRlIjozMDAwMDAwMDAwMH19",
          "dependencies": [
            "data.aws_eks_cluster_auth.this",
            "module.eks_blueprints.module.aws_eks.aws_eks_cluster.this",
            "module.kubernetes_addons.data.aws_caller_identity.current",
            "module.kubernetes_addons.data.aws_eks_cluster.eks_cluster",
            "module.kubernetes_addons.data.aws_partition.current",
            "module.kubernetes_addons.data.aws_region.current",
            "module.kubernetes_addons.module.velero.aws_iam_policy.velero",
            "module.kubernetes_addons.module.velero.data.aws_iam_policy_document.velero",
            "module.kubernetes_addons.module.velero.module.helm_addon.module.irsa.aws_iam_role.irsa",
            "module.kubernetes_addons.module.velero.module.helm_addon.module.irsa.kubernetes_namespace_v1.irsa",
            "module.velero_backup_s3_bucket.aws_s3_bucket.this",
            "module.velero_backup_s3_bucket.aws_s3_bucket_policy.this",
            "module.velero_backup_s3_bucket.aws_s3_bucket_public_access_block.this",
            "module.velero_backup_s3_bucket.data.aws_iam_policy_document.access_log_delivery",
            "module.velero_backup_s3_bucket.data.aws_iam_policy_document.combined",
            "module.velero_backup_s3_bucket.data.aws_iam_policy_document.deny_insecure_transport",
            "module.velero_backup_s3_bucket.data.aws_iam_policy_document.elb_log_delivery",
            "module.velero_backup_s3_bucket.data.aws_iam_policy_document.inventory_and_analytics_destination_policy",
            "module.velero_backup_s3_bucket.data.aws_iam_policy_document.lb_log_delivery",
            "module.velero_backup_s3_bucket.data.aws_iam_policy_document.require_latest_tls"
          ]
        }
      ]
    },
    {
      "module": "module.velero_backup_s3_bucket",
      "mode": "data",
      "type": "aws_caller_identity",
      "name": "current",
      "provider": "provider[\"registry.terraform.io/hashicorp/aws\"]",
      "instances": [
        {
          "schema_version": 0,
          "attributes": {
            "account_id": "129637475757",
            "arn": "arn:aws:iam::129637475757:user/admin",
            "id": "129637475757",
            "user_id": "AIDAR4LX64WWTMQCOXY5N"
          },
          "sensitive_attributes": []
        }
      ]
    },
    {
      "module": "module.velero_backup_s3_bucket",
      "mode": "data",
      "type": "aws_canonical_user_id",
      "name": "this",
      "provider": "provider[\"registry.terraform.io/hashicorp/aws\"]",
      "instances": [
        {
          "schema_version": 0,
          "attributes": {
            "display_name": "",
            "id": "3b01f5021a76d0c77760d7e9c34d8ae73174362b19c31c51de9d775105901fa3"
          },
          "sensitive_attributes": []
        }
      ]
    },
    {
      "module": "module.velero_backup_s3_bucket",
      "mode": "data",
      "type": "aws_iam_policy_document",
      "name": "combined",
      "provider": "provider[\"registry.terraform.io/hashicorp/aws\"]",
      "instances": [
        {
          "index_key": 0,
          "schema_version": 0,
          "attributes": {
            "id": "107561653",
            "json": "{\n  \"Version\": \"2012-10-17\",\n  \"Statement\": [\n    {\n      \"Sid\": \"denyOutdatedTLS\",\n      \"Effect\": \"Deny\",\n      \"Action\": \"s3:*\",\n      \"Resource\": [\n        \"arn:aws:s3:::dev-velelro20230518224603436600000001/*\",\n        \"arn:aws:s3:::dev-velelro20230518224603436600000001\"\n      ],\n      \"Principal\": \"*\",\n      \"Condition\": {\n        \"NumericLessThan\": {\n          \"s3:TlsVersion\": [\n            \"1.2\"\n          ]\n        }\n      }\n    },\n    {\n      \"Sid\": \"denyInsecureTransport\",\n      \"Effect\": \"Deny\",\n      \"Action\": \"s3:*\",\n      \"Resource\": [\n        \"arn:aws:s3:::dev-velelro20230518224603436600000001/*\",\n        \"arn:aws:s3:::dev-velelro20230518224603436600000001\"\n      ],\n      \"Principal\": \"*\",\n      \"Condition\": {\n        \"Bool\": {\n          \"aws:SecureTransport\": [\n            \"false\"\n          ]\n        }\n      }\n    }\n  ]\n}",
            "override_json": null,
            "override_policy_documents": null,
            "policy_id": null,
            "source_json": null,
            "source_policy_documents": [
              "{\n  \"Version\": \"2012-10-17\",\n  \"Statement\": [\n    {\n      \"Sid\": \"denyOutdatedTLS\",\n      \"Effect\": \"Deny\",\n      \"Action\": \"s3:*\",\n      \"Resource\": [\n        \"arn:aws:s3:::dev-velelro20230518224603436600000001/*\",\n        \"arn:aws:s3:::dev-velelro20230518224603436600000001\"\n      ],\n      \"Principal\": \"*\",\n      \"Condition\": {\n        \"NumericLessThan\": {\n          \"s3:TlsVersion\": \"1.2\"\n        }\n      }\n    }\n  ]\n}",
              "{\n  \"Version\": \"2012-10-17\",\n  \"Statement\": [\n    {\n      \"Sid\": \"denyInsecureTransport\",\n      \"Effect\": \"Deny\",\n      \"Action\": \"s3:*\",\n      \"Resource\": [\n        \"arn:aws:s3:::dev-velelro20230518224603436600000001/*\",\n        \"arn:aws:s3:::dev-velelro20230518224603436600000001\"\n      ],\n      \"Principal\": \"*\",\n      \"Condition\": {\n        \"Bool\": {\n          \"aws:SecureTransport\": \"false\"\n        }\n      }\n    }\n  ]\n}"
            ],
            "statement": null,
            "version": "2012-10-17"
          },
          "sensitive_attributes": []
        }
      ]
    },
    {
      "module": "module.velero_backup_s3_bucket",
      "mode": "data",
      "type": "aws_iam_policy_document",
      "name": "deny_insecure_transport",
      "provider": "provider[\"registry.terraform.io/hashicorp/aws\"]",
      "instances": [
        {
          "index_key": 0,
          "schema_version": 0,
          "attributes": {
            "id": "3455399430",
            "json": "{\n  \"Version\": \"2012-10-17\",\n  \"Statement\": [\n    {\n      \"Sid\": \"denyInsecureTransport\",\n      \"Effect\": \"Deny\",\n      \"Action\": \"s3:*\",\n      \"Resource\": [\n        \"arn:aws:s3:::dev-velelro20230518224603436600000001/*\",\n        \"arn:aws:s3:::dev-velelro20230518224603436600000001\"\n      ],\n      \"Principal\": \"*\",\n      \"Condition\": {\n        \"Bool\": {\n          \"aws:SecureTransport\": \"false\"\n        }\n      }\n    }\n  ]\n}",
            "override_json": null,
            "override_policy_documents": null,
            "policy_id": null,
            "source_json": null,
            "source_policy_documents": null,
            "statement": [
              {
                "actions": [
                  "s3:*"
                ],
                "condition": [
                  {
                    "test": "Bool",
                    "values": [
                      "false"
                    ],
                    "variable": "aws:SecureTransport"
                  }
                ],
                "effect": "Deny",
                "not_actions": [],
                "not_principals": [],
                "not_resources": [],
                "principals": [
                  {
                    "identifiers": [
                      "*"
                    ],
                    "type": "*"
                  }
                ],
                "resources": [
                  "arn:aws:s3:::dev-velelro20230518224603436600000001",
                  "arn:aws:s3:::dev-velelro20230518224603436600000001/*"
                ],
                "sid": "denyInsecureTransport"
              }
            ],
            "version": "2012-10-17"
          },
          "sensitive_attributes": []
        }
      ]
    },
    {
      "module": "module.velero_backup_s3_bucket",
      "mode": "data",
      "type": "aws_iam_policy_document",
      "name": "require_latest_tls",
      "provider": "provider[\"registry.terraform.io/hashicorp/aws\"]",
      "instances": [
        {
          "index_key": 0,
          "schema_version": 0,
          "attributes": {
            "id": "2860146135",
            "json": "{\n  \"Version\": \"2012-10-17\",\n  \"Statement\": [\n    {\n      \"Sid\": \"denyOutdatedTLS\",\n      \"Effect\": \"Deny\",\n      \"Action\": \"s3:*\",\n      \"Resource\": [\n        \"arn:aws:s3:::dev-velelro20230518224603436600000001/*\",\n        \"arn:aws:s3:::dev-velelro20230518224603436600000001\"\n      ],\n      \"Principal\": \"*\",\n      \"Condition\": {\n        \"NumericLessThan\": {\n          \"s3:TlsVersion\": \"1.2\"\n        }\n      }\n    }\n  ]\n}",
            "override_json": null,
            "override_policy_documents": null,
            "policy_id": null,
            "source_json": null,
            "source_policy_documents": null,
            "statement": [
              {
                "actions": [
                  "s3:*"
                ],
                "condition": [
                  {
                    "test": "NumericLessThan",
                    "values": [
                      "1.2"
                    ],
                    "variable": "s3:TlsVersion"
                  }
                ],
                "effect": "Deny",
                "not_actions": [],
                "not_principals": [],
                "not_resources": [],
                "principals": [
                  {
                    "identifiers": [
                      "*"
                    ],
                    "type": "*"
                  }
                ],
                "resources": [
                  "arn:aws:s3:::dev-velelro20230518224603436600000001",
                  "arn:aws:s3:::dev-velelro20230518224603436600000001/*"
                ],
                "sid": "denyOutdatedTLS"
              }
            ],
            "version": "2012-10-17"
          },
          "sensitive_attributes": []
        }
      ]
    },
    {
      "module": "module.velero_backup_s3_bucket",
      "mode": "data",
      "type": "aws_partition",
      "name": "current",
      "provider": "provider[\"registry.terraform.io/hashicorp/aws\"]",
      "instances": [
        {
          "schema_version": 0,
          "attributes": {
            "dns_suffix": "amazonaws.com",
            "id": "aws",
            "partition": "aws",
            "reverse_dns_prefix": "com.amazonaws"
          },
          "sensitive_attributes": []
        }
      ]
    },
    {
      "module": "module.velero_backup_s3_bucket",
      "mode": "data",
      "type": "aws_region",
      "name": "current",
      "provider": "provider[\"registry.terraform.io/hashicorp/aws\"]",
      "instances": [
        {
          "schema_version": 0,
          "attributes": {
            "description": "US East (Ohio)",
            "endpoint": "ec2.us-east-2.amazonaws.com",
            "id": "us-east-2",
            "name": "us-east-2"
          },
          "sensitive_attributes": []
        }
      ]
    },
    {
      "module": "module.velero_backup_s3_bucket",
      "mode": "managed",
      "type": "aws_s3_bucket",
      "name": "this",
      "provider": "provider[\"registry.terraform.io/hashicorp/aws\"]",
      "instances": [
        {
          "index_key": 0,
          "schema_version": 0,
          "attributes": {
            "acceleration_status": "",
            "acl": null,
            "arn": "arn:aws:s3:::dev-velelro20230518224603436600000001",
            "bucket": "dev-velelro20230518224603436600000001",
            "bucket_domain_name": "dev-velelro20230518224603436600000001.s3.amazonaws.com",
            "bucket_prefix": "dev-velelro",
            "bucket_regional_domain_name": "dev-velelro20230518224603436600000001.s3.us-east-2.amazonaws.com",
            "cors_rule": [],
            "force_destroy": true,
            "grant": [
              {
                "id": "3b01f5021a76d0c77760d7e9c34d8ae73174362b19c31c51de9d775105901fa3",
                "permissions": [
                  "FULL_CONTROL"
                ],
                "type": "CanonicalUser",
                "uri": ""
              }
            ],
            "hosted_zone_id": "Z2O1EMRO9K5GLX",
            "id": "dev-velelro20230518224603436600000001",
            "lifecycle_rule": [],
            "logging": [],
            "object_lock_configuration": [],
            "object_lock_enabled": false,
            "policy": "",
            "region": "us-east-2",
            "replication_configuration": [],
            "request_payer": "BucketOwner",
            "server_side_encryption_configuration": [
              {
                "rule": [
                  {
                    "apply_server_side_encryption_by_default": [
                      {
                        "kms_master_key_id": "",
                        "sse_algorithm": "AES256"
                      }
                    ],
                    "bucket_key_enabled": false
                  }
                ]
              }
            ],
            "tags": null,
            "tags_all": {},
            "timeouts": null,
            "versioning": [
              {
                "enabled": false,
                "mfa_delete": false
              }
            ],
            "website": [],
            "website_domain": null,
            "website_endpoint": null
          },
          "sensitive_attributes": [],
          "private": "eyJlMmJmYjczMC1lY2FhLTExZTYtOGY4OC0zNDM2M2JjN2M0YzAiOnsiY3JlYXRlIjoxMjAwMDAwMDAwMDAwLCJkZWxldGUiOjM2MDAwMDAwMDAwMDAsInJlYWQiOjEyMDAwMDAwMDAwMDAsInVwZGF0ZSI6MTIwMDAwMDAwMDAwMH19"
        }
      ]
    },
    {
      "module": "module.velero_backup_s3_bucket",
      "mode": "managed",
      "type": "aws_s3_bucket_acl",
      "name": "this",
      "provider": "provider[\"registry.terraform.io/hashicorp/aws\"]",
      "instances": [
        {
          "index_key": 0,
          "schema_version": 0,
          "attributes": {
            "access_control_policy": [
              {
                "grant": [
                  {
                    "grantee": [
                      {
                        "display_name": "",
                        "email_address": "",
                        "id": "3b01f5021a76d0c77760d7e9c34d8ae73174362b19c31c51de9d775105901fa3",
                        "type": "CanonicalUser",
                        "uri": ""
                      }
                    ],
                    "permission": "FULL_CONTROL"
                  }
                ],
                "owner": [
                  {
                    "display_name": "",
                    "id": "3b01f5021a76d0c77760d7e9c34d8ae73174362b19c31c51de9d775105901fa3"
                  }
                ]
              }
            ],
            "acl": "private",
            "bucket": "dev-velelro20230518224603436600000001",
            "expected_bucket_owner": "",
            "id": "dev-velelro20230518224603436600000001,private"
          },
          "sensitive_attributes": [],
          "private": "bnVsbA==",
          "dependencies": [
            "module.velero_backup_s3_bucket.aws_s3_bucket.this",
            "module.velero_backup_s3_bucket.aws_s3_bucket_ownership_controls.this",
            "module.velero_backup_s3_bucket.aws_s3_bucket_policy.this",
            "module.velero_backup_s3_bucket.aws_s3_bucket_public_access_block.this",
            "module.velero_backup_s3_bucket.data.aws_canonical_user_id.this",
            "module.velero_backup_s3_bucket.data.aws_iam_policy_document.access_log_delivery",
            "module.velero_backup_s3_bucket.data.aws_iam_policy_document.combined",
            "module.velero_backup_s3_bucket.data.aws_iam_policy_document.deny_insecure_transport",
            "module.velero_backup_s3_bucket.data.aws_iam_policy_document.elb_log_delivery",
            "module.velero_backup_s3_bucket.data.aws_iam_policy_document.inventory_and_analytics_destination_policy",
            "module.velero_backup_s3_bucket.data.aws_iam_policy_document.lb_log_delivery",
            "module.velero_backup_s3_bucket.data.aws_iam_policy_document.require_latest_tls"
          ]
        }
      ]
    },
    {
      "module": "module.velero_backup_s3_bucket",
      "mode": "managed",
      "type": "aws_s3_bucket_ownership_controls",
      "name": "this",
      "provider": "provider[\"registry.terraform.io/hashicorp/aws\"]",
      "instances": [
        {
          "index_key": 0,
          "schema_version": 0,
          "attributes": {
            "bucket": "dev-velelro20230518224603436600000001",
            "id": "dev-velelro20230518224603436600000001",
            "rule": [
              {
                "object_ownership": "BucketOwnerPreferred"
              }
            ]
          },
          "sensitive_attributes": [],
          "private": "bnVsbA==",
          "dependencies": [
            "module.velero_backup_s3_bucket.aws_s3_bucket.this",
            "module.velero_backup_s3_bucket.aws_s3_bucket_policy.this",
            "module.velero_backup_s3_bucket.aws_s3_bucket_public_access_block.this",
            "module.velero_backup_s3_bucket.data.aws_iam_policy_document.access_log_delivery",
            "module.velero_backup_s3_bucket.data.aws_iam_policy_document.combined",
            "module.velero_backup_s3_bucket.data.aws_iam_policy_document.deny_insecure_transport",
            "module.velero_backup_s3_bucket.data.aws_iam_policy_document.elb_log_delivery",
            "module.velero_backup_s3_bucket.data.aws_iam_policy_document.inventory_and_analytics_destination_policy",
            "module.velero_backup_s3_bucket.data.aws_iam_policy_document.lb_log_delivery",
            "module.velero_backup_s3_bucket.data.aws_iam_policy_document.require_latest_tls"
          ]
        }
      ]
    },
    {
      "module": "module.velero_backup_s3_bucket",
      "mode": "managed",
      "type": "aws_s3_bucket_policy",
      "name": "this",
      "provider": "provider[\"registry.terraform.io/hashicorp/aws\"]",
      "instances": [
        {
          "index_key": 0,
          "schema_version": 0,
          "attributes": {
            "bucket": "dev-velelro20230518224603436600000001",
            "id": "dev-velelro20230518224603436600000001",
            "policy": "{\"Statement\":[{\"Action\":\"s3:*\",\"Condition\":{\"NumericLessThan\":{\"s3:TlsVersion\":[\"1.2\"]}},\"Effect\":\"Deny\",\"Principal\":\"*\",\"Resource\":[\"arn:aws:s3:::dev-velelro20230518224603436600000001/*\",\"arn:aws:s3:::dev-velelro20230518224603436600000001\"],\"Sid\":\"denyOutdatedTLS\"},{\"Action\":\"s3:*\",\"Condition\":{\"Bool\":{\"aws:SecureTransport\":[\"false\"]}},\"Effect\":\"Deny\",\"Principal\":\"*\",\"Resource\":[\"arn:aws:s3:::dev-velelro20230518224603436600000001/*\",\"arn:aws:s3:::dev-velelro20230518224603436600000001\"],\"Sid\":\"denyInsecureTransport\"}],\"Version\":\"2012-10-17\"}"
          },
          "sensitive_attributes": [],
          "private": "bnVsbA==",
          "dependencies": [
            "module.velero_backup_s3_bucket.aws_s3_bucket.this",
            "module.velero_backup_s3_bucket.aws_s3_bucket_public_access_block.this",
            "module.velero_backup_s3_bucket.data.aws_iam_policy_document.access_log_delivery",
            "module.velero_backup_s3_bucket.data.aws_iam_policy_document.combined",
            "module.velero_backup_s3_bucket.data.aws_iam_policy_document.deny_insecure_transport",
            "module.velero_backup_s3_bucket.data.aws_iam_policy_document.elb_log_delivery",
            "module.velero_backup_s3_bucket.data.aws_iam_policy_document.inventory_and_analytics_destination_policy",
            "module.velero_backup_s3_bucket.data.aws_iam_policy_document.lb_log_delivery",
            "module.velero_backup_s3_bucket.data.aws_iam_policy_document.require_latest_tls"
          ]
        }
      ]
    },
    {
      "module": "module.velero_backup_s3_bucket",
      "mode": "managed",
      "type": "aws_s3_bucket_public_access_block",
      "name": "this",
      "provider": "provider[\"registry.terraform.io/hashicorp/aws\"]",
      "instances": [
        {
          "index_key": 0,
          "schema_version": 0,
          "attributes": {
            "block_public_acls": true,
            "block_public_policy": true,
            "bucket": "dev-velelro20230518224603436600000001",
            "id": "dev-velelro20230518224603436600000001",
            "ignore_public_acls": true,
            "restrict_public_buckets": true
          },
          "sensitive_attributes": [],
          "private": "bnVsbA==",
          "dependencies": [
            "module.velero_backup_s3_bucket.aws_s3_bucket.this"
          ]
        }
      ]
    },
    {
      "module": "module.velero_backup_s3_bucket",
      "mode": "managed",
      "type": "aws_s3_bucket_server_side_encryption_configuration",
      "name": "this",
      "provider": "provider[\"registry.terraform.io/hashicorp/aws\"]",
      "instances": [
        {
          "index_key": 0,
          "schema_version": 0,
          "attributes": {
            "bucket": "dev-velelro20230518224603436600000001",
            "expected_bucket_owner": "",
            "id": "dev-velelro20230518224603436600000001",
            "rule": [
              {
                "apply_server_side_encryption_by_default": [
                  {
                    "kms_master_key_id": "",
                    "sse_algorithm": "AES256"
                  }
                ],
                "bucket_key_enabled": null
              }
            ]
          },
          "sensitive_attributes": [],
          "private": "bnVsbA==",
          "dependencies": [
            "module.velero_backup_s3_bucket.aws_s3_bucket.this"
          ]
        }
      ]
    },
    {
      "module": "module.velero_backup_s3_bucket",
      "mode": "managed",
      "type": "aws_s3_bucket_versioning",
      "name": "this",
      "provider": "provider[\"registry.terraform.io/hashicorp/aws\"]",
      "instances": [
        {
          "index_key": 0,
          "schema_version": 0,
          "attributes": {
            "bucket": "dev-velelro20230518224603436600000001",
            "expected_bucket_owner": "",
            "id": "dev-velelro20230518224603436600000001",
            "mfa": null,
            "versioning_configuration": [
              {
                "mfa_delete": "Disabled",
                "status": "Enabled"
              }
            ]
          },
          "sensitive_attributes": [],
          "private": "bnVsbA==",
          "dependencies": [
            "module.velero_backup_s3_bucket.aws_s3_bucket.this"
          ]
        }
      ]
    },
    {
      "module": "module.vpc",
      "mode": "managed",
      "type": "aws_default_network_acl",
      "name": "this",
      "provider": "provider[\"registry.terraform.io/hashicorp/aws\"]",
      "instances": [
        {
          "index_key": 0,
          "schema_version": 0,
          "attributes": {
            "arn": "arn:aws:ec2:us-east-2:129637475757:network-acl/acl-034758e61cddc4b1d",
            "default_network_acl_id": "acl-034758e61cddc4b1d",
            "egress": [
              {
                "action": "allow",
                "cidr_block": "",
                "from_port": 0,
                "icmp_code": 0,
                "icmp_type": 0,
                "ipv6_cidr_block": "::/0",
                "protocol": "-1",
                "rule_no": 101,
                "to_port": 0
              },
              {
                "action": "allow",
                "cidr_block": "0.0.0.0/0",
                "from_port": 0,
                "icmp_code": 0,
                "icmp_type": 0,
                "ipv6_cidr_block": "",
                "protocol": "-1",
                "rule_no": 100,
                "to_port": 0
              }
            ],
            "id": "acl-034758e61cddc4b1d",
            "ingress": [
              {
                "action": "allow",
                "cidr_block": "",
                "from_port": 0,
                "icmp_code": 0,
                "icmp_type": 0,
                "ipv6_cidr_block": "::/0",
                "protocol": "-1",
                "rule_no": 101,
                "to_port": 0
              },
              {
                "action": "allow",
                "cidr_block": "0.0.0.0/0",
                "from_port": 0,
                "icmp_code": 0,
                "icmp_type": 0,
                "ipv6_cidr_block": "",
                "protocol": "-1",
                "rule_no": 100,
                "to_port": 0
              }
            ],
            "owner_id": "129637475757",
            "subnet_ids": [
              "subnet-008231e027b7dfa2b",
              "subnet-020245063b6f8b3ed",
              "subnet-061e4bd63b10b1b23",
              "subnet-0754ea9eecd7a269b",
              "subnet-0e1f9fd6293cbfe07",
              "subnet-0ebf1c790dc169059"
            ],
            "tags": {
              "Environment": "dev",
              "Name": "main-module-default",
              "Terraform": "true"
            },
            "tags_all": {
              "Environment": "dev",
              "Name": "main-module-default",
              "Terraform": "true"
            },
            "vpc_id": "vpc-0904bd51e64985ef2"
          },
          "sensitive_attributes": [],
          "private": "bnVsbA==",
          "dependencies": [
            "module.vpc.aws_vpc.this"
          ]
        }
      ]
    },
    {
      "module": "module.vpc",
      "mode": "managed",
      "type": "aws_default_route_table",
      "name": "default",
      "provider": "provider[\"registry.terraform.io/hashicorp/aws\"]",
      "instances": [
        {
          "index_key": 0,
          "schema_version": 0,
          "attributes": {
            "arn": "arn:aws:ec2:us-east-2:129637475757:route-table/rtb-0b3174af4a2f9f3fb",
            "default_route_table_id": "rtb-0b3174af4a2f9f3fb",
            "id": "rtb-0b3174af4a2f9f3fb",
            "owner_id": "129637475757",
            "propagating_vgws": [],
            "route": [],
            "tags": {
              "Environment": "dev",
              "Name": "main-module-default",
              "Terraform": "true"
            },
            "tags_all": {
              "Environment": "dev",
              "Name": "main-module-default",
              "Terraform": "true"
            },
            "timeouts": {
              "create": "5m",
              "update": "5m"
            },
            "vpc_id": "vpc-0904bd51e64985ef2"
          },
          "sensitive_attributes": [],
          "private": "eyJlMmJmYjczMC1lY2FhLTExZTYtOGY4OC0zNDM2M2JjN2M0YzAiOnsiY3JlYXRlIjozMDAwMDAwMDAwMDAsInVwZGF0ZSI6MzAwMDAwMDAwMDAwfX0=",
          "dependencies": [
            "module.vpc.aws_vpc.this"
          ]
        }
      ]
    },
    {
      "module": "module.vpc",
      "mode": "managed",
      "type": "aws_default_security_group",
      "name": "this",
      "provider": "provider[\"registry.terraform.io/hashicorp/aws\"]",
      "instances": [
        {
          "index_key": 0,
          "schema_version": 1,
          "attributes": {
            "arn": "arn:aws:ec2:us-east-2:129637475757:security-group/sg-0b026b12ad0e772f7",
            "description": "default VPC security group",
            "egress": [],
            "id": "sg-0b026b12ad0e772f7",
            "ingress": [],
            "name": "default",
            "name_prefix": "",
            "owner_id": "129637475757",
            "revoke_rules_on_delete": false,
            "tags": {
              "Environment": "dev",
              "Name": "main-module-default",
              "Terraform": "true"
            },
            "tags_all": {
              "Environment": "dev",
              "Name": "main-module-default",
              "Terraform": "true"
            },
            "vpc_id": "vpc-0904bd51e64985ef2"
          },
          "sensitive_attributes": [],
          "private": "eyJzY2hlbWFfdmVyc2lvbiI6IjEifQ==",
          "dependencies": [
            "module.vpc.aws_vpc.this"
          ]
        }
      ]
    },
    {
      "module": "module.vpc",
      "mode": "managed",
      "type": "aws_eip",
      "name": "nat",
      "provider": "provider[\"registry.terraform.io/hashicorp/aws\"]",
      "instances": [
        {
          "index_key": 0,
          "schema_version": 0,
          "attributes": {
            "address": null,
            "allocation_id": "eipalloc-0eeff5ba17bf32b1e",
            "associate_with_private_ip": null,
            "association_id": "eipassoc-0e7d590a1e2b7bc5d",
            "carrier_ip": "",
            "customer_owned_ip": "",
            "customer_owned_ipv4_pool": "",
            "domain": "vpc",
            "id": "eipalloc-0eeff5ba17bf32b1e",
            "instance": "",
            "network_border_group": "us-east-2",
            "network_interface": "eni-0c5a639c5ab2e1b45",
            "private_dns": "ip-10-0-101-83.us-east-2.compute.internal",
            "private_ip": "10.0.101.83",
            "public_dns": "ec2-3-140-152-59.us-east-2.compute.amazonaws.com",
            "public_ip": "3.140.152.59",
            "public_ipv4_pool": "amazon",
            "tags": {
              "Environment": "dev",
              "Name": "main-module-us-east-2a",
              "Terraform": "true"
            },
            "tags_all": {
              "Environment": "dev",
              "Name": "main-module-us-east-2a",
              "Terraform": "true"
            },
            "timeouts": null,
            "vpc": true
          },
          "sensitive_attributes": [],
          "private": "eyJlMmJmYjczMC1lY2FhLTExZTYtOGY4OC0zNDM2M2JjN2M0YzAiOnsiZGVsZXRlIjoxODAwMDAwMDAwMDAsInJlYWQiOjkwMDAwMDAwMDAwMCwidXBkYXRlIjozMDAwMDAwMDAwMDB9fQ=="
        }
      ]
    },
    {
      "module": "module.vpc",
      "mode": "managed",
      "type": "aws_internet_gateway",
      "name": "this",
      "provider": "provider[\"registry.terraform.io/hashicorp/aws\"]",
      "instances": [
        {
          "index_key": 0,
          "schema_version": 0,
          "attributes": {
            "arn": "arn:aws:ec2:us-east-2:129637475757:internet-gateway/igw-0bea9808480df7f60",
            "id": "igw-0bea9808480df7f60",
            "owner_id": "129637475757",
            "tags": {
              "Environment": "dev",
              "Name": "main-module",
              "Terraform": "true"
            },
            "tags_all": {
              "Environment": "dev",
              "Name": "main-module",
              "Terraform": "true"
            },
            "timeouts": null,
            "vpc_id": "vpc-0904bd51e64985ef2"
          },
          "sensitive_attributes": [],
          "private": "eyJlMmJmYjczMC1lY2FhLTExZTYtOGY4OC0zNDM2M2JjN2M0YzAiOnsiY3JlYXRlIjoxMjAwMDAwMDAwMDAwLCJkZWxldGUiOjEyMDAwMDAwMDAwMDAsInVwZGF0ZSI6MTIwMDAwMDAwMDAwMH19",
          "dependencies": [
            "module.vpc.aws_vpc.this",
            "module.vpc.aws_vpc_ipv4_cidr_block_association.this"
          ]
        }
      ]
    },
    {
      "module": "module.vpc",
      "mode": "managed",
      "type": "aws_nat_gateway",
      "name": "this",
      "provider": "provider[\"registry.terraform.io/hashicorp/aws\"]",
      "instances": [
        {
          "index_key": 0,
          "schema_version": 0,
          "attributes": {
            "allocation_id": "eipalloc-0eeff5ba17bf32b1e",
            "association_id": "eipassoc-0e7d590a1e2b7bc5d",
            "connectivity_type": "public",
            "id": "nat-0df860c8f8b38fb83",
            "network_interface_id": "eni-0c5a639c5ab2e1b45",
            "private_ip": "10.0.101.83",
            "public_ip": "3.140.152.59",
            "subnet_id": "subnet-0e1f9fd6293cbfe07",
            "tags": {
              "Environment": "dev",
              "Name": "main-module-us-east-2a",
              "Terraform": "true"
            },
            "tags_all": {
              "Environment": "dev",
              "Name": "main-module-us-east-2a",
              "Terraform": "true"
            }
          },
          "sensitive_attributes": [],
          "private": "bnVsbA==",
          "dependencies": [
            "module.vpc.aws_eip.nat",
            "module.vpc.aws_internet_gateway.this",
            "module.vpc.aws_subnet.public",
            "module.vpc.aws_vpc.this",
            "module.vpc.aws_vpc_ipv4_cidr_block_association.this"
          ]
        }
      ]
    },
    {
      "module": "module.vpc",
      "mode": "managed",
      "type": "aws_route",
      "name": "private_nat_gateway",
      "provider": "provider[\"registry.terraform.io/hashicorp/aws\"]",
      "instances": [
        {
          "index_key": 0,
          "schema_version": 0,
          "attributes": {
            "carrier_gateway_id": "",
            "core_network_arn": "",
            "destination_cidr_block": "0.0.0.0/0",
            "destination_ipv6_cidr_block": "",
            "destination_prefix_list_id": "",
            "egress_only_gateway_id": "",
            "gateway_id": "",
            "id": "r-rtb-0fce1c5b631e040dc1080289494",
            "instance_id": "",
            "instance_owner_id": "",
            "local_gateway_id": "",
            "nat_gateway_id": "nat-0df860c8f8b38fb83",
            "network_interface_id": "",
            "origin": "CreateRoute",
            "route_table_id": "rtb-0fce1c5b631e040dc",
            "state": "active",
            "timeouts": {
              "create": "5m",
              "delete": null,
              "update": null
            },
            "transit_gateway_id": "",
            "vpc_endpoint_id": "",
            "vpc_peering_connection_id": ""
          },
          "sensitive_attributes": [],
          "private": "eyJlMmJmYjczMC1lY2FhLTExZTYtOGY4OC0zNDM2M2JjN2M0YzAiOnsiY3JlYXRlIjozMDAwMDAwMDAwMDAsImRlbGV0ZSI6MzAwMDAwMDAwMDAwLCJ1cGRhdGUiOjEyMDAwMDAwMDAwMH19",
          "dependencies": [
            "module.vpc.aws_eip.nat",
            "module.vpc.aws_internet_gateway.this",
            "module.vpc.aws_nat_gateway.this",
            "module.vpc.aws_route_table.private",
            "module.vpc.aws_subnet.public",
            "module.vpc.aws_vpc.this",
            "module.vpc.aws_vpc_ipv4_cidr_block_association.this"
          ]
        }
      ]
    },
    {
      "module": "module.vpc",
      "mode": "managed",
      "type": "aws_route",
      "name": "public_internet_gateway",
      "provider": "provider[\"registry.terraform.io/hashicorp/aws\"]",
      "instances": [
        {
          "index_key": 0,
          "schema_version": 0,
          "attributes": {
            "carrier_gateway_id": "",
            "core_network_arn": "",
            "destination_cidr_block": "0.0.0.0/0",
            "destination_ipv6_cidr_block": "",
            "destination_prefix_list_id": "",
            "egress_only_gateway_id": "",
            "gateway_id": "igw-0bea9808480df7f60",
            "id": "r-rtb-0935ab41be31991c71080289494",
            "instance_id": "",
            "instance_owner_id": "",
            "local_gateway_id": "",
            "nat_gateway_id": "",
            "network_interface_id": "",
            "origin": "CreateRoute",
            "route_table_id": "rtb-0935ab41be31991c7",
            "state": "active",
            "timeouts": {
              "create": "5m",
              "delete": null,
              "update": null
            },
            "transit_gateway_id": "",
            "vpc_endpoint_id": "",
            "vpc_peering_connection_id": ""
          },
          "sensitive_attributes": [],
          "private": "eyJlMmJmYjczMC1lY2FhLTExZTYtOGY4OC0zNDM2M2JjN2M0YzAiOnsiY3JlYXRlIjozMDAwMDAwMDAwMDAsImRlbGV0ZSI6MzAwMDAwMDAwMDAwLCJ1cGRhdGUiOjEyMDAwMDAwMDAwMH19",
          "dependencies": [
            "module.vpc.aws_internet_gateway.this",
            "module.vpc.aws_route_table.public",
            "module.vpc.aws_vpc.this",
            "module.vpc.aws_vpc_ipv4_cidr_block_association.this"
          ]
        }
      ]
    },
    {
      "module": "module.vpc",
      "mode": "managed",
      "type": "aws_route_table",
      "name": "private",
      "provider": "provider[\"registry.terraform.io/hashicorp/aws\"]",
      "instances": [
        {
          "index_key": 0,
          "schema_version": 0,
          "attributes": {
            "arn": "arn:aws:ec2:us-east-2:129637475757:route-table/rtb-0fce1c5b631e040dc",
            "id": "rtb-0fce1c5b631e040dc",
            "owner_id": "129637475757",
            "propagating_vgws": [],
            "route": [
              {
                "carrier_gateway_id": "",
                "cidr_block": "0.0.0.0/0",
                "core_network_arn": "",
                "destination_prefix_list_id": "",
                "egress_only_gateway_id": "",
                "gateway_id": "",
                "instance_id": "",
                "ipv6_cidr_block": "",
                "local_gateway_id": "",
                "nat_gateway_id": "nat-0df860c8f8b38fb83",
                "network_interface_id": "",
                "transit_gateway_id": "",
                "vpc_endpoint_id": "",
                "vpc_peering_connection_id": ""
              }
            ],
            "tags": {
              "Environment": "dev",
              "Name": "main-module-private",
              "Terraform": "true"
            },
            "tags_all": {
              "Environment": "dev",
              "Name": "main-module-private",
              "Terraform": "true"
            },
            "timeouts": null,
            "vpc_id": "vpc-0904bd51e64985ef2"
          },
          "sensitive_attributes": [],
          "private": "eyJlMmJmYjczMC1lY2FhLTExZTYtOGY4OC0zNDM2M2JjN2M0YzAiOnsiY3JlYXRlIjozMDAwMDAwMDAwMDAsImRlbGV0ZSI6MzAwMDAwMDAwMDAwLCJ1cGRhdGUiOjEyMDAwMDAwMDAwMH19",
          "dependencies": [
            "module.vpc.aws_vpc.this",
            "module.vpc.aws_vpc_ipv4_cidr_block_association.this"
          ]
        }
      ]
    },
    {
      "module": "module.vpc",
      "mode": "managed",
      "type": "aws_route_table",
      "name": "public",
      "provider": "provider[\"registry.terraform.io/hashicorp/aws\"]",
      "instances": [
        {
          "index_key": 0,
          "schema_version": 0,
          "attributes": {
            "arn": "arn:aws:ec2:us-east-2:129637475757:route-table/rtb-0935ab41be31991c7",
            "id": "rtb-0935ab41be31991c7",
            "owner_id": "129637475757",
            "propagating_vgws": [],
            "route": [
              {
                "carrier_gateway_id": "",
                "cidr_block": "0.0.0.0/0",
                "core_network_arn": "",
                "destination_prefix_list_id": "",
                "egress_only_gateway_id": "",
                "gateway_id": "igw-0bea9808480df7f60",
                "instance_id": "",
                "ipv6_cidr_block": "",
                "local_gateway_id": "",
                "nat_gateway_id": "",
                "network_interface_id": "",
                "transit_gateway_id": "",
                "vpc_endpoint_id": "",
                "vpc_peering_connection_id": ""
              }
            ],
            "tags": {
              "Environment": "dev",
              "Name": "main-module-public",
              "Terraform": "true"
            },
            "tags_all": {
              "Environment": "dev",
              "Name": "main-module-public",
              "Terraform": "true"
            },
            "timeouts": null,
            "vpc_id": "vpc-0904bd51e64985ef2"
          },
          "sensitive_attributes": [],
          "private": "eyJlMmJmYjczMC1lY2FhLTExZTYtOGY4OC0zNDM2M2JjN2M0YzAiOnsiY3JlYXRlIjozMDAwMDAwMDAwMDAsImRlbGV0ZSI6MzAwMDAwMDAwMDAwLCJ1cGRhdGUiOjEyMDAwMDAwMDAwMH19",
          "dependencies": [
            "module.vpc.aws_vpc.this",
            "module.vpc.aws_vpc_ipv4_cidr_block_association.this"
          ]
        }
      ]
    },
    {
      "module": "module.vpc",
      "mode": "managed",
      "type": "aws_route_table_association",
      "name": "private",
      "provider": "provider[\"registry.terraform.io/hashicorp/aws\"]",
      "instances": [
        {
          "index_key": 0,
          "schema_version": 0,
          "attributes": {
            "gateway_id": "",
            "id": "rtbassoc-077a9c6a902315567",
            "route_table_id": "rtb-0fce1c5b631e040dc",
            "subnet_id": "subnet-008231e027b7dfa2b",
            "timeouts": null
          },
          "sensitive_attributes": [],
          "private": "eyJlMmJmYjczMC1lY2FhLTExZTYtOGY4OC0zNDM2M2JjN2M0YzAiOnsiY3JlYXRlIjozMDAwMDAwMDAwMDAsImRlbGV0ZSI6MzAwMDAwMDAwMDAwLCJ1cGRhdGUiOjEyMDAwMDAwMDAwMH19",
          "dependencies": [
            "module.vpc.aws_route_table.private",
            "module.vpc.aws_subnet.private",
            "module.vpc.aws_vpc.this",
            "module.vpc.aws_vpc_ipv4_cidr_block_association.this"
          ]
        },
        {
          "index_key": 1,
          "schema_version": 0,
          "attributes": {
            "gateway_id": "",
            "id": "rtbassoc-0a8331fc9c3b62cd2",
            "route_table_id": "rtb-0fce1c5b631e040dc",
            "subnet_id": "subnet-020245063b6f8b3ed",
            "timeouts": null
          },
          "sensitive_attributes": [],
          "private": "eyJlMmJmYjczMC1lY2FhLTExZTYtOGY4OC0zNDM2M2JjN2M0YzAiOnsiY3JlYXRlIjozMDAwMDAwMDAwMDAsImRlbGV0ZSI6MzAwMDAwMDAwMDAwLCJ1cGRhdGUiOjEyMDAwMDAwMDAwMH19",
          "dependencies": [
            "module.vpc.aws_route_table.private",
            "module.vpc.aws_subnet.private",
            "module.vpc.aws_vpc.this",
            "module.vpc.aws_vpc_ipv4_cidr_block_association.this"
          ]
        },
        {
          "index_key": 2,
          "schema_version": 0,
          "attributes": {
            "gateway_id": "",
            "id": "rtbassoc-094fec7c14bcff52f",
            "route_table_id": "rtb-0fce1c5b631e040dc",
            "subnet_id": "subnet-061e4bd63b10b1b23",
            "timeouts": null
          },
          "sensitive_attributes": [],
          "private": "eyJlMmJmYjczMC1lY2FhLTExZTYtOGY4OC0zNDM2M2JjN2M0YzAiOnsiY3JlYXRlIjozMDAwMDAwMDAwMDAsImRlbGV0ZSI6MzAwMDAwMDAwMDAwLCJ1cGRhdGUiOjEyMDAwMDAwMDAwMH19",
          "dependencies": [
            "module.vpc.aws_route_table.private",
            "module.vpc.aws_subnet.private",
            "module.vpc.aws_vpc.this",
            "module.vpc.aws_vpc_ipv4_cidr_block_association.this"
          ]
        }
      ]
    },
    {
      "module": "module.vpc",
      "mode": "managed",
      "type": "aws_route_table_association",
      "name": "public",
      "provider": "provider[\"registry.terraform.io/hashicorp/aws\"]",
      "instances": [
        {
          "index_key": 0,
          "schema_version": 0,
          "attributes": {
            "gateway_id": "",
            "id": "rtbassoc-008028555d6e6f17f",
            "route_table_id": "rtb-0935ab41be31991c7",
            "subnet_id": "subnet-0e1f9fd6293cbfe07",
            "timeouts": null
          },
          "sensitive_attributes": [],
          "private": "eyJlMmJmYjczMC1lY2FhLTExZTYtOGY4OC0zNDM2M2JjN2M0YzAiOnsiY3JlYXRlIjozMDAwMDAwMDAwMDAsImRlbGV0ZSI6MzAwMDAwMDAwMDAwLCJ1cGRhdGUiOjEyMDAwMDAwMDAwMH19",
          "dependencies": [
            "module.vpc.aws_route_table.public",
            "module.vpc.aws_subnet.public",
            "module.vpc.aws_vpc.this",
            "module.vpc.aws_vpc_ipv4_cidr_block_association.this"
          ]
        },
        {
          "index_key": 1,
          "schema_version": 0,
          "attributes": {
            "gateway_id": "",
            "id": "rtbassoc-05d361c31a7b911d1",
            "route_table_id": "rtb-0935ab41be31991c7",
            "subnet_id": "subnet-0ebf1c790dc169059",
            "timeouts": null
          },
          "sensitive_attributes": [],
          "private": "eyJlMmJmYjczMC1lY2FhLTExZTYtOGY4OC0zNDM2M2JjN2M0YzAiOnsiY3JlYXRlIjozMDAwMDAwMDAwMDAsImRlbGV0ZSI6MzAwMDAwMDAwMDAwLCJ1cGRhdGUiOjEyMDAwMDAwMDAwMH19",
          "dependencies": [
            "module.vpc.aws_route_table.public",
            "module.vpc.aws_subnet.public",
            "module.vpc.aws_vpc.this",
            "module.vpc.aws_vpc_ipv4_cidr_block_association.this"
          ]
        },
        {
          "index_key": 2,
          "schema_version": 0,
          "attributes": {
            "gateway_id": "",
            "id": "rtbassoc-0d07ef8492dd3edf1",
            "route_table_id": "rtb-0935ab41be31991c7",
            "subnet_id": "subnet-0754ea9eecd7a269b",
            "timeouts": null
          },
          "sensitive_attributes": [],
          "private": "eyJlMmJmYjczMC1lY2FhLTExZTYtOGY4OC0zNDM2M2JjN2M0YzAiOnsiY3JlYXRlIjozMDAwMDAwMDAwMDAsImRlbGV0ZSI6MzAwMDAwMDAwMDAwLCJ1cGRhdGUiOjEyMDAwMDAwMDAwMH19",
          "dependencies": [
            "module.vpc.aws_route_table.public",
            "module.vpc.aws_subnet.public",
            "module.vpc.aws_vpc.this",
            "module.vpc.aws_vpc_ipv4_cidr_block_association.this"
          ]
        }
      ]
    },
    {
      "module": "module.vpc",
      "mode": "managed",
      "type": "aws_subnet",
      "name": "private",
      "provider": "provider[\"registry.terraform.io/hashicorp/aws\"]",
      "instances": [
        {
          "index_key": 0,
          "schema_version": 1,
          "attributes": {
            "arn": "arn:aws:ec2:us-east-2:129637475757:subnet/subnet-008231e027b7dfa2b",
            "assign_ipv6_address_on_creation": false,
            "availability_zone": "us-east-2a",
            "availability_zone_id": "use2-az1",
            "cidr_block": "10.0.1.0/24",
            "customer_owned_ipv4_pool": "",
            "enable_dns64": false,
            "enable_lni_at_device_index": 0,
            "enable_resource_name_dns_a_record_on_launch": false,
            "enable_resource_name_dns_aaaa_record_on_launch": false,
            "id": "subnet-008231e027b7dfa2b",
            "ipv6_cidr_block": "",
            "ipv6_cidr_block_association_id": "",
            "ipv6_native": false,
            "map_customer_owned_ip_on_launch": false,
            "map_public_ip_on_launch": false,
            "outpost_arn": "",
            "owner_id": "129637475757",
            "private_dns_hostname_type_on_launch": "ip-name",
            "tags": {
              "Environment": "dev",
              "Name": "main-module-private-us-east-2a",
              "Terraform": "true",
              "kubernetes.io/cluster/dev-demo": "shared",
              "kubernetes.io/role/internal-elb": "1"
            },
            "tags_all": {
              "Environment": "dev",
              "Name": "main-module-private-us-east-2a",
              "Terraform": "true",
              "kubernetes.io/cluster/dev-demo": "shared",
              "kubernetes.io/role/internal-elb": "1"
            },
            "timeouts": null,
            "vpc_id": "vpc-0904bd51e64985ef2"
          },
          "sensitive_attributes": [],
          "private": "eyJlMmJmYjczMC1lY2FhLTExZTYtOGY4OC0zNDM2M2JjN2M0YzAiOnsiY3JlYXRlIjo2MDAwMDAwMDAwMDAsImRlbGV0ZSI6MTIwMDAwMDAwMDAwMH0sInNjaGVtYV92ZXJzaW9uIjoiMSJ9",
          "dependencies": [
            "module.vpc.aws_vpc.this",
            "module.vpc.aws_vpc_ipv4_cidr_block_association.this"
          ],
          "create_before_destroy": true
        },
        {
          "index_key": 1,
          "schema_version": 1,
          "attributes": {
            "arn": "arn:aws:ec2:us-east-2:129637475757:subnet/subnet-020245063b6f8b3ed",
            "assign_ipv6_address_on_creation": false,
            "availability_zone": "us-east-2b",
            "availability_zone_id": "use2-az2",
            "cidr_block": "10.0.2.0/24",
            "customer_owned_ipv4_pool": "",
            "enable_dns64": false,
            "enable_lni_at_device_index": 0,
            "enable_resource_name_dns_a_record_on_launch": false,
            "enable_resource_name_dns_aaaa_record_on_launch": false,
            "id": "subnet-020245063b6f8b3ed",
            "ipv6_cidr_block": "",
            "ipv6_cidr_block_association_id": "",
            "ipv6_native": false,
            "map_customer_owned_ip_on_launch": false,
            "map_public_ip_on_launch": false,
            "outpost_arn": "",
            "owner_id": "129637475757",
            "private_dns_hostname_type_on_launch": "ip-name",
            "tags": {
              "Environment": "dev",
              "Name": "main-module-private-us-east-2b",
              "Terraform": "true",
              "kubernetes.io/cluster/dev-demo": "shared",
              "kubernetes.io/role/internal-elb": "1"
            },
            "tags_all": {
              "Environment": "dev",
              "Name": "main-module-private-us-east-2b",
              "Terraform": "true",
              "kubernetes.io/cluster/dev-demo": "shared",
              "kubernetes.io/role/internal-elb": "1"
            },
            "timeouts": null,
            "vpc_id": "vpc-0904bd51e64985ef2"
          },
          "sensitive_attributes": [],
          "private": "eyJlMmJmYjczMC1lY2FhLTExZTYtOGY4OC0zNDM2M2JjN2M0YzAiOnsiY3JlYXRlIjo2MDAwMDAwMDAwMDAsImRlbGV0ZSI6MTIwMDAwMDAwMDAwMH0sInNjaGVtYV92ZXJzaW9uIjoiMSJ9",
          "dependencies": [
            "module.vpc.aws_vpc.this",
            "module.vpc.aws_vpc_ipv4_cidr_block_association.this"
          ],
          "create_before_destroy": true
        },
        {
          "index_key": 2,
          "schema_version": 1,
          "attributes": {
            "arn": "arn:aws:ec2:us-east-2:129637475757:subnet/subnet-061e4bd63b10b1b23",
            "assign_ipv6_address_on_creation": false,
            "availability_zone": "us-east-2c",
            "availability_zone_id": "use2-az3",
            "cidr_block": "10.0.3.0/24",
            "customer_owned_ipv4_pool": "",
            "enable_dns64": false,
            "enable_lni_at_device_index": 0,
            "enable_resource_name_dns_a_record_on_launch": false,
            "enable_resource_name_dns_aaaa_record_on_launch": false,
            "id": "subnet-061e4bd63b10b1b23",
            "ipv6_cidr_block": "",
            "ipv6_cidr_block_association_id": "",
            "ipv6_native": false,
            "map_customer_owned_ip_on_launch": false,
            "map_public_ip_on_launch": false,
            "outpost_arn": "",
            "owner_id": "129637475757",
            "private_dns_hostname_type_on_launch": "ip-name",
            "tags": {
              "Environment": "dev",
              "Name": "main-module-private-us-east-2c",
              "Terraform": "true",
              "kubernetes.io/cluster/dev-demo": "shared",
              "kubernetes.io/role/internal-elb": "1"
            },
            "tags_all": {
              "Environment": "dev",
              "Name": "main-module-private-us-east-2c",
              "Terraform": "true",
              "kubernetes.io/cluster/dev-demo": "shared",
              "kubernetes.io/role/internal-elb": "1"
            },
            "timeouts": null,
            "vpc_id": "vpc-0904bd51e64985ef2"
          },
          "sensitive_attributes": [],
          "private": "eyJlMmJmYjczMC1lY2FhLTExZTYtOGY4OC0zNDM2M2JjN2M0YzAiOnsiY3JlYXRlIjo2MDAwMDAwMDAwMDAsImRlbGV0ZSI6MTIwMDAwMDAwMDAwMH0sInNjaGVtYV92ZXJzaW9uIjoiMSJ9",
          "dependencies": [
            "module.vpc.aws_vpc.this",
            "module.vpc.aws_vpc_ipv4_cidr_block_association.this"
          ],
          "create_before_destroy": true
        }
      ]
    },
    {
      "module": "module.vpc",
      "mode": "managed",
      "type": "aws_subnet",
      "name": "public",
      "provider": "provider[\"registry.terraform.io/hashicorp/aws\"]",
      "instances": [
        {
          "index_key": 0,
          "schema_version": 1,
          "attributes": {
            "arn": "arn:aws:ec2:us-east-2:129637475757:subnet/subnet-0e1f9fd6293cbfe07",
            "assign_ipv6_address_on_creation": false,
            "availability_zone": "us-east-2a",
            "availability_zone_id": "use2-az1",
            "cidr_block": "10.0.101.0/24",
            "customer_owned_ipv4_pool": "",
            "enable_dns64": false,
            "enable_lni_at_device_index": 0,
            "enable_resource_name_dns_a_record_on_launch": false,
            "enable_resource_name_dns_aaaa_record_on_launch": false,
            "id": "subnet-0e1f9fd6293cbfe07",
            "ipv6_cidr_block": "",
            "ipv6_cidr_block_association_id": "",
            "ipv6_native": false,
            "map_customer_owned_ip_on_launch": false,
            "map_public_ip_on_launch": false,
            "outpost_arn": "",
            "owner_id": "129637475757",
            "private_dns_hostname_type_on_launch": "ip-name",
            "tags": {
              "Environment": "dev",
              "Name": "main-module-public-us-east-2a",
              "Terraform": "true",
              "kubernetes.io/cluster/dev-demo": "shared",
              "kubernetes.io/role/elb": "1"
            },
            "tags_all": {
              "Environment": "dev",
              "Name": "main-module-public-us-east-2a",
              "Terraform": "true",
              "kubernetes.io/cluster/dev-demo": "shared",
              "kubernetes.io/role/elb": "1"
            },
            "timeouts": null,
            "vpc_id": "vpc-0904bd51e64985ef2"
          },
          "sensitive_attributes": [],
          "private": "eyJlMmJmYjczMC1lY2FhLTExZTYtOGY4OC0zNDM2M2JjN2M0YzAiOnsiY3JlYXRlIjo2MDAwMDAwMDAwMDAsImRlbGV0ZSI6MTIwMDAwMDAwMDAwMH0sInNjaGVtYV92ZXJzaW9uIjoiMSJ9",
          "dependencies": [
            "module.vpc.aws_vpc.this",
            "module.vpc.aws_vpc_ipv4_cidr_block_association.this"
          ]
        },
        {
          "index_key": 1,
          "schema_version": 1,
          "attributes": {
            "arn": "arn:aws:ec2:us-east-2:129637475757:subnet/subnet-0ebf1c790dc169059",
            "assign_ipv6_address_on_creation": false,
            "availability_zone": "us-east-2b",
            "availability_zone_id": "use2-az2",
            "cidr_block": "10.0.102.0/24",
            "customer_owned_ipv4_pool": "",
            "enable_dns64": false,
            "enable_lni_at_device_index": 0,
            "enable_resource_name_dns_a_record_on_launch": false,
            "enable_resource_name_dns_aaaa_record_on_launch": false,
            "id": "subnet-0ebf1c790dc169059",
            "ipv6_cidr_block": "",
            "ipv6_cidr_block_association_id": "",
            "ipv6_native": false,
            "map_customer_owned_ip_on_launch": false,
            "map_public_ip_on_launch": false,
            "outpost_arn": "",
            "owner_id": "129637475757",
            "private_dns_hostname_type_on_launch": "ip-name",
            "tags": {
              "Environment": "dev",
              "Name": "main-module-public-us-east-2b",
              "Terraform": "true",
              "kubernetes.io/cluster/dev-demo": "shared",
              "kubernetes.io/role/elb": "1"
            },
            "tags_all": {
              "Environment": "dev",
              "Name": "main-module-public-us-east-2b",
              "Terraform": "true",
              "kubernetes.io/cluster/dev-demo": "shared",
              "kubernetes.io/role/elb": "1"
            },
            "timeouts": null,
            "vpc_id": "vpc-0904bd51e64985ef2"
          },
          "sensitive_attributes": [],
          "private": "eyJlMmJmYjczMC1lY2FhLTExZTYtOGY4OC0zNDM2M2JjN2M0YzAiOnsiY3JlYXRlIjo2MDAwMDAwMDAwMDAsImRlbGV0ZSI6MTIwMDAwMDAwMDAwMH0sInNjaGVtYV92ZXJzaW9uIjoiMSJ9",
          "dependencies": [
            "module.vpc.aws_vpc.this",
            "module.vpc.aws_vpc_ipv4_cidr_block_association.this"
          ]
        },
        {
          "index_key": 2,
          "schema_version": 1,
          "attributes": {
            "arn": "arn:aws:ec2:us-east-2:129637475757:subnet/subnet-0754ea9eecd7a269b",
            "assign_ipv6_address_on_creation": false,
            "availability_zone": "us-east-2c",
            "availability_zone_id": "use2-az3",
            "cidr_block": "10.0.103.0/24",
            "customer_owned_ipv4_pool": "",
            "enable_dns64": false,
            "enable_lni_at_device_index": 0,
            "enable_resource_name_dns_a_record_on_launch": false,
            "enable_resource_name_dns_aaaa_record_on_launch": false,
            "id": "subnet-0754ea9eecd7a269b",
            "ipv6_cidr_block": "",
            "ipv6_cidr_block_association_id": "",
            "ipv6_native": false,
            "map_customer_owned_ip_on_launch": false,
            "map_public_ip_on_launch": false,
            "outpost_arn": "",
            "owner_id": "129637475757",
            "private_dns_hostname_type_on_launch": "ip-name",
            "tags": {
              "Environment": "dev",
              "Name": "main-module-public-us-east-2c",
              "Terraform": "true",
              "kubernetes.io/cluster/dev-demo": "shared",
              "kubernetes.io/role/elb": "1"
            },
            "tags_all": {
              "Environment": "dev",
              "Name": "main-module-public-us-east-2c",
              "Terraform": "true",
              "kubernetes.io/cluster/dev-demo": "shared",
              "kubernetes.io/role/elb": "1"
            },
            "timeouts": null,
            "vpc_id": "vpc-0904bd51e64985ef2"
          },
          "sensitive_attributes": [],
          "private": "eyJlMmJmYjczMC1lY2FhLTExZTYtOGY4OC0zNDM2M2JjN2M0YzAiOnsiY3JlYXRlIjo2MDAwMDAwMDAwMDAsImRlbGV0ZSI6MTIwMDAwMDAwMDAwMH0sInNjaGVtYV92ZXJzaW9uIjoiMSJ9",
          "dependencies": [
            "module.vpc.aws_vpc.this",
            "module.vpc.aws_vpc_ipv4_cidr_block_association.this"
          ]
        }
      ]
    },
    {
      "module": "module.vpc",
      "mode": "managed",
      "type": "aws_vpc",
      "name": "this",
      "provider": "provider[\"registry.terraform.io/hashicorp/aws\"]",
      "instances": [
        {
          "index_key": 0,
          "schema_version": 1,
          "attributes": {
            "arn": "arn:aws:ec2:us-east-2:129637475757:vpc/vpc-0904bd51e64985ef2",
            "assign_generated_ipv6_cidr_block": false,
            "cidr_block": "10.0.0.0/16",
            "default_network_acl_id": "acl-034758e61cddc4b1d",
            "default_route_table_id": "rtb-0b3174af4a2f9f3fb",
            "default_security_group_id": "sg-0b026b12ad0e772f7",
            "dhcp_options_id": "dopt-0b510ac70db912beb",
            "enable_classiclink": false,
            "enable_classiclink_dns_support": false,
            "enable_dns_hostnames": true,
            "enable_dns_support": true,
            "enable_network_address_usage_metrics": false,
            "id": "vpc-0904bd51e64985ef2",
            "instance_tenancy": "default",
            "ipv4_ipam_pool_id": null,
            "ipv4_netmask_length": null,
            "ipv6_association_id": "",
            "ipv6_cidr_block": "",
            "ipv6_cidr_block_network_border_group": "",
            "ipv6_ipam_pool_id": "",
            "ipv6_netmask_length": 0,
            "main_route_table_id": "rtb-0b3174af4a2f9f3fb",
            "owner_id": "129637475757",
            "tags": {
              "Environment": "dev",
              "Name": "main-module",
              "Terraform": "true"
            },
            "tags_all": {
              "Environment": "dev",
              "Name": "main-module",
              "Terraform": "true"
            }
          },
          "sensitive_attributes": [],
          "private": "eyJzY2hlbWFfdmVyc2lvbiI6IjEifQ==",
          "create_before_destroy": true
        }
      ]
    },
    {
      "module": "module.vpc",
      "mode": "managed",
      "type": "aws_vpn_gateway",
      "name": "this",
      "provider": "provider[\"registry.terraform.io/hashicorp/aws\"]",
      "instances": [
        {
          "index_key": 0,
          "schema_version": 0,
          "attributes": {
            "amazon_side_asn": "64512",
            "arn": "arn:aws:ec2:us-east-2:129637475757:vpn-gateway/vgw-0645e3ff1973bb3e3",
            "availability_zone": null,
            "id": "vgw-0645e3ff1973bb3e3",
            "tags": {
              "Environment": "dev",
              "Name": "main-module",
              "Terraform": "true"
            },
            "tags_all": {
              "Environment": "dev",
              "Name": "main-module",
              "Terraform": "true"
            },
            "vpc_id": "vpc-0904bd51e64985ef2"
          },
          "sensitive_attributes": [],
          "private": "bnVsbA==",
          "dependencies": [
            "module.vpc.aws_vpc.this",
            "module.vpc.aws_vpc_ipv4_cidr_block_association.this"
          ]
        }
      ]
    }
  ],
  "check_results": null
}
